
Microsoft Visual Studio Solution File, Format Version 12.00
# Visual Studio 14
VisualStudioVersion = 14.0.25420.1
MinimumVisualStudioVersion = 10.0.40219.1
Project("{FAE04EC0-301F-11D3-BF4B-00C04F79EFBC}") = "Proyecto5_Controles.Android", "Proyecto5-Controles\Proyecto5_Controles.Android\Proyecto5_Controles.Android.csproj", "{512FA3C0-E192-4836-B7F5-00CA7245E3BA}"
EndProject
Project("{FAE04EC0-301F-11D3-BF4B-00C04F79EFBC}") = "Proyecto5_Controles", "Proyecto5-Controles\Proyecto5_Controles\Proyecto5_Controles.csproj", "{A963E480-C80C-493D-85E7-CE335A08AB38}"
EndProject
Project("{FAE04EC0-301F-11D3-BF4B-00C04F79EFBC}") = "Proyecto5_Controles.UWP", "Proyecto5-Controles\Proyecto5_Controles.UWP\Proyecto5_Controles.UWP.csproj", "{C04C4D12-9409-46F8-A670-66B956234B73}"
EndProject
Project("{FAE04EC0-301F-11D3-BF4B-00C04F79EFBC}") = "Proyecto5_Controles.iOS", "Proyecto5-Controles\Proyecto5_Controles.iOS\Proyecto5_Controles.iOS.csproj", "{67CBAEF6-469E-4122-A1B1-D08989848A45}"
EndProject
Global
	GlobalSection(SolutionConfigurationPlatforms) = preSolution
		Ad-Hoc|Any CPU = Ad-Hoc|Any CPU
		Ad-Hoc|ARM = Ad-Hoc|ARM
		Ad-Hoc|iPhone = Ad-Hoc|iPhone
		Ad-Hoc|iPhoneSimulator = Ad-Hoc|iPhoneSimulator
		Ad-Hoc|x64 = Ad-Hoc|x64
		Ad-Hoc|x86 = Ad-Hoc|x86
		AppStore|Any CPU = AppStore|Any CPU
		AppStore|ARM = AppStore|ARM
		AppStore|iPhone = AppStore|iPhone
		AppStore|iPhoneSimulator = AppStore|iPhoneSimulator
		AppStore|x64 = AppStore|x64
		AppStore|x86 = AppStore|x86
		Debug|Any CPU = Debug|Any CPU
		Debug|ARM = Debug|ARM
		Debug|iPhone = Debug|iPhone
		Debug|iPhoneSimulator = Debug|iPhoneSimulator
		Debug|x64 = Debug|x64
		Debug|x86 = Debug|x86
		Release|Any CPU = Release|Any CPU
		Release|ARM = Release|ARM
		Release|iPhone = Release|iPhone
		Release|iPhoneSimulator = Release|iPhoneSimulator
		Release|x64 = Release|x64
		Release|x86 = Release|x86
	EndGlobalSection
	GlobalSection(ProjectConfigurationPlatforms) = postSolution
		{512FA3C0-E192-4836-B7F5-00CA7245E3BA}.Ad-Hoc|Any CPU.ActiveCfg = Release|Any CPU
		{512FA3C0-E192-4836-B7F5-00CA7245E3BA}.Ad-Hoc|Any CPU.Build.0 = Release|Any CPU
		{512FA3C0-E192-4836-B7F5-00CA7245E3BA}.Ad-Hoc|Any CPU.Deploy.0 = Release|Any CPU
		{512FA3C0-E192-4836-B7F5-00CA7245E3BA}.Ad-Hoc|ARM.ActiveCfg = Release|Any CPU
		{512FA3C0-E192-4836-B7F5-00CA7245E3BA}.Ad-Hoc|ARM.Build.0 = Release|Any CPU
		{512FA3C0-E192-4836-B7F5-00CA7245E3BA}.Ad-Hoc|ARM.Deploy.0 = Release|Any CPU
		{512FA3C0-E192-4836-B7F5-00CA7245E3BA}.Ad-Hoc|iPhone.ActiveCfg = Release|Any CPU
		{512FA3C0-E192-4836-B7F5-00CA7245E3BA}.Ad-Hoc|iPhone.Build.0 = Release|Any CPU
		{512FA3C0-E192-4836-B7F5-00CA7245E3BA}.Ad-Hoc|iPhone.Deploy.0 = Release|Any CPU
		{512FA3C0-E192-4836-B7F5-00CA7245E3BA}.Ad-Hoc|iPhoneSimulator.ActiveCfg = Release|Any CPU
		{512FA3C0-E192-4836-B7F5-00CA7245E3BA}.Ad-Hoc|iPhoneSimulator.Build.0 = Release|Any CPU
		{512FA3C0-E192-4836-B7F5-00CA7245E3BA}.Ad-Hoc|iPhoneSimulator.Deploy.0 = Release|Any CPU
		{512FA3C0-E192-4836-B7F5-00CA7245E3BA}.Ad-Hoc|x64.ActiveCfg = Release|Any CPU
		{512FA3C0-E192-4836-B7F5-00CA7245E3BA}.Ad-Hoc|x64.Build.0 = Release|Any CPU
		{512FA3C0-E192-4836-B7F5-00CA7245E3BA}.Ad-Hoc|x64.Deploy.0 = Release|Any CPU
		{512FA3C0-E192-4836-B7F5-00CA7245E3BA}.Ad-Hoc|x86.ActiveCfg = Release|Any CPU
		{512FA3C0-E192-4836-B7F5-00CA7245E3BA}.Ad-Hoc|x86.Build.0 = Release|Any CPU
		{512FA3C0-E192-4836-B7F5-00CA7245E3BA}.Ad-Hoc|x86.Deploy.0 = Release|Any CPU
		{512FA3C0-E192-4836-B7F5-00CA7245E3BA}.AppStore|Any CPU.ActiveCfg = Release|Any CPU
		{512FA3C0-E192-4836-B7F5-00CA7245E3BA}.AppStore|Any CPU.Build.0 = Release|Any CPU
		{512FA3C0-E192-4836-B7F5-00CA7245E3BA}.AppStore|Any CPU.Deploy.0 = Release|Any CPU
		{512FA3C0-E192-4836-B7F5-00CA7245E3BA}.AppStore|ARM.ActiveCfg = Release|Any CPU
		{512FA3C0-E192-4836-B7F5-00CA7245E3BA}.AppStore|ARM.Build.0 = Release|Any CPU
		{512FA3C0-E192-4836-B7F5-00CA7245E3BA}.AppStore|ARM.Deploy.0 = Release|Any CPU
		{512FA3C0-E192-4836-B7F5-00CA7245E3BA}.AppStore|iPhone.ActiveCfg = Release|Any CPU
		{512FA3C0-E192-4836-B7F5-00CA7245E3BA}.AppStore|iPhone.Build.0 = Release|Any CPU
		{512FA3C0-E192-4836-B7F5-00CA7245E3BA}.AppStore|iPhone.Deploy.0 = Release|Any CPU
		{512FA3C0-E192-4836-B7F5-00CA7245E3BA}.AppStore|iPhoneSimulator.ActiveCfg = Release|Any CPU
		{512FA3C0-E192-4836-B7F5-00CA7245E3BA}.AppStore|iPhoneSimulator.Build.0 = Release|Any CPU
		{512FA3C0-E192-4836-B7F5-00CA7245E3BA}.AppStore|iPhoneSimulator.Deploy.0 = Release|Any CPU
		{512FA3C0-E192-4836-B7F5-00CA7245E3BA}.AppStore|x64.ActiveCfg = Release|Any CPU
		{512FA3C0-E192-4836-B7F5-00CA7245E3BA}.AppStore|x64.Build.0 = Release|Any CPU
		{512FA3C0-E192-4836-B7F5-00CA7245E3BA}.AppStore|x64.Deploy.0 = Release|Any CPU
		{512FA3C0-E192-4836-B7F5-00CA7245E3BA}.AppStore|x86.ActiveCfg = Release|Any CPU
		{512FA3C0-E192-4836-B7F5-00CA7245E3BA}.AppStore|x86.Build.0 = Release|Any CPU
		{512FA3C0-E192-4836-B7F5-00CA7245E3BA}.AppStore|x86.Deploy.0 = Release|Any CPU
		{512FA3C0-E192-4836-B7F5-00CA7245E3BA}.Debug|Any CPU.ActiveCfg = Debug|Any CPU
		{512FA3C0-E192-4836-B7F5-00CA7245E3BA}.Debug|Any CPU.Build.0 = Debug|Any CPU
		{512FA3C0-E192-4836-B7F5-00CA7245E3BA}.Debug|Any CPU.Deploy.0 = Debug|Any CPU
		{512FA3C0-E192-4836-B7F5-00CA7245E3BA}.Debug|ARM.ActiveCfg = Debug|Any CPU
		{512FA3C0-E192-4836-B7F5-00CA7245E3BA}.Debug|ARM.Build.0 = Debug|Any CPU
		{512FA3C0-E192-4836-B7F5-00CA7245E3BA}.Debug|ARM.Deploy.0 = Debug|Any CPU
		{512FA3C0-E192-4836-B7F5-00CA7245E3BA}.Debug|iPhone.ActiveCfg = Debug|Any CPU
		{512FA3C0-E192-4836-B7F5-00CA7245E3BA}.Debug|iPhone.Build.0 = Debug|Any CPU
		{512FA3C0-E192-4836-B7F5-00CA7245E3BA}.Debug|iPhone.Deploy.0 = Debug|Any CPU
		{512FA3C0-E192-4836-B7F5-00CA7245E3BA}.Debug|iPhoneSimulator.ActiveCfg = Debug|Any CPU
		{512FA3C0-E192-4836-B7F5-00CA7245E3BA}.Debug|iPhoneSimulator.Build.0 = Debug|Any CPU
		{512FA3C0-E192-4836-B7F5-00CA7245E3BA}.Debug|iPhoneSimulator.Deploy.0 = Debug|Any CPU
		{512FA3C0-E192-4836-B7F5-00CA7245E3BA}.Debug|x64.ActiveCfg = Debug|Any CPU
		{512FA3C0-E192-4836-B7F5-00CA7245E3BA}.Debug|x64.Build.0 = Debug|Any CPU
		{512FA3C0-E192-4836-B7F5-00CA7245E3BA}.Debug|x64.Deploy.0 = Debug|Any CPU
		{512FA3C0-E192-4836-B7F5-00CA7245E3BA}.Debug|x86.ActiveCfg = Debug|Any CPU
		{512FA3C0-E192-4836-B7F5-00CA7245E3BA}.Debug|x86.Build.0 = Debug|Any CPU
		{512FA3C0-E192-4836-B7F5-00CA7245E3BA}.Debug|x86.Deploy.0 = Debug|Any CPU
		{512FA3C0-E192-4836-B7F5-00CA7245E3BA}.Release|Any CPU.ActiveCfg = Release|Any CPU
		{512FA3C0-E192-4836-B7F5-00CA7245E3BA}.Release|Any CPU.Build.0 = Release|Any CPU
		{512FA3C0-E192-4836-B7F5-00CA7245E3BA}.Release|Any CPU.Deploy.0 = Release|Any CPU
		{512FA3C0-E192-4836-B7F5-00CA7245E3BA}.Release|ARM.ActiveCfg = Release|Any CPU
		{512FA3C0-E192-4836-B7F5-00CA7245E3BA}.Release|ARM.Build.0 = Release|Any CPU
		{512FA3C0-E192-4836-B7F5-00CA7245E3BA}.Release|ARM.Deploy.0 = Release|Any CPU
		{512FA3C0-E192-4836-B7F5-00CA7245E3BA}.Release|iPhone.ActiveCfg = Release|Any CPU
		{512FA3C0-E192-4836-B7F5-00CA7245E3BA}.Release|iPhone.Build.0 = Release|Any CPU
		{512FA3C0-E192-4836-B7F5-00CA7245E3BA}.Release|iPhone.Deploy.0 = Release|Any CPU
		{512FA3C0-E192-4836-B7F5-00CA7245E3BA}.Release|iPhoneSimulator.ActiveCfg = Release|Any CPU
		{512FA3C0-E192-4836-B7F5-00CA7245E3BA}.Release|iPhoneSimulator.Build.0 = Release|Any CPU
		{512FA3C0-E192-4836-B7F5-00CA7245E3BA}.Release|iPhoneSimulator.Deploy.0 = Release|Any CPU
		{512FA3C0-E192-4836-B7F5-00CA7245E3BA}.Release|x64.ActiveCfg = Release|Any CPU
		{512FA3C0-E192-4836-B7F5-00CA7245E3BA}.Release|x64.Build.0 = Release|Any CPU
		{512FA3C0-E192-4836-B7F5-00CA7245E3BA}.Release|x64.Deploy.0 = Release|Any CPU
		{512FA3C0-E192-4836-B7F5-00CA7245E3BA}.Release|x86.ActiveCfg = Release|Any CPU
		{512FA3C0-E192-4836-B7F5-00CA7245E3BA}.Release|x86.Build.0 = Release|Any CPU
		{512FA3C0-E192-4836-B7F5-00CA7245E3BA}.Release|x86.Deploy.0 = Release|Any CPU
		{A963E480-C80C-493D-85E7-CE335A08AB38}.Ad-Hoc|Any CPU.ActiveCfg = Release|Any CPU
		{A963E480-C80C-493D-85E7-CE335A08AB38}.Ad-Hoc|Any CPU.Build.0 = Release|Any CPU
		{A963E480-C80C-493D-85E7-CE335A08AB38}.Ad-Hoc|ARM.ActiveCfg = Release|Any CPU
		{A963E480-C80C-493D-85E7-CE335A08AB38}.Ad-Hoc|ARM.Build.0 = Release|Any CPU
		{A963E480-C80C-493D-85E7-CE335A08AB38}.Ad-Hoc|iPhone.ActiveCfg = Release|Any CPU
		{A963E480-C80C-493D-85E7-CE335A08AB38}.Ad-Hoc|iPhone.Build.0 = Release|Any CPU
		{A963E480-C80C-493D-85E7-CE335A08AB38}.Ad-Hoc|iPhoneSimulator.ActiveCfg = Release|Any CPU
		{A963E480-C80C-493D-85E7-CE335A08AB38}.Ad-Hoc|iPhoneSimulator.Build.0 = Release|Any CPU
		{A963E480-C80C-493D-85E7-CE335A08AB38}.Ad-Hoc|x64.ActiveCfg = Release|Any CPU
		{A963E480-C80C-493D-85E7-CE335A08AB38}.Ad-Hoc|x64.Build.0 = Release|Any CPU
		{A963E480-C80C-493D-85E7-CE335A08AB38}.Ad-Hoc|x86.ActiveCfg = Release|Any CPU
		{A963E480-C80C-493D-85E7-CE335A08AB38}.Ad-Hoc|x86.Build.0 = Release|Any CPU
		{A963E480-C80C-493D-85E7-CE335A08AB38}.AppStore|Any CPU.ActiveCfg = Release|Any CPU
		{A963E480-C80C-493D-85E7-CE335A08AB38}.AppStore|Any CPU.Build.0 = Release|Any CPU
		{A963E480-C80C-493D-85E7-CE335A08AB38}.AppStore|ARM.ActiveCfg = Release|Any CPU
		{A963E480-C80C-493D-85E7-CE335A08AB38}.AppStore|ARM.Build.0 = Release|Any CPU
		{A963E480-C80C-493D-85E7-CE335A08AB38}.AppStore|iPhone.ActiveCfg = Release|Any CPU
		{A963E480-C80C-493D-85E7-CE335A08AB38}.AppStore|iPhone.Build.0 = Release|Any CPU
		{A963E480-C80C-493D-85E7-CE335A08AB38}.AppStore|iPhoneSimulator.ActiveCfg = Release|Any CPU
		{A963E480-C80C-493D-85E7-CE335A08AB38}.AppStore|iPhoneSimulator.Build.0 = Release|Any CPU
		{A963E480-C80C-493D-85E7-CE335A08AB38}.AppStore|x64.ActiveCfg = Release|Any CPU
		{A963E480-C80C-493D-85E7-CE335A08AB38}.AppStore|x64.Build.0 = Release|Any CPU
		{A963E480-C80C-493D-85E7-CE335A08AB38}.AppStore|x86.ActiveCfg = Release|Any CPU
		{A963E480-C80C-493D-85E7-CE335A08AB38}.AppStore|x86.Build.0 = Release|Any CPU
		{A963E480-C80C-493D-85E7-CE335A08AB38}.Debug|Any CPU.ActiveCfg = Debug|Any CPU
		{A963E480-C80C-493D-85E7-CE335A08AB38}.Debug|Any CPU.Build.0 = Debug|Any CPU
		{A963E480-C80C-493D-85E7-CE335A08AB38}.Debug|ARM.ActiveCfg = Debug|Any CPU
		{A963E480-C80C-493D-85E7-CE335A08AB38}.Debug|ARM.Build.0 = Debug|Any CPU
		{A963E480-C80C-493D-85E7-CE335A08AB38}.Debug|iPhone.ActiveCfg = Debug|Any CPU
		{A963E480-C80C-493D-85E7-CE335A08AB38}.Debug|iPhone.Build.0 = Debug|Any CPU
		{A963E480-C80C-493D-85E7-CE335A08AB38}.Debug|iPhoneSimulator.ActiveCfg = Debug|Any CPU
		{A963E480-C80C-493D-85E7-CE335A08AB38}.Debug|iPhoneSimulator.Build.0 = Debug|Any CPU
		{A963E480-C80C-493D-85E7-CE335A08AB38}.Debug|x64.ActiveCfg = Debug|Any CPU
		{A963E480-C80C-493D-85E7-CE335A08AB38}.Debug|x64.Build.0 = Debug|Any CPU
		{A963E480-C80C-493D-85E7-CE335A08AB38}.Debug|x86.ActiveCfg = Debug|Any CPU
		{A963E480-C80C-493D-85E7-CE335A08AB38}.Debug|x86.Build.0 = Debug|Any CPU
		{A963E480-C80C-493D-85E7-CE335A08AB38}.Release|Any CPU.ActiveCfg = Release|Any CPU
		{A963E480-C80C-493D-85E7-CE335A08AB38}.Release|Any CPU.Build.0 = Release|Any CPU
		{A963E480-C80C-493D-85E7-CE335A08AB38}.Release|ARM.ActiveCfg = Release|Any CPU
		{A963E480-C80C-493D-85E7-CE335A08AB38}.Release|ARM.Build.0 = Release|Any CPU
		{A963E480-C80C-493D-85E7-CE335A08AB38}.Release|iPhone.ActiveCfg = Release|Any CPU
		{A963E480-C80C-493D-85E7-CE335A08AB38}.Release|iPhone.Build.0 = Release|Any CPU
		{A963E480-C80C-493D-85E7-CE335A08AB38}.Release|iPhoneSimulator.ActiveCfg = Release|Any CPU
		{A963E480-C80C-493D-85E7-CE335A08AB38}.Release|iPhoneSimulator.Build.0 = Release|Any CPU
		{A963E480-C80C-493D-85E7-CE335A08AB38}.Release|x64.ActiveCfg = Release|Any CPU
		{A963E480-C80C-493D-85E7-CE335A08AB38}.Release|x64.Build.0 = Release|Any CPU
		{A963E480-C80C-493D-85E7-CE335A08AB38}.Release|x86.ActiveCfg = Release|Any CPU
		{A963E480-C80C-493D-85E7-CE335A08AB38}.Release|x86.Build.0 = Release|Any CPU
		{C04C4D12-9409-46F8-A670-66B956234B73}.Ad-Hoc|Any CPU.ActiveCfg = Release|x86
		{C04C4D12-9409-46F8-A670-66B956234B73}.Ad-Hoc|Any CPU.Build.0 = Release|x86
		{C04C4D12-9409-46F8-A670-66B956234B73}.Ad-Hoc|Any CPU.Deploy.0 = Release|x86
		{C04C4D12-9409-46F8-A670-66B956234B73}.Ad-Hoc|ARM.ActiveCfg = Release|ARM
		{C04C4D12-9409-46F8-A670-66B956234B73}.Ad-Hoc|ARM.Build.0 = Release|ARM
		{C04C4D12-9409-46F8-A670-66B956234B73}.Ad-Hoc|ARM.Deploy.0 = Release|ARM
		{C04C4D12-9409-46F8-A670-66B956234B73}.Ad-Hoc|iPhone.ActiveCfg = Release|x86
		{C04C4D12-9409-46F8-A670-66B956234B73}.Ad-Hoc|iPhone.Build.0 = Release|x86
		{C04C4D12-9409-46F8-A670-66B956234B73}.Ad-Hoc|iPhone.Deploy.0 = Release|x86
		{C04C4D12-9409-46F8-A670-66B956234B73}.Ad-Hoc|iPhoneSimulator.ActiveCfg = Release|x86
		{C04C4D12-9409-46F8-A670-66B956234B73}.Ad-Hoc|iPhoneSimulator.Build.0 = Release|x86
		{C04C4D12-9409-46F8-A670-66B956234B73}.Ad-Hoc|iPhoneSimulator.Deploy.0 = Release|x86
		{C04C4D12-9409-46F8-A670-66B956234B73}.Ad-Hoc|x64.ActiveCfg = Release|x64
		{C04C4D12-9409-46F8-A670-66B956234B73}.Ad-Hoc|x64.Build.0 = Release|x64
		{C04C4D12-9409-46F8-A670-66B956234B73}.Ad-Hoc|x64.Deploy.0 = Release|x64
		{C04C4D12-9409-46F8-A670-66B956234B73}.Ad-Hoc|x86.ActiveCfg = Release|x86
		{C04C4D12-9409-46F8-A670-66B956234B73}.Ad-Hoc|x86.Build.0 = Release|x86
		{C04C4D12-9409-46F8-A670-66B956234B73}.Ad-Hoc|x86.Deploy.0 = Release|x86
		{C04C4D12-9409-46F8-A670-66B956234B73}.AppStore|Any CPU.ActiveCfg = Release|x86
		{C04C4D12-9409-46F8-A670-66B956234B73}.AppStore|Any CPU.Build.0 = Release|x86
		{C04C4D12-9409-46F8-A670-66B956234B73}.AppStore|Any CPU.Deploy.0 = Release|x86
		{C04C4D12-9409-46F8-A670-66B956234B73}.AppStore|ARM.ActiveCfg = Release|ARM
		{C04C4D12-9409-46F8-A670-66B956234B73}.AppStore|ARM.Build.0 = Release|ARM
		{C04C4D12-9409-46F8-A670-66B956234B73}.AppStore|ARM.Deploy.0 = Release|ARM
		{C04C4D12-9409-46F8-A670-66B956234B73}.AppStore|iPhone.ActiveCfg = Release|x86
		{C04C4D12-9409-46F8-A670-66B956234B73}.AppStore|iPhone.Build.0 = Release|x86
		{C04C4D12-9409-46F8-A670-66B956234B73}.AppStore|iPhone.Deploy.0 = Release|x86
		{C04C4D12-9409-46F8-A670-66B956234B73}.AppStore|iPhoneSimulator.ActiveCfg = Release|x86
		{C04C4D12-9409-46F8-A670-66B956234B73}.AppStore|iPhoneSimulator.Build.0 = Release|x86
		{C04C4D12-9409-46F8-A670-66B956234B73}.AppStore|iPhoneSimulator.Deploy.0 = Release|x86
		{C04C4D12-9409-46F8-A670-66B956234B73}.AppStore|x64.ActiveCfg = Release|x64
		{C04C4D12-9409-46F8-A670-66B956234B73}.AppStore|x64.Build.0 = Release|x64
		{C04C4D12-9409-46F8-A670-66B956234B73}.AppStore|x64.Deploy.0 = Release|x64
		{C04C4D12-9409-46F8-A670-66B956234B73}.AppStore|x86.ActiveCfg = Release|x86
		{C04C4D12-9409-46F8-A670-66B956234B73}.AppStore|x86.Build.0 = Release|x86
		{C04C4D12-9409-46F8-A670-66B956234B73}.AppStore|x86.Deploy.0 = Release|x86
		{C04C4D12-9409-46F8-A670-66B956234B73}.Debug|Any CPU.ActiveCfg = Debug|x86
		{C04C4D12-9409-46F8-A670-66B956234B73}.Debug|ARM.ActiveCfg = Debug|ARM
		{C04C4D12-9409-46F8-A670-66B956234B73}.Debug|ARM.Build.0 = Debug|ARM
		{C04C4D12-9409-46F8-A670-66B956234B73}.Debug|ARM.Deploy.0 = Debug|ARM
		{C04C4D12-9409-46F8-A670-66B956234B73}.Debug|iPhone.ActiveCfg = Debug|x86
		{C04C4D12-9409-46F8-A670-66B956234B73}.Debug|iPhoneSimulator.ActiveCfg = Debug|x86
		{C04C4D12-9409-46F8-A670-66B956234B73}.Debug|x64.ActiveCfg = Debug|x64
		{C04C4D12-9409-46F8-A670-66B956234B73}.Debug|x64.Build.0 = Debug|x64
		{C04C4D12-9409-46F8-A670-66B956234B73}.Debug|x64.Deploy.0 = Debug|x64
		{C04C4D12-9409-46F8-A670-66B956234B73}.Debug|x86.ActiveCfg = Debug|x86
		{C04C4D12-9409-46F8-A670-66B956234B73}.Debug|x86.Build.0 = Debug|x86
		{C04C4D12-9409-46F8-A670-66B956234B73}.Debug|x86.Deploy.0 = Debug|x86
		{C04C4D12-9409-46F8-A670-66B956234B73}.Release|Any CPU.ActiveCfg = Release|x86
		{C04C4D12-9409-46F8-A670-66B956234B73}.Release|ARM.ActiveCfg = Release|ARM
		{C04C4D12-9409-46F8-A670-66B956234B73}.Release|ARM.Build.0 = Release|ARM
		{C04C4D12-9409-46F8-A670-66B956234B73}.Release|ARM.Deploy.0 = Release|ARM
		{C04C4D12-9409-46F8-A670-66B956234B73}.Release|iPhone.ActiveCfg = Release|x86
		{C04C4D12-9409-46F8-A670-66B956234B73}.Release|iPhoneSimulator.ActiveCfg = Release|x86
		{C04C4D12-9409-46F8-A670-66B956234B73}.Release|x64.ActiveCfg = Release|x64
		{C04C4D12-9409-46F8-A670-66B956234B73}.Release|x64.Build.0 = Release|x64
		{C04C4D12-9409-46F8-A670-66B956234B73}.Release|x64.Deploy.0 = Release|x64
		{C04C4D12-9409-46F8-A670-66B956234B73}.Release|x86.ActiveCfg = Release|x86
		{C04C4D12-9409-46F8-A670-66B956234B73}.Release|x86.Build.0 = Release|x86
		{C04C4D12-9409-46F8-A670-66B956234B73}.Release|x86.Deploy.0 = Release|x86
		{67CBAEF6-469E-4122-A1B1-D08989848A45}.Ad-Hoc|Any CPU.ActiveCfg = Ad-Hoc|iPhone
		{67CBAEF6-469E-4122-A1B1-D08989848A45}.Ad-Hoc|ARM.ActiveCfg = Ad-Hoc|iPhone
		{67CBAEF6-469E-4122-A1B1-D08989848A45}.Ad-Hoc|iPhone.ActiveCfg = Ad-Hoc|iPhone
		{67CBAEF6-469E-4122-A1B1-D08989848A45}.Ad-Hoc|iPhone.Build.0 = Ad-Hoc|iPhone
		{67CBAEF6-469E-4122-A1B1-D08989848A45}.Ad-Hoc|iPhoneSimulator.ActiveCfg = Ad-Hoc|iPhoneSimulator
		{67CBAEF6-469E-4122-A1B1-D08989848A45}.Ad-Hoc|iPhoneSimulator.Build.0 = Ad-Hoc|iPhoneSimulator
		{67CBAEF6-469E-4122-A1B1-D08989848A45}.Ad-Hoc|x64.ActiveCfg = Ad-Hoc|iPhone
		{67CBAEF6-469E-4122-A1B1-D08989848A45}.Ad-Hoc|x86.ActiveCfg = Ad-Hoc|iPhone
		{67CBAEF6-469E-4122-A1B1-D08989848A45}.AppStore|Any CPU.ActiveCfg = AppStore|iPhone
		{67CBAEF6-469E-4122-A1B1-D08989848A45}.AppStore|ARM.ActiveCfg = AppStore|iPhone
		{67CBAEF6-469E-4122-A1B1-D08989848A45}.AppStore|iPhone.ActiveCfg = AppStore|iPhone
		{67CBAEF6-469E-4122-A1B1-D08989848A45}.AppStore|iPhone.Build.0 = AppStore|iPhone
		{67CBAEF6-469E-4122-A1B1-D08989848A45}.AppStore|iPhoneSimulator.ActiveCfg = AppStore|iPhoneSimulator
		{67CBAEF6-469E-4122-A1B1-D08989848A45}.AppStore|iPhoneSimulator.Build.0 = AppStore|iPhoneSimulator
		{67CBAEF6-469E-4122-A1B1-D08989848A45}.AppStore|x64.ActiveCfg = AppStore|iPhone
		{67CBAEF6-469E-4122-A1B1-D08989848A45}.AppStore|x86.ActiveCfg = AppStore|iPhone
		{67CBAEF6-469E-4122-A1B1-D08989848A45}.Debug|Any CPU.ActiveCfg = Debug|iPhone
		{67CBAEF6-469E-4122-A1B1-D08989848A45}.Debug|ARM.ActiveCfg = Debug|iPhone
		{67CBAEF6-469E-4122-A1B1-D08989848A45}.Debug|iPhone.ActiveCfg = Debug|iPhone
		{67CBAEF6-469E-4122-A1B1-D08989848A45}.Debug|iPhone.Build.0 = Debug|iPhone
		{67CBAEF6-469E-4122-A1B1-D08989848A45}.Debug|iPhoneSimulator.ActiveCfg = Debug|iPhoneSimulator
		{67CBAEF6-469E-4122-A1B1-D08989848A45}.Debug|iPhoneSimulator.Build.0 = Debug|iPhoneSimulator
		{67CBAEF6-469E-4122-A1B1-D08989848A45}.Debug|x64.ActiveCfg = Debug|iPhone
		{67CBAEF6-469E-4122-A1B1-D08989848A45}.Debug|x86.ActiveCfg = Debug|iPhone
		{67CBAEF6-469E-4122-A1B1-D08989848A45}.Release|Any CPU.ActiveCfg = Release|iPhone
		{67CBAEF6-469E-4122-A1B1-D08989848A45}.Release|ARM.ActiveCfg = Release|iPhone
		{67CBAEF6-469E-4122-A1B1-D08989848A45}.Release|iPhone.ActiveCfg = Release|iPhone
		{67CBAEF6-469E-4122-A1B1-D08989848A45}.Release|iPhone.Build.0 = Release|iPhone
		{67CBAEF6-469E-4122-A1B1-D08989848A45}.Release|iPhoneSimulator.ActiveCfg = Release|iPhoneSimulator
		{67CBAEF6-469E-4122-A1B1-D08989848A45}.Release|iPhoneSimulator.Build.0 = Release|iPhoneSimulator
		{67CBAEF6-469E-4122-A1B1-D08989848A45}.Release|x64.ActiveCfg = Release|iPhone
		{67CBAEF6-469E-4122-A1B1-D08989848A45}.Release|x86.ActiveCfg = Release|iPhone
	EndGlobalSection
	GlobalSection(SolutionProperties) = preSolution
		HideSolutionNode = FALSE
	EndGlobalSection
EndGlobal
