
Microsoft Visual Studio Solution File, Format Version 12.00
# Visual Studio 14
VisualStudioVersion = 14.0.25420.1
MinimumVisualStudioVersion = 10.0.40219.1
Project("{FAE04EC0-301F-11D3-BF4B-00C04F79EFBC}") = "Proyecto4e_FramePage.Android", "Proyecto4e-FramePage\Proyecto4e_FramePage.Android\Proyecto4e_FramePage.Android.csproj", "{D25161CF-FE0E-4107-AAE1-E9E6F34DB81F}"
EndProject
Project("{FAE04EC0-301F-11D3-BF4B-00C04F79EFBC}") = "Proyecto4e_FramePage", "Proyecto4e-FramePage\Proyecto4e_FramePage\Proyecto4e_FramePage.csproj", "{0D082670-AA12-4BAC-BDBC-A05DA25BA545}"
EndProject
Project("{FAE04EC0-301F-11D3-BF4B-00C04F79EFBC}") = "Proyecto4e_FramePage.UWP", "Proyecto4e-FramePage\Proyecto4e_FramePage.UWP\Proyecto4e_FramePage.UWP.csproj", "{39DAF628-A7F9-4D45-B177-FDBB26A6BBB9}"
EndProject
Project("{FAE04EC0-301F-11D3-BF4B-00C04F79EFBC}") = "Proyecto4e_FramePage.iOS", "Proyecto4e-FramePage\Proyecto4e_FramePage.iOS\Proyecto4e_FramePage.iOS.csproj", "{0764091F-9428-48CB-9628-B88C41042872}"
EndProject
Global
	GlobalSection(SolutionConfigurationPlatforms) = preSolution
		Ad-Hoc|Any CPU = Ad-Hoc|Any CPU
		Ad-Hoc|ARM = Ad-Hoc|ARM
		Ad-Hoc|iPhone = Ad-Hoc|iPhone
		Ad-Hoc|iPhoneSimulator = Ad-Hoc|iPhoneSimulator
		Ad-Hoc|x64 = Ad-Hoc|x64
		Ad-Hoc|x86 = Ad-Hoc|x86
		AppStore|Any CPU = AppStore|Any CPU
		AppStore|ARM = AppStore|ARM
		AppStore|iPhone = AppStore|iPhone
		AppStore|iPhoneSimulator = AppStore|iPhoneSimulator
		AppStore|x64 = AppStore|x64
		AppStore|x86 = AppStore|x86
		Debug|Any CPU = Debug|Any CPU
		Debug|ARM = Debug|ARM
		Debug|iPhone = Debug|iPhone
		Debug|iPhoneSimulator = Debug|iPhoneSimulator
		Debug|x64 = Debug|x64
		Debug|x86 = Debug|x86
		Release|Any CPU = Release|Any CPU
		Release|ARM = Release|ARM
		Release|iPhone = Release|iPhone
		Release|iPhoneSimulator = Release|iPhoneSimulator
		Release|x64 = Release|x64
		Release|x86 = Release|x86
	EndGlobalSection
	GlobalSection(ProjectConfigurationPlatforms) = postSolution
		{D25161CF-FE0E-4107-AAE1-E9E6F34DB81F}.Ad-Hoc|Any CPU.ActiveCfg = Release|Any CPU
		{D25161CF-FE0E-4107-AAE1-E9E6F34DB81F}.Ad-Hoc|Any CPU.Build.0 = Release|Any CPU
		{D25161CF-FE0E-4107-AAE1-E9E6F34DB81F}.Ad-Hoc|Any CPU.Deploy.0 = Release|Any CPU
		{D25161CF-FE0E-4107-AAE1-E9E6F34DB81F}.Ad-Hoc|ARM.ActiveCfg = Release|Any CPU
		{D25161CF-FE0E-4107-AAE1-E9E6F34DB81F}.Ad-Hoc|ARM.Build.0 = Release|Any CPU
		{D25161CF-FE0E-4107-AAE1-E9E6F34DB81F}.Ad-Hoc|ARM.Deploy.0 = Release|Any CPU
		{D25161CF-FE0E-4107-AAE1-E9E6F34DB81F}.Ad-Hoc|iPhone.ActiveCfg = Release|Any CPU
		{D25161CF-FE0E-4107-AAE1-E9E6F34DB81F}.Ad-Hoc|iPhone.Build.0 = Release|Any CPU
		{D25161CF-FE0E-4107-AAE1-E9E6F34DB81F}.Ad-Hoc|iPhone.Deploy.0 = Release|Any CPU
		{D25161CF-FE0E-4107-AAE1-E9E6F34DB81F}.Ad-Hoc|iPhoneSimulator.ActiveCfg = Release|Any CPU
		{D25161CF-FE0E-4107-AAE1-E9E6F34DB81F}.Ad-Hoc|iPhoneSimulator.Build.0 = Release|Any CPU
		{D25161CF-FE0E-4107-AAE1-E9E6F34DB81F}.Ad-Hoc|iPhoneSimulator.Deploy.0 = Release|Any CPU
		{D25161CF-FE0E-4107-AAE1-E9E6F34DB81F}.Ad-Hoc|x64.ActiveCfg = Release|Any CPU
		{D25161CF-FE0E-4107-AAE1-E9E6F34DB81F}.Ad-Hoc|x64.Build.0 = Release|Any CPU
		{D25161CF-FE0E-4107-AAE1-E9E6F34DB81F}.Ad-Hoc|x64.Deploy.0 = Release|Any CPU
		{D25161CF-FE0E-4107-AAE1-E9E6F34DB81F}.Ad-Hoc|x86.ActiveCfg = Release|Any CPU
		{D25161CF-FE0E-4107-AAE1-E9E6F34DB81F}.Ad-Hoc|x86.Build.0 = Release|Any CPU
		{D25161CF-FE0E-4107-AAE1-E9E6F34DB81F}.Ad-Hoc|x86.Deploy.0 = Release|Any CPU
		{D25161CF-FE0E-4107-AAE1-E9E6F34DB81F}.AppStore|Any CPU.ActiveCfg = Release|Any CPU
		{D25161CF-FE0E-4107-AAE1-E9E6F34DB81F}.AppStore|Any CPU.Build.0 = Release|Any CPU
		{D25161CF-FE0E-4107-AAE1-E9E6F34DB81F}.AppStore|Any CPU.Deploy.0 = Release|Any CPU
		{D25161CF-FE0E-4107-AAE1-E9E6F34DB81F}.AppStore|ARM.ActiveCfg = Release|Any CPU
		{D25161CF-FE0E-4107-AAE1-E9E6F34DB81F}.AppStore|ARM.Build.0 = Release|Any CPU
		{D25161CF-FE0E-4107-AAE1-E9E6F34DB81F}.AppStore|ARM.Deploy.0 = Release|Any CPU
		{D25161CF-FE0E-4107-AAE1-E9E6F34DB81F}.AppStore|iPhone.ActiveCfg = Release|Any CPU
		{D25161CF-FE0E-4107-AAE1-E9E6F34DB81F}.AppStore|iPhone.Build.0 = Release|Any CPU
		{D25161CF-FE0E-4107-AAE1-E9E6F34DB81F}.AppStore|iPhone.Deploy.0 = Release|Any CPU
		{D25161CF-FE0E-4107-AAE1-E9E6F34DB81F}.AppStore|iPhoneSimulator.ActiveCfg = Release|Any CPU
		{D25161CF-FE0E-4107-AAE1-E9E6F34DB81F}.AppStore|iPhoneSimulator.Build.0 = Release|Any CPU
		{D25161CF-FE0E-4107-AAE1-E9E6F34DB81F}.AppStore|iPhoneSimulator.Deploy.0 = Release|Any CPU
		{D25161CF-FE0E-4107-AAE1-E9E6F34DB81F}.AppStore|x64.ActiveCfg = Release|Any CPU
		{D25161CF-FE0E-4107-AAE1-E9E6F34DB81F}.AppStore|x64.Build.0 = Release|Any CPU
		{D25161CF-FE0E-4107-AAE1-E9E6F34DB81F}.AppStore|x64.Deploy.0 = Release|Any CPU
		{D25161CF-FE0E-4107-AAE1-E9E6F34DB81F}.AppStore|x86.ActiveCfg = Release|Any CPU
		{D25161CF-FE0E-4107-AAE1-E9E6F34DB81F}.AppStore|x86.Build.0 = Release|Any CPU
		{D25161CF-FE0E-4107-AAE1-E9E6F34DB81F}.AppStore|x86.Deploy.0 = Release|Any CPU
		{D25161CF-FE0E-4107-AAE1-E9E6F34DB81F}.Debug|Any CPU.ActiveCfg = Debug|Any CPU
		{D25161CF-FE0E-4107-AAE1-E9E6F34DB81F}.Debug|Any CPU.Build.0 = Debug|Any CPU
		{D25161CF-FE0E-4107-AAE1-E9E6F34DB81F}.Debug|Any CPU.Deploy.0 = Debug|Any CPU
		{D25161CF-FE0E-4107-AAE1-E9E6F34DB81F}.Debug|ARM.ActiveCfg = Debug|Any CPU
		{D25161CF-FE0E-4107-AAE1-E9E6F34DB81F}.Debug|ARM.Build.0 = Debug|Any CPU
		{D25161CF-FE0E-4107-AAE1-E9E6F34DB81F}.Debug|ARM.Deploy.0 = Debug|Any CPU
		{D25161CF-FE0E-4107-AAE1-E9E6F34DB81F}.Debug|iPhone.ActiveCfg = Debug|Any CPU
		{D25161CF-FE0E-4107-AAE1-E9E6F34DB81F}.Debug|iPhone.Build.0 = Debug|Any CPU
		{D25161CF-FE0E-4107-AAE1-E9E6F34DB81F}.Debug|iPhone.Deploy.0 = Debug|Any CPU
		{D25161CF-FE0E-4107-AAE1-E9E6F34DB81F}.Debug|iPhoneSimulator.ActiveCfg = Debug|Any CPU
		{D25161CF-FE0E-4107-AAE1-E9E6F34DB81F}.Debug|iPhoneSimulator.Build.0 = Debug|Any CPU
		{D25161CF-FE0E-4107-AAE1-E9E6F34DB81F}.Debug|iPhoneSimulator.Deploy.0 = Debug|Any CPU
		{D25161CF-FE0E-4107-AAE1-E9E6F34DB81F}.Debug|x64.ActiveCfg = Debug|Any CPU
		{D25161CF-FE0E-4107-AAE1-E9E6F34DB81F}.Debug|x64.Build.0 = Debug|Any CPU
		{D25161CF-FE0E-4107-AAE1-E9E6F34DB81F}.Debug|x64.Deploy.0 = Debug|Any CPU
		{D25161CF-FE0E-4107-AAE1-E9E6F34DB81F}.Debug|x86.ActiveCfg = Debug|Any CPU
		{D25161CF-FE0E-4107-AAE1-E9E6F34DB81F}.Debug|x86.Build.0 = Debug|Any CPU
		{D25161CF-FE0E-4107-AAE1-E9E6F34DB81F}.Debug|x86.Deploy.0 = Debug|Any CPU
		{D25161CF-FE0E-4107-AAE1-E9E6F34DB81F}.Release|Any CPU.ActiveCfg = Release|Any CPU
		{D25161CF-FE0E-4107-AAE1-E9E6F34DB81F}.Release|Any CPU.Build.0 = Release|Any CPU
		{D25161CF-FE0E-4107-AAE1-E9E6F34DB81F}.Release|Any CPU.Deploy.0 = Release|Any CPU
		{D25161CF-FE0E-4107-AAE1-E9E6F34DB81F}.Release|ARM.ActiveCfg = Release|Any CPU
		{D25161CF-FE0E-4107-AAE1-E9E6F34DB81F}.Release|ARM.Build.0 = Release|Any CPU
		{D25161CF-FE0E-4107-AAE1-E9E6F34DB81F}.Release|ARM.Deploy.0 = Release|Any CPU
		{D25161CF-FE0E-4107-AAE1-E9E6F34DB81F}.Release|iPhone.ActiveCfg = Release|Any CPU
		{D25161CF-FE0E-4107-AAE1-E9E6F34DB81F}.Release|iPhone.Build.0 = Release|Any CPU
		{D25161CF-FE0E-4107-AAE1-E9E6F34DB81F}.Release|iPhone.Deploy.0 = Release|Any CPU
		{D25161CF-FE0E-4107-AAE1-E9E6F34DB81F}.Release|iPhoneSimulator.ActiveCfg = Release|Any CPU
		{D25161CF-FE0E-4107-AAE1-E9E6F34DB81F}.Release|iPhoneSimulator.Build.0 = Release|Any CPU
		{D25161CF-FE0E-4107-AAE1-E9E6F34DB81F}.Release|iPhoneSimulator.Deploy.0 = Release|Any CPU
		{D25161CF-FE0E-4107-AAE1-E9E6F34DB81F}.Release|x64.ActiveCfg = Release|Any CPU
		{D25161CF-FE0E-4107-AAE1-E9E6F34DB81F}.Release|x64.Build.0 = Release|Any CPU
		{D25161CF-FE0E-4107-AAE1-E9E6F34DB81F}.Release|x64.Deploy.0 = Release|Any CPU
		{D25161CF-FE0E-4107-AAE1-E9E6F34DB81F}.Release|x86.ActiveCfg = Release|Any CPU
		{D25161CF-FE0E-4107-AAE1-E9E6F34DB81F}.Release|x86.Build.0 = Release|Any CPU
		{D25161CF-FE0E-4107-AAE1-E9E6F34DB81F}.Release|x86.Deploy.0 = Release|Any CPU
		{0D082670-AA12-4BAC-BDBC-A05DA25BA545}.Ad-Hoc|Any CPU.ActiveCfg = Release|Any CPU
		{0D082670-AA12-4BAC-BDBC-A05DA25BA545}.Ad-Hoc|Any CPU.Build.0 = Release|Any CPU
		{0D082670-AA12-4BAC-BDBC-A05DA25BA545}.Ad-Hoc|ARM.ActiveCfg = Release|Any CPU
		{0D082670-AA12-4BAC-BDBC-A05DA25BA545}.Ad-Hoc|ARM.Build.0 = Release|Any CPU
		{0D082670-AA12-4BAC-BDBC-A05DA25BA545}.Ad-Hoc|iPhone.ActiveCfg = Release|Any CPU
		{0D082670-AA12-4BAC-BDBC-A05DA25BA545}.Ad-Hoc|iPhone.Build.0 = Release|Any CPU
		{0D082670-AA12-4BAC-BDBC-A05DA25BA545}.Ad-Hoc|iPhoneSimulator.ActiveCfg = Release|Any CPU
		{0D082670-AA12-4BAC-BDBC-A05DA25BA545}.Ad-Hoc|iPhoneSimulator.Build.0 = Release|Any CPU
		{0D082670-AA12-4BAC-BDBC-A05DA25BA545}.Ad-Hoc|x64.ActiveCfg = Release|Any CPU
		{0D082670-AA12-4BAC-BDBC-A05DA25BA545}.Ad-Hoc|x64.Build.0 = Release|Any CPU
		{0D082670-AA12-4BAC-BDBC-A05DA25BA545}.Ad-Hoc|x86.ActiveCfg = Release|Any CPU
		{0D082670-AA12-4BAC-BDBC-A05DA25BA545}.Ad-Hoc|x86.Build.0 = Release|Any CPU
		{0D082670-AA12-4BAC-BDBC-A05DA25BA545}.AppStore|Any CPU.ActiveCfg = Release|Any CPU
		{0D082670-AA12-4BAC-BDBC-A05DA25BA545}.AppStore|Any CPU.Build.0 = Release|Any CPU
		{0D082670-AA12-4BAC-BDBC-A05DA25BA545}.AppStore|ARM.ActiveCfg = Release|Any CPU
		{0D082670-AA12-4BAC-BDBC-A05DA25BA545}.AppStore|ARM.Build.0 = Release|Any CPU
		{0D082670-AA12-4BAC-BDBC-A05DA25BA545}.AppStore|iPhone.ActiveCfg = Release|Any CPU
		{0D082670-AA12-4BAC-BDBC-A05DA25BA545}.AppStore|iPhone.Build.0 = Release|Any CPU
		{0D082670-AA12-4BAC-BDBC-A05DA25BA545}.AppStore|iPhoneSimulator.ActiveCfg = Release|Any CPU
		{0D082670-AA12-4BAC-BDBC-A05DA25BA545}.AppStore|iPhoneSimulator.Build.0 = Release|Any CPU
		{0D082670-AA12-4BAC-BDBC-A05DA25BA545}.AppStore|x64.ActiveCfg = Release|Any CPU
		{0D082670-AA12-4BAC-BDBC-A05DA25BA545}.AppStore|x64.Build.0 = Release|Any CPU
		{0D082670-AA12-4BAC-BDBC-A05DA25BA545}.AppStore|x86.ActiveCfg = Release|Any CPU
		{0D082670-AA12-4BAC-BDBC-A05DA25BA545}.AppStore|x86.Build.0 = Release|Any CPU
		{0D082670-AA12-4BAC-BDBC-A05DA25BA545}.Debug|Any CPU.ActiveCfg = Debug|Any CPU
		{0D082670-AA12-4BAC-BDBC-A05DA25BA545}.Debug|Any CPU.Build.0 = Debug|Any CPU
		{0D082670-AA12-4BAC-BDBC-A05DA25BA545}.Debug|ARM.ActiveCfg = Debug|Any CPU
		{0D082670-AA12-4BAC-BDBC-A05DA25BA545}.Debug|ARM.Build.0 = Debug|Any CPU
		{0D082670-AA12-4BAC-BDBC-A05DA25BA545}.Debug|iPhone.ActiveCfg = Debug|Any CPU
		{0D082670-AA12-4BAC-BDBC-A05DA25BA545}.Debug|iPhone.Build.0 = Debug|Any CPU
		{0D082670-AA12-4BAC-BDBC-A05DA25BA545}.Debug|iPhoneSimulator.ActiveCfg = Debug|Any CPU
		{0D082670-AA12-4BAC-BDBC-A05DA25BA545}.Debug|iPhoneSimulator.Build.0 = Debug|Any CPU
		{0D082670-AA12-4BAC-BDBC-A05DA25BA545}.Debug|x64.ActiveCfg = Debug|Any CPU
		{0D082670-AA12-4BAC-BDBC-A05DA25BA545}.Debug|x64.Build.0 = Debug|Any CPU
		{0D082670-AA12-4BAC-BDBC-A05DA25BA545}.Debug|x86.ActiveCfg = Debug|Any CPU
		{0D082670-AA12-4BAC-BDBC-A05DA25BA545}.Debug|x86.Build.0 = Debug|Any CPU
		{0D082670-AA12-4BAC-BDBC-A05DA25BA545}.Release|Any CPU.ActiveCfg = Release|Any CPU
		{0D082670-AA12-4BAC-BDBC-A05DA25BA545}.Release|Any CPU.Build.0 = Release|Any CPU
		{0D082670-AA12-4BAC-BDBC-A05DA25BA545}.Release|ARM.ActiveCfg = Release|Any CPU
		{0D082670-AA12-4BAC-BDBC-A05DA25BA545}.Release|ARM.Build.0 = Release|Any CPU
		{0D082670-AA12-4BAC-BDBC-A05DA25BA545}.Release|iPhone.ActiveCfg = Release|Any CPU
		{0D082670-AA12-4BAC-BDBC-A05DA25BA545}.Release|iPhone.Build.0 = Release|Any CPU
		{0D082670-AA12-4BAC-BDBC-A05DA25BA545}.Release|iPhoneSimulator.ActiveCfg = Release|Any CPU
		{0D082670-AA12-4BAC-BDBC-A05DA25BA545}.Release|iPhoneSimulator.Build.0 = Release|Any CPU
		{0D082670-AA12-4BAC-BDBC-A05DA25BA545}.Release|x64.ActiveCfg = Release|Any CPU
		{0D082670-AA12-4BAC-BDBC-A05DA25BA545}.Release|x64.Build.0 = Release|Any CPU
		{0D082670-AA12-4BAC-BDBC-A05DA25BA545}.Release|x86.ActiveCfg = Release|Any CPU
		{0D082670-AA12-4BAC-BDBC-A05DA25BA545}.Release|x86.Build.0 = Release|Any CPU
		{39DAF628-A7F9-4D45-B177-FDBB26A6BBB9}.Ad-Hoc|Any CPU.ActiveCfg = Release|x86
		{39DAF628-A7F9-4D45-B177-FDBB26A6BBB9}.Ad-Hoc|Any CPU.Build.0 = Release|x86
		{39DAF628-A7F9-4D45-B177-FDBB26A6BBB9}.Ad-Hoc|Any CPU.Deploy.0 = Release|x86
		{39DAF628-A7F9-4D45-B177-FDBB26A6BBB9}.Ad-Hoc|ARM.ActiveCfg = Release|ARM
		{39DAF628-A7F9-4D45-B177-FDBB26A6BBB9}.Ad-Hoc|ARM.Build.0 = Release|ARM
		{39DAF628-A7F9-4D45-B177-FDBB26A6BBB9}.Ad-Hoc|ARM.Deploy.0 = Release|ARM
		{39DAF628-A7F9-4D45-B177-FDBB26A6BBB9}.Ad-Hoc|iPhone.ActiveCfg = Release|x86
		{39DAF628-A7F9-4D45-B177-FDBB26A6BBB9}.Ad-Hoc|iPhone.Build.0 = Release|x86
		{39DAF628-A7F9-4D45-B177-FDBB26A6BBB9}.Ad-Hoc|iPhone.Deploy.0 = Release|x86
		{39DAF628-A7F9-4D45-B177-FDBB26A6BBB9}.Ad-Hoc|iPhoneSimulator.ActiveCfg = Release|x86
		{39DAF628-A7F9-4D45-B177-FDBB26A6BBB9}.Ad-Hoc|iPhoneSimulator.Build.0 = Release|x86
		{39DAF628-A7F9-4D45-B177-FDBB26A6BBB9}.Ad-Hoc|iPhoneSimulator.Deploy.0 = Release|x86
		{39DAF628-A7F9-4D45-B177-FDBB26A6BBB9}.Ad-Hoc|x64.ActiveCfg = Release|x64
		{39DAF628-A7F9-4D45-B177-FDBB26A6BBB9}.Ad-Hoc|x64.Build.0 = Release|x64
		{39DAF628-A7F9-4D45-B177-FDBB26A6BBB9}.Ad-Hoc|x64.Deploy.0 = Release|x64
		{39DAF628-A7F9-4D45-B177-FDBB26A6BBB9}.Ad-Hoc|x86.ActiveCfg = Release|x86
		{39DAF628-A7F9-4D45-B177-FDBB26A6BBB9}.Ad-Hoc|x86.Build.0 = Release|x86
		{39DAF628-A7F9-4D45-B177-FDBB26A6BBB9}.Ad-Hoc|x86.Deploy.0 = Release|x86
		{39DAF628-A7F9-4D45-B177-FDBB26A6BBB9}.AppStore|Any CPU.ActiveCfg = Release|x86
		{39DAF628-A7F9-4D45-B177-FDBB26A6BBB9}.AppStore|Any CPU.Build.0 = Release|x86
		{39DAF628-A7F9-4D45-B177-FDBB26A6BBB9}.AppStore|Any CPU.Deploy.0 = Release|x86
		{39DAF628-A7F9-4D45-B177-FDBB26A6BBB9}.AppStore|ARM.ActiveCfg = Release|ARM
		{39DAF628-A7F9-4D45-B177-FDBB26A6BBB9}.AppStore|ARM.Build.0 = Release|ARM
		{39DAF628-A7F9-4D45-B177-FDBB26A6BBB9}.AppStore|ARM.Deploy.0 = Release|ARM
		{39DAF628-A7F9-4D45-B177-FDBB26A6BBB9}.AppStore|iPhone.ActiveCfg = Release|x86
		{39DAF628-A7F9-4D45-B177-FDBB26A6BBB9}.AppStore|iPhone.Build.0 = Release|x86
		{39DAF628-A7F9-4D45-B177-FDBB26A6BBB9}.AppStore|iPhone.Deploy.0 = Release|x86
		{39DAF628-A7F9-4D45-B177-FDBB26A6BBB9}.AppStore|iPhoneSimulator.ActiveCfg = Release|x86
		{39DAF628-A7F9-4D45-B177-FDBB26A6BBB9}.AppStore|iPhoneSimulator.Build.0 = Release|x86
		{39DAF628-A7F9-4D45-B177-FDBB26A6BBB9}.AppStore|iPhoneSimulator.Deploy.0 = Release|x86
		{39DAF628-A7F9-4D45-B177-FDBB26A6BBB9}.AppStore|x64.ActiveCfg = Release|x64
		{39DAF628-A7F9-4D45-B177-FDBB26A6BBB9}.AppStore|x64.Build.0 = Release|x64
		{39DAF628-A7F9-4D45-B177-FDBB26A6BBB9}.AppStore|x64.Deploy.0 = Release|x64
		{39DAF628-A7F9-4D45-B177-FDBB26A6BBB9}.AppStore|x86.ActiveCfg = Release|x86
		{39DAF628-A7F9-4D45-B177-FDBB26A6BBB9}.AppStore|x86.Build.0 = Release|x86
		{39DAF628-A7F9-4D45-B177-FDBB26A6BBB9}.AppStore|x86.Deploy.0 = Release|x86
		{39DAF628-A7F9-4D45-B177-FDBB26A6BBB9}.Debug|Any CPU.ActiveCfg = Debug|x86
		{39DAF628-A7F9-4D45-B177-FDBB26A6BBB9}.Debug|ARM.ActiveCfg = Debug|ARM
		{39DAF628-A7F9-4D45-B177-FDBB26A6BBB9}.Debug|ARM.Build.0 = Debug|ARM
		{39DAF628-A7F9-4D45-B177-FDBB26A6BBB9}.Debug|ARM.Deploy.0 = Debug|ARM
		{39DAF628-A7F9-4D45-B177-FDBB26A6BBB9}.Debug|iPhone.ActiveCfg = Debug|x86
		{39DAF628-A7F9-4D45-B177-FDBB26A6BBB9}.Debug|iPhoneSimulator.ActiveCfg = Debug|x86
		{39DAF628-A7F9-4D45-B177-FDBB26A6BBB9}.Debug|x64.ActiveCfg = Debug|x64
		{39DAF628-A7F9-4D45-B177-FDBB26A6BBB9}.Debug|x64.Build.0 = Debug|x64
		{39DAF628-A7F9-4D45-B177-FDBB26A6BBB9}.Debug|x64.Deploy.0 = Debug|x64
		{39DAF628-A7F9-4D45-B177-FDBB26A6BBB9}.Debug|x86.ActiveCfg = Debug|x86
		{39DAF628-A7F9-4D45-B177-FDBB26A6BBB9}.Debug|x86.Build.0 = Debug|x86
		{39DAF628-A7F9-4D45-B177-FDBB26A6BBB9}.Debug|x86.Deploy.0 = Debug|x86
		{39DAF628-A7F9-4D45-B177-FDBB26A6BBB9}.Release|Any CPU.ActiveCfg = Release|x86
		{39DAF628-A7F9-4D45-B177-FDBB26A6BBB9}.Release|ARM.ActiveCfg = Release|ARM
		{39DAF628-A7F9-4D45-B177-FDBB26A6BBB9}.Release|ARM.Build.0 = Release|ARM
		{39DAF628-A7F9-4D45-B177-FDBB26A6BBB9}.Release|ARM.Deploy.0 = Release|ARM
		{39DAF628-A7F9-4D45-B177-FDBB26A6BBB9}.Release|iPhone.ActiveCfg = Release|x86
		{39DAF628-A7F9-4D45-B177-FDBB26A6BBB9}.Release|iPhoneSimulator.ActiveCfg = Release|x86
		{39DAF628-A7F9-4D45-B177-FDBB26A6BBB9}.Release|x64.ActiveCfg = Release|x64
		{39DAF628-A7F9-4D45-B177-FDBB26A6BBB9}.Release|x64.Build.0 = Release|x64
		{39DAF628-A7F9-4D45-B177-FDBB26A6BBB9}.Release|x64.Deploy.0 = Release|x64
		{39DAF628-A7F9-4D45-B177-FDBB26A6BBB9}.Release|x86.ActiveCfg = Release|x86
		{39DAF628-A7F9-4D45-B177-FDBB26A6BBB9}.Release|x86.Build.0 = Release|x86
		{39DAF628-A7F9-4D45-B177-FDBB26A6BBB9}.Release|x86.Deploy.0 = Release|x86
		{0764091F-9428-48CB-9628-B88C41042872}.Ad-Hoc|Any CPU.ActiveCfg = Ad-Hoc|iPhone
		{0764091F-9428-48CB-9628-B88C41042872}.Ad-Hoc|ARM.ActiveCfg = Ad-Hoc|iPhone
		{0764091F-9428-48CB-9628-B88C41042872}.Ad-Hoc|iPhone.ActiveCfg = Ad-Hoc|iPhone
		{0764091F-9428-48CB-9628-B88C41042872}.Ad-Hoc|iPhone.Build.0 = Ad-Hoc|iPhone
		{0764091F-9428-48CB-9628-B88C41042872}.Ad-Hoc|iPhoneSimulator.ActiveCfg = Ad-Hoc|iPhoneSimulator
		{0764091F-9428-48CB-9628-B88C41042872}.Ad-Hoc|iPhoneSimulator.Build.0 = Ad-Hoc|iPhoneSimulator
		{0764091F-9428-48CB-9628-B88C41042872}.Ad-Hoc|x64.ActiveCfg = Ad-Hoc|iPhone
		{0764091F-9428-48CB-9628-B88C41042872}.Ad-Hoc|x86.ActiveCfg = Ad-Hoc|iPhone
		{0764091F-9428-48CB-9628-B88C41042872}.AppStore|Any CPU.ActiveCfg = AppStore|iPhone
		{0764091F-9428-48CB-9628-B88C41042872}.AppStore|ARM.ActiveCfg = AppStore|iPhone
		{0764091F-9428-48CB-9628-B88C41042872}.AppStore|iPhone.ActiveCfg = AppStore|iPhone
		{0764091F-9428-48CB-9628-B88C41042872}.AppStore|iPhone.Build.0 = AppStore|iPhone
		{0764091F-9428-48CB-9628-B88C41042872}.AppStore|iPhoneSimulator.ActiveCfg = AppStore|iPhoneSimulator
		{0764091F-9428-48CB-9628-B88C41042872}.AppStore|iPhoneSimulator.Build.0 = AppStore|iPhoneSimulator
		{0764091F-9428-48CB-9628-B88C41042872}.AppStore|x64.ActiveCfg = AppStore|iPhone
		{0764091F-9428-48CB-9628-B88C41042872}.AppStore|x86.ActiveCfg = AppStore|iPhone
		{0764091F-9428-48CB-9628-B88C41042872}.Debug|Any CPU.ActiveCfg = Debug|iPhone
		{0764091F-9428-48CB-9628-B88C41042872}.Debug|ARM.ActiveCfg = Debug|iPhone
		{0764091F-9428-48CB-9628-B88C41042872}.Debug|iPhone.ActiveCfg = Debug|iPhone
		{0764091F-9428-48CB-9628-B88C41042872}.Debug|iPhone.Build.0 = Debug|iPhone
		{0764091F-9428-48CB-9628-B88C41042872}.Debug|iPhoneSimulator.ActiveCfg = Debug|iPhoneSimulator
		{0764091F-9428-48CB-9628-B88C41042872}.Debug|iPhoneSimulator.Build.0 = Debug|iPhoneSimulator
		{0764091F-9428-48CB-9628-B88C41042872}.Debug|x64.ActiveCfg = Debug|iPhone
		{0764091F-9428-48CB-9628-B88C41042872}.Debug|x86.ActiveCfg = Debug|iPhone
		{0764091F-9428-48CB-9628-B88C41042872}.Release|Any CPU.ActiveCfg = Release|iPhone
		{0764091F-9428-48CB-9628-B88C41042872}.Release|ARM.ActiveCfg = Release|iPhone
		{0764091F-9428-48CB-9628-B88C41042872}.Release|iPhone.ActiveCfg = Release|iPhone
		{0764091F-9428-48CB-9628-B88C41042872}.Release|iPhone.Build.0 = Release|iPhone
		{0764091F-9428-48CB-9628-B88C41042872}.Release|iPhoneSimulator.ActiveCfg = Release|iPhoneSimulator
		{0764091F-9428-48CB-9628-B88C41042872}.Release|iPhoneSimulator.Build.0 = Release|iPhoneSimulator
		{0764091F-9428-48CB-9628-B88C41042872}.Release|x64.ActiveCfg = Release|iPhone
		{0764091F-9428-48CB-9628-B88C41042872}.Release|x86.ActiveCfg = Release|iPhone
	EndGlobalSection
	GlobalSection(SolutionProperties) = preSolution
		HideSolutionNode = FALSE
	EndGlobalSection
EndGlobal
