
Microsoft Visual Studio Solution File, Format Version 12.00
# Visual Studio 14
VisualStudioVersion = 14.0.25420.1
MinimumVisualStudioVersion = 10.0.40219.1
Project("{FAE04EC0-301F-11D3-BF4B-00C04F79EFBC}") = "Practica2_4.Android", "Practica2-4\Practica2_4.Android\Practica2_4.Android.csproj", "{3C1D5325-49BC-418B-B18F-402B7C5EA7D7}"
EndProject
Project("{FAE04EC0-301F-11D3-BF4B-00C04F79EFBC}") = "Practica2_4", "Practica2-4\Practica2_4\Practica2_4.csproj", "{81A72D50-C628-4723-8CC0-9621DB55213B}"
EndProject
Project("{FAE04EC0-301F-11D3-BF4B-00C04F79EFBC}") = "Practica2_4.UWP", "Practica2-4\Practica2_4.UWP\Practica2_4.UWP.csproj", "{7A8DF66F-434F-45A1-9538-338CA60B6695}"
EndProject
Project("{FAE04EC0-301F-11D3-BF4B-00C04F79EFBC}") = "Practica2_4.iOS", "Practica2-4\Practica2_4.iOS\Practica2_4.iOS.csproj", "{9E909BB1-66D9-41D6-A9B9-E0D08C2D5ECB}"
EndProject
Global
	GlobalSection(SolutionConfigurationPlatforms) = preSolution
		Ad-Hoc|Any CPU = Ad-Hoc|Any CPU
		Ad-Hoc|ARM = Ad-Hoc|ARM
		Ad-Hoc|iPhone = Ad-Hoc|iPhone
		Ad-Hoc|iPhoneSimulator = Ad-Hoc|iPhoneSimulator
		Ad-Hoc|x64 = Ad-Hoc|x64
		Ad-Hoc|x86 = Ad-Hoc|x86
		AppStore|Any CPU = AppStore|Any CPU
		AppStore|ARM = AppStore|ARM
		AppStore|iPhone = AppStore|iPhone
		AppStore|iPhoneSimulator = AppStore|iPhoneSimulator
		AppStore|x64 = AppStore|x64
		AppStore|x86 = AppStore|x86
		Debug|Any CPU = Debug|Any CPU
		Debug|ARM = Debug|ARM
		Debug|iPhone = Debug|iPhone
		Debug|iPhoneSimulator = Debug|iPhoneSimulator
		Debug|x64 = Debug|x64
		Debug|x86 = Debug|x86
		Release|Any CPU = Release|Any CPU
		Release|ARM = Release|ARM
		Release|iPhone = Release|iPhone
		Release|iPhoneSimulator = Release|iPhoneSimulator
		Release|x64 = Release|x64
		Release|x86 = Release|x86
	EndGlobalSection
	GlobalSection(ProjectConfigurationPlatforms) = postSolution
		{3C1D5325-49BC-418B-B18F-402B7C5EA7D7}.Ad-Hoc|Any CPU.ActiveCfg = Release|Any CPU
		{3C1D5325-49BC-418B-B18F-402B7C5EA7D7}.Ad-Hoc|Any CPU.Build.0 = Release|Any CPU
		{3C1D5325-49BC-418B-B18F-402B7C5EA7D7}.Ad-Hoc|Any CPU.Deploy.0 = Release|Any CPU
		{3C1D5325-49BC-418B-B18F-402B7C5EA7D7}.Ad-Hoc|ARM.ActiveCfg = Release|Any CPU
		{3C1D5325-49BC-418B-B18F-402B7C5EA7D7}.Ad-Hoc|ARM.Build.0 = Release|Any CPU
		{3C1D5325-49BC-418B-B18F-402B7C5EA7D7}.Ad-Hoc|ARM.Deploy.0 = Release|Any CPU
		{3C1D5325-49BC-418B-B18F-402B7C5EA7D7}.Ad-Hoc|iPhone.ActiveCfg = Release|Any CPU
		{3C1D5325-49BC-418B-B18F-402B7C5EA7D7}.Ad-Hoc|iPhone.Build.0 = Release|Any CPU
		{3C1D5325-49BC-418B-B18F-402B7C5EA7D7}.Ad-Hoc|iPhone.Deploy.0 = Release|Any CPU
		{3C1D5325-49BC-418B-B18F-402B7C5EA7D7}.Ad-Hoc|iPhoneSimulator.ActiveCfg = Release|Any CPU
		{3C1D5325-49BC-418B-B18F-402B7C5EA7D7}.Ad-Hoc|iPhoneSimulator.Build.0 = Release|Any CPU
		{3C1D5325-49BC-418B-B18F-402B7C5EA7D7}.Ad-Hoc|iPhoneSimulator.Deploy.0 = Release|Any CPU
		{3C1D5325-49BC-418B-B18F-402B7C5EA7D7}.Ad-Hoc|x64.ActiveCfg = Release|Any CPU
		{3C1D5325-49BC-418B-B18F-402B7C5EA7D7}.Ad-Hoc|x64.Build.0 = Release|Any CPU
		{3C1D5325-49BC-418B-B18F-402B7C5EA7D7}.Ad-Hoc|x64.Deploy.0 = Release|Any CPU
		{3C1D5325-49BC-418B-B18F-402B7C5EA7D7}.Ad-Hoc|x86.ActiveCfg = Release|Any CPU
		{3C1D5325-49BC-418B-B18F-402B7C5EA7D7}.Ad-Hoc|x86.Build.0 = Release|Any CPU
		{3C1D5325-49BC-418B-B18F-402B7C5EA7D7}.Ad-Hoc|x86.Deploy.0 = Release|Any CPU
		{3C1D5325-49BC-418B-B18F-402B7C5EA7D7}.AppStore|Any CPU.ActiveCfg = Release|Any CPU
		{3C1D5325-49BC-418B-B18F-402B7C5EA7D7}.AppStore|Any CPU.Build.0 = Release|Any CPU
		{3C1D5325-49BC-418B-B18F-402B7C5EA7D7}.AppStore|Any CPU.Deploy.0 = Release|Any CPU
		{3C1D5325-49BC-418B-B18F-402B7C5EA7D7}.AppStore|ARM.ActiveCfg = Release|Any CPU
		{3C1D5325-49BC-418B-B18F-402B7C5EA7D7}.AppStore|ARM.Build.0 = Release|Any CPU
		{3C1D5325-49BC-418B-B18F-402B7C5EA7D7}.AppStore|ARM.Deploy.0 = Release|Any CPU
		{3C1D5325-49BC-418B-B18F-402B7C5EA7D7}.AppStore|iPhone.ActiveCfg = Release|Any CPU
		{3C1D5325-49BC-418B-B18F-402B7C5EA7D7}.AppStore|iPhone.Build.0 = Release|Any CPU
		{3C1D5325-49BC-418B-B18F-402B7C5EA7D7}.AppStore|iPhone.Deploy.0 = Release|Any CPU
		{3C1D5325-49BC-418B-B18F-402B7C5EA7D7}.AppStore|iPhoneSimulator.ActiveCfg = Release|Any CPU
		{3C1D5325-49BC-418B-B18F-402B7C5EA7D7}.AppStore|iPhoneSimulator.Build.0 = Release|Any CPU
		{3C1D5325-49BC-418B-B18F-402B7C5EA7D7}.AppStore|iPhoneSimulator.Deploy.0 = Release|Any CPU
		{3C1D5325-49BC-418B-B18F-402B7C5EA7D7}.AppStore|x64.ActiveCfg = Release|Any CPU
		{3C1D5325-49BC-418B-B18F-402B7C5EA7D7}.AppStore|x64.Build.0 = Release|Any CPU
		{3C1D5325-49BC-418B-B18F-402B7C5EA7D7}.AppStore|x64.Deploy.0 = Release|Any CPU
		{3C1D5325-49BC-418B-B18F-402B7C5EA7D7}.AppStore|x86.ActiveCfg = Release|Any CPU
		{3C1D5325-49BC-418B-B18F-402B7C5EA7D7}.AppStore|x86.Build.0 = Release|Any CPU
		{3C1D5325-49BC-418B-B18F-402B7C5EA7D7}.AppStore|x86.Deploy.0 = Release|Any CPU
		{3C1D5325-49BC-418B-B18F-402B7C5EA7D7}.Debug|Any CPU.ActiveCfg = Debug|Any CPU
		{3C1D5325-49BC-418B-B18F-402B7C5EA7D7}.Debug|Any CPU.Build.0 = Debug|Any CPU
		{3C1D5325-49BC-418B-B18F-402B7C5EA7D7}.Debug|Any CPU.Deploy.0 = Debug|Any CPU
		{3C1D5325-49BC-418B-B18F-402B7C5EA7D7}.Debug|ARM.ActiveCfg = Debug|Any CPU
		{3C1D5325-49BC-418B-B18F-402B7C5EA7D7}.Debug|ARM.Build.0 = Debug|Any CPU
		{3C1D5325-49BC-418B-B18F-402B7C5EA7D7}.Debug|ARM.Deploy.0 = Debug|Any CPU
		{3C1D5325-49BC-418B-B18F-402B7C5EA7D7}.Debug|iPhone.ActiveCfg = Debug|Any CPU
		{3C1D5325-49BC-418B-B18F-402B7C5EA7D7}.Debug|iPhone.Build.0 = Debug|Any CPU
		{3C1D5325-49BC-418B-B18F-402B7C5EA7D7}.Debug|iPhone.Deploy.0 = Debug|Any CPU
		{3C1D5325-49BC-418B-B18F-402B7C5EA7D7}.Debug|iPhoneSimulator.ActiveCfg = Debug|Any CPU
		{3C1D5325-49BC-418B-B18F-402B7C5EA7D7}.Debug|iPhoneSimulator.Build.0 = Debug|Any CPU
		{3C1D5325-49BC-418B-B18F-402B7C5EA7D7}.Debug|iPhoneSimulator.Deploy.0 = Debug|Any CPU
		{3C1D5325-49BC-418B-B18F-402B7C5EA7D7}.Debug|x64.ActiveCfg = Debug|Any CPU
		{3C1D5325-49BC-418B-B18F-402B7C5EA7D7}.Debug|x64.Build.0 = Debug|Any CPU
		{3C1D5325-49BC-418B-B18F-402B7C5EA7D7}.Debug|x64.Deploy.0 = Debug|Any CPU
		{3C1D5325-49BC-418B-B18F-402B7C5EA7D7}.Debug|x86.ActiveCfg = Debug|Any CPU
		{3C1D5325-49BC-418B-B18F-402B7C5EA7D7}.Debug|x86.Build.0 = Debug|Any CPU
		{3C1D5325-49BC-418B-B18F-402B7C5EA7D7}.Debug|x86.Deploy.0 = Debug|Any CPU
		{3C1D5325-49BC-418B-B18F-402B7C5EA7D7}.Release|Any CPU.ActiveCfg = Release|Any CPU
		{3C1D5325-49BC-418B-B18F-402B7C5EA7D7}.Release|Any CPU.Build.0 = Release|Any CPU
		{3C1D5325-49BC-418B-B18F-402B7C5EA7D7}.Release|Any CPU.Deploy.0 = Release|Any CPU
		{3C1D5325-49BC-418B-B18F-402B7C5EA7D7}.Release|ARM.ActiveCfg = Release|Any CPU
		{3C1D5325-49BC-418B-B18F-402B7C5EA7D7}.Release|ARM.Build.0 = Release|Any CPU
		{3C1D5325-49BC-418B-B18F-402B7C5EA7D7}.Release|ARM.Deploy.0 = Release|Any CPU
		{3C1D5325-49BC-418B-B18F-402B7C5EA7D7}.Release|iPhone.ActiveCfg = Release|Any CPU
		{3C1D5325-49BC-418B-B18F-402B7C5EA7D7}.Release|iPhone.Build.0 = Release|Any CPU
		{3C1D5325-49BC-418B-B18F-402B7C5EA7D7}.Release|iPhone.Deploy.0 = Release|Any CPU
		{3C1D5325-49BC-418B-B18F-402B7C5EA7D7}.Release|iPhoneSimulator.ActiveCfg = Release|Any CPU
		{3C1D5325-49BC-418B-B18F-402B7C5EA7D7}.Release|iPhoneSimulator.Build.0 = Release|Any CPU
		{3C1D5325-49BC-418B-B18F-402B7C5EA7D7}.Release|iPhoneSimulator.Deploy.0 = Release|Any CPU
		{3C1D5325-49BC-418B-B18F-402B7C5EA7D7}.Release|x64.ActiveCfg = Release|Any CPU
		{3C1D5325-49BC-418B-B18F-402B7C5EA7D7}.Release|x64.Build.0 = Release|Any CPU
		{3C1D5325-49BC-418B-B18F-402B7C5EA7D7}.Release|x64.Deploy.0 = Release|Any CPU
		{3C1D5325-49BC-418B-B18F-402B7C5EA7D7}.Release|x86.ActiveCfg = Release|Any CPU
		{3C1D5325-49BC-418B-B18F-402B7C5EA7D7}.Release|x86.Build.0 = Release|Any CPU
		{3C1D5325-49BC-418B-B18F-402B7C5EA7D7}.Release|x86.Deploy.0 = Release|Any CPU
		{81A72D50-C628-4723-8CC0-9621DB55213B}.Ad-Hoc|Any CPU.ActiveCfg = Release|Any CPU
		{81A72D50-C628-4723-8CC0-9621DB55213B}.Ad-Hoc|Any CPU.Build.0 = Release|Any CPU
		{81A72D50-C628-4723-8CC0-9621DB55213B}.Ad-Hoc|ARM.ActiveCfg = Release|Any CPU
		{81A72D50-C628-4723-8CC0-9621DB55213B}.Ad-Hoc|ARM.Build.0 = Release|Any CPU
		{81A72D50-C628-4723-8CC0-9621DB55213B}.Ad-Hoc|iPhone.ActiveCfg = Release|Any CPU
		{81A72D50-C628-4723-8CC0-9621DB55213B}.Ad-Hoc|iPhone.Build.0 = Release|Any CPU
		{81A72D50-C628-4723-8CC0-9621DB55213B}.Ad-Hoc|iPhoneSimulator.ActiveCfg = Release|Any CPU
		{81A72D50-C628-4723-8CC0-9621DB55213B}.Ad-Hoc|iPhoneSimulator.Build.0 = Release|Any CPU
		{81A72D50-C628-4723-8CC0-9621DB55213B}.Ad-Hoc|x64.ActiveCfg = Release|Any CPU
		{81A72D50-C628-4723-8CC0-9621DB55213B}.Ad-Hoc|x64.Build.0 = Release|Any CPU
		{81A72D50-C628-4723-8CC0-9621DB55213B}.Ad-Hoc|x86.ActiveCfg = Release|Any CPU
		{81A72D50-C628-4723-8CC0-9621DB55213B}.Ad-Hoc|x86.Build.0 = Release|Any CPU
		{81A72D50-C628-4723-8CC0-9621DB55213B}.AppStore|Any CPU.ActiveCfg = Release|Any CPU
		{81A72D50-C628-4723-8CC0-9621DB55213B}.AppStore|Any CPU.Build.0 = Release|Any CPU
		{81A72D50-C628-4723-8CC0-9621DB55213B}.AppStore|ARM.ActiveCfg = Release|Any CPU
		{81A72D50-C628-4723-8CC0-9621DB55213B}.AppStore|ARM.Build.0 = Release|Any CPU
		{81A72D50-C628-4723-8CC0-9621DB55213B}.AppStore|iPhone.ActiveCfg = Release|Any CPU
		{81A72D50-C628-4723-8CC0-9621DB55213B}.AppStore|iPhone.Build.0 = Release|Any CPU
		{81A72D50-C628-4723-8CC0-9621DB55213B}.AppStore|iPhoneSimulator.ActiveCfg = Release|Any CPU
		{81A72D50-C628-4723-8CC0-9621DB55213B}.AppStore|iPhoneSimulator.Build.0 = Release|Any CPU
		{81A72D50-C628-4723-8CC0-9621DB55213B}.AppStore|x64.ActiveCfg = Release|Any CPU
		{81A72D50-C628-4723-8CC0-9621DB55213B}.AppStore|x64.Build.0 = Release|Any CPU
		{81A72D50-C628-4723-8CC0-9621DB55213B}.AppStore|x86.ActiveCfg = Release|Any CPU
		{81A72D50-C628-4723-8CC0-9621DB55213B}.AppStore|x86.Build.0 = Release|Any CPU
		{81A72D50-C628-4723-8CC0-9621DB55213B}.Debug|Any CPU.ActiveCfg = Debug|Any CPU
		{81A72D50-C628-4723-8CC0-9621DB55213B}.Debug|Any CPU.Build.0 = Debug|Any CPU
		{81A72D50-C628-4723-8CC0-9621DB55213B}.Debug|ARM.ActiveCfg = Debug|Any CPU
		{81A72D50-C628-4723-8CC0-9621DB55213B}.Debug|ARM.Build.0 = Debug|Any CPU
		{81A72D50-C628-4723-8CC0-9621DB55213B}.Debug|iPhone.ActiveCfg = Debug|Any CPU
		{81A72D50-C628-4723-8CC0-9621DB55213B}.Debug|iPhone.Build.0 = Debug|Any CPU
		{81A72D50-C628-4723-8CC0-9621DB55213B}.Debug|iPhoneSimulator.ActiveCfg = Debug|Any CPU
		{81A72D50-C628-4723-8CC0-9621DB55213B}.Debug|iPhoneSimulator.Build.0 = Debug|Any CPU
		{81A72D50-C628-4723-8CC0-9621DB55213B}.Debug|x64.ActiveCfg = Debug|Any CPU
		{81A72D50-C628-4723-8CC0-9621DB55213B}.Debug|x64.Build.0 = Debug|Any CPU
		{81A72D50-C628-4723-8CC0-9621DB55213B}.Debug|x86.ActiveCfg = Debug|Any CPU
		{81A72D50-C628-4723-8CC0-9621DB55213B}.Debug|x86.Build.0 = Debug|Any CPU
		{81A72D50-C628-4723-8CC0-9621DB55213B}.Release|Any CPU.ActiveCfg = Release|Any CPU
		{81A72D50-C628-4723-8CC0-9621DB55213B}.Release|Any CPU.Build.0 = Release|Any CPU
		{81A72D50-C628-4723-8CC0-9621DB55213B}.Release|ARM.ActiveCfg = Release|Any CPU
		{81A72D50-C628-4723-8CC0-9621DB55213B}.Release|ARM.Build.0 = Release|Any CPU
		{81A72D50-C628-4723-8CC0-9621DB55213B}.Release|iPhone.ActiveCfg = Release|Any CPU
		{81A72D50-C628-4723-8CC0-9621DB55213B}.Release|iPhone.Build.0 = Release|Any CPU
		{81A72D50-C628-4723-8CC0-9621DB55213B}.Release|iPhoneSimulator.ActiveCfg = Release|Any CPU
		{81A72D50-C628-4723-8CC0-9621DB55213B}.Release|iPhoneSimulator.Build.0 = Release|Any CPU
		{81A72D50-C628-4723-8CC0-9621DB55213B}.Release|x64.ActiveCfg = Release|Any CPU
		{81A72D50-C628-4723-8CC0-9621DB55213B}.Release|x64.Build.0 = Release|Any CPU
		{81A72D50-C628-4723-8CC0-9621DB55213B}.Release|x86.ActiveCfg = Release|Any CPU
		{81A72D50-C628-4723-8CC0-9621DB55213B}.Release|x86.Build.0 = Release|Any CPU
		{7A8DF66F-434F-45A1-9538-338CA60B6695}.Ad-Hoc|Any CPU.ActiveCfg = Release|x86
		{7A8DF66F-434F-45A1-9538-338CA60B6695}.Ad-Hoc|Any CPU.Build.0 = Release|x86
		{7A8DF66F-434F-45A1-9538-338CA60B6695}.Ad-Hoc|Any CPU.Deploy.0 = Release|x86
		{7A8DF66F-434F-45A1-9538-338CA60B6695}.Ad-Hoc|ARM.ActiveCfg = Release|ARM
		{7A8DF66F-434F-45A1-9538-338CA60B6695}.Ad-Hoc|ARM.Build.0 = Release|ARM
		{7A8DF66F-434F-45A1-9538-338CA60B6695}.Ad-Hoc|ARM.Deploy.0 = Release|ARM
		{7A8DF66F-434F-45A1-9538-338CA60B6695}.Ad-Hoc|iPhone.ActiveCfg = Release|x86
		{7A8DF66F-434F-45A1-9538-338CA60B6695}.Ad-Hoc|iPhone.Build.0 = Release|x86
		{7A8DF66F-434F-45A1-9538-338CA60B6695}.Ad-Hoc|iPhone.Deploy.0 = Release|x86
		{7A8DF66F-434F-45A1-9538-338CA60B6695}.Ad-Hoc|iPhoneSimulator.ActiveCfg = Release|x86
		{7A8DF66F-434F-45A1-9538-338CA60B6695}.Ad-Hoc|iPhoneSimulator.Build.0 = Release|x86
		{7A8DF66F-434F-45A1-9538-338CA60B6695}.Ad-Hoc|iPhoneSimulator.Deploy.0 = Release|x86
		{7A8DF66F-434F-45A1-9538-338CA60B6695}.Ad-Hoc|x64.ActiveCfg = Release|x64
		{7A8DF66F-434F-45A1-9538-338CA60B6695}.Ad-Hoc|x64.Build.0 = Release|x64
		{7A8DF66F-434F-45A1-9538-338CA60B6695}.Ad-Hoc|x64.Deploy.0 = Release|x64
		{7A8DF66F-434F-45A1-9538-338CA60B6695}.Ad-Hoc|x86.ActiveCfg = Release|x86
		{7A8DF66F-434F-45A1-9538-338CA60B6695}.Ad-Hoc|x86.Build.0 = Release|x86
		{7A8DF66F-434F-45A1-9538-338CA60B6695}.Ad-Hoc|x86.Deploy.0 = Release|x86
		{7A8DF66F-434F-45A1-9538-338CA60B6695}.AppStore|Any CPU.ActiveCfg = Release|x86
		{7A8DF66F-434F-45A1-9538-338CA60B6695}.AppStore|Any CPU.Build.0 = Release|x86
		{7A8DF66F-434F-45A1-9538-338CA60B6695}.AppStore|Any CPU.Deploy.0 = Release|x86
		{7A8DF66F-434F-45A1-9538-338CA60B6695}.AppStore|ARM.ActiveCfg = Release|ARM
		{7A8DF66F-434F-45A1-9538-338CA60B6695}.AppStore|ARM.Build.0 = Release|ARM
		{7A8DF66F-434F-45A1-9538-338CA60B6695}.AppStore|ARM.Deploy.0 = Release|ARM
		{7A8DF66F-434F-45A1-9538-338CA60B6695}.AppStore|iPhone.ActiveCfg = Release|x86
		{7A8DF66F-434F-45A1-9538-338CA60B6695}.AppStore|iPhone.Build.0 = Release|x86
		{7A8DF66F-434F-45A1-9538-338CA60B6695}.AppStore|iPhone.Deploy.0 = Release|x86
		{7A8DF66F-434F-45A1-9538-338CA60B6695}.AppStore|iPhoneSimulator.ActiveCfg = Release|x86
		{7A8DF66F-434F-45A1-9538-338CA60B6695}.AppStore|iPhoneSimulator.Build.0 = Release|x86
		{7A8DF66F-434F-45A1-9538-338CA60B6695}.AppStore|iPhoneSimulator.Deploy.0 = Release|x86
		{7A8DF66F-434F-45A1-9538-338CA60B6695}.AppStore|x64.ActiveCfg = Release|x64
		{7A8DF66F-434F-45A1-9538-338CA60B6695}.AppStore|x64.Build.0 = Release|x64
		{7A8DF66F-434F-45A1-9538-338CA60B6695}.AppStore|x64.Deploy.0 = Release|x64
		{7A8DF66F-434F-45A1-9538-338CA60B6695}.AppStore|x86.ActiveCfg = Release|x86
		{7A8DF66F-434F-45A1-9538-338CA60B6695}.AppStore|x86.Build.0 = Release|x86
		{7A8DF66F-434F-45A1-9538-338CA60B6695}.AppStore|x86.Deploy.0 = Release|x86
		{7A8DF66F-434F-45A1-9538-338CA60B6695}.Debug|Any CPU.ActiveCfg = Debug|x86
		{7A8DF66F-434F-45A1-9538-338CA60B6695}.Debug|ARM.ActiveCfg = Debug|ARM
		{7A8DF66F-434F-45A1-9538-338CA60B6695}.Debug|ARM.Build.0 = Debug|ARM
		{7A8DF66F-434F-45A1-9538-338CA60B6695}.Debug|ARM.Deploy.0 = Debug|ARM
		{7A8DF66F-434F-45A1-9538-338CA60B6695}.Debug|iPhone.ActiveCfg = Debug|x86
		{7A8DF66F-434F-45A1-9538-338CA60B6695}.Debug|iPhoneSimulator.ActiveCfg = Debug|x86
		{7A8DF66F-434F-45A1-9538-338CA60B6695}.Debug|x64.ActiveCfg = Debug|x64
		{7A8DF66F-434F-45A1-9538-338CA60B6695}.Debug|x64.Build.0 = Debug|x64
		{7A8DF66F-434F-45A1-9538-338CA60B6695}.Debug|x64.Deploy.0 = Debug|x64
		{7A8DF66F-434F-45A1-9538-338CA60B6695}.Debug|x86.ActiveCfg = Debug|x86
		{7A8DF66F-434F-45A1-9538-338CA60B6695}.Debug|x86.Build.0 = Debug|x86
		{7A8DF66F-434F-45A1-9538-338CA60B6695}.Debug|x86.Deploy.0 = Debug|x86
		{7A8DF66F-434F-45A1-9538-338CA60B6695}.Release|Any CPU.ActiveCfg = Release|x86
		{7A8DF66F-434F-45A1-9538-338CA60B6695}.Release|ARM.ActiveCfg = Release|ARM
		{7A8DF66F-434F-45A1-9538-338CA60B6695}.Release|ARM.Build.0 = Release|ARM
		{7A8DF66F-434F-45A1-9538-338CA60B6695}.Release|ARM.Deploy.0 = Release|ARM
		{7A8DF66F-434F-45A1-9538-338CA60B6695}.Release|iPhone.ActiveCfg = Release|x86
		{7A8DF66F-434F-45A1-9538-338CA60B6695}.Release|iPhoneSimulator.ActiveCfg = Release|x86
		{7A8DF66F-434F-45A1-9538-338CA60B6695}.Release|x64.ActiveCfg = Release|x64
		{7A8DF66F-434F-45A1-9538-338CA60B6695}.Release|x64.Build.0 = Release|x64
		{7A8DF66F-434F-45A1-9538-338CA60B6695}.Release|x64.Deploy.0 = Release|x64
		{7A8DF66F-434F-45A1-9538-338CA60B6695}.Release|x86.ActiveCfg = Release|x86
		{7A8DF66F-434F-45A1-9538-338CA60B6695}.Release|x86.Build.0 = Release|x86
		{7A8DF66F-434F-45A1-9538-338CA60B6695}.Release|x86.Deploy.0 = Release|x86
		{9E909BB1-66D9-41D6-A9B9-E0D08C2D5ECB}.Ad-Hoc|Any CPU.ActiveCfg = Ad-Hoc|iPhone
		{9E909BB1-66D9-41D6-A9B9-E0D08C2D5ECB}.Ad-Hoc|ARM.ActiveCfg = Ad-Hoc|iPhone
		{9E909BB1-66D9-41D6-A9B9-E0D08C2D5ECB}.Ad-Hoc|iPhone.ActiveCfg = Ad-Hoc|iPhone
		{9E909BB1-66D9-41D6-A9B9-E0D08C2D5ECB}.Ad-Hoc|iPhone.Build.0 = Ad-Hoc|iPhone
		{9E909BB1-66D9-41D6-A9B9-E0D08C2D5ECB}.Ad-Hoc|iPhoneSimulator.ActiveCfg = Ad-Hoc|iPhoneSimulator
		{9E909BB1-66D9-41D6-A9B9-E0D08C2D5ECB}.Ad-Hoc|iPhoneSimulator.Build.0 = Ad-Hoc|iPhoneSimulator
		{9E909BB1-66D9-41D6-A9B9-E0D08C2D5ECB}.Ad-Hoc|x64.ActiveCfg = Ad-Hoc|iPhone
		{9E909BB1-66D9-41D6-A9B9-E0D08C2D5ECB}.Ad-Hoc|x86.ActiveCfg = Ad-Hoc|iPhone
		{9E909BB1-66D9-41D6-A9B9-E0D08C2D5ECB}.AppStore|Any CPU.ActiveCfg = AppStore|iPhone
		{9E909BB1-66D9-41D6-A9B9-E0D08C2D5ECB}.AppStore|ARM.ActiveCfg = AppStore|iPhone
		{9E909BB1-66D9-41D6-A9B9-E0D08C2D5ECB}.AppStore|iPhone.ActiveCfg = AppStore|iPhone
		{9E909BB1-66D9-41D6-A9B9-E0D08C2D5ECB}.AppStore|iPhone.Build.0 = AppStore|iPhone
		{9E909BB1-66D9-41D6-A9B9-E0D08C2D5ECB}.AppStore|iPhoneSimulator.ActiveCfg = AppStore|iPhoneSimulator
		{9E909BB1-66D9-41D6-A9B9-E0D08C2D5ECB}.AppStore|iPhoneSimulator.Build.0 = AppStore|iPhoneSimulator
		{9E909BB1-66D9-41D6-A9B9-E0D08C2D5ECB}.AppStore|x64.ActiveCfg = AppStore|iPhone
		{9E909BB1-66D9-41D6-A9B9-E0D08C2D5ECB}.AppStore|x86.ActiveCfg = AppStore|iPhone
		{9E909BB1-66D9-41D6-A9B9-E0D08C2D5ECB}.Debug|Any CPU.ActiveCfg = Debug|iPhone
		{9E909BB1-66D9-41D6-A9B9-E0D08C2D5ECB}.Debug|ARM.ActiveCfg = Debug|iPhone
		{9E909BB1-66D9-41D6-A9B9-E0D08C2D5ECB}.Debug|iPhone.ActiveCfg = Debug|iPhone
		{9E909BB1-66D9-41D6-A9B9-E0D08C2D5ECB}.Debug|iPhone.Build.0 = Debug|iPhone
		{9E909BB1-66D9-41D6-A9B9-E0D08C2D5ECB}.Debug|iPhoneSimulator.ActiveCfg = Debug|iPhoneSimulator
		{9E909BB1-66D9-41D6-A9B9-E0D08C2D5ECB}.Debug|iPhoneSimulator.Build.0 = Debug|iPhoneSimulator
		{9E909BB1-66D9-41D6-A9B9-E0D08C2D5ECB}.Debug|x64.ActiveCfg = Debug|iPhone
		{9E909BB1-66D9-41D6-A9B9-E0D08C2D5ECB}.Debug|x86.ActiveCfg = Debug|iPhone
		{9E909BB1-66D9-41D6-A9B9-E0D08C2D5ECB}.Release|Any CPU.ActiveCfg = Release|iPhone
		{9E909BB1-66D9-41D6-A9B9-E0D08C2D5ECB}.Release|ARM.ActiveCfg = Release|iPhone
		{9E909BB1-66D9-41D6-A9B9-E0D08C2D5ECB}.Release|iPhone.ActiveCfg = Release|iPhone
		{9E909BB1-66D9-41D6-A9B9-E0D08C2D5ECB}.Release|iPhone.Build.0 = Release|iPhone
		{9E909BB1-66D9-41D6-A9B9-E0D08C2D5ECB}.Release|iPhoneSimulator.ActiveCfg = Release|iPhoneSimulator
		{9E909BB1-66D9-41D6-A9B9-E0D08C2D5ECB}.Release|iPhoneSimulator.Build.0 = Release|iPhoneSimulator
		{9E909BB1-66D9-41D6-A9B9-E0D08C2D5ECB}.Release|x64.ActiveCfg = Release|iPhone
		{9E909BB1-66D9-41D6-A9B9-E0D08C2D5ECB}.Release|x86.ActiveCfg = Release|iPhone
	EndGlobalSection
	GlobalSection(SolutionProperties) = preSolution
		HideSolutionNode = FALSE
	EndGlobalSection
EndGlobal
