
Microsoft Visual Studio Solution File, Format Version 12.00
# Visual Studio 14
VisualStudioVersion = 14.0.25420.1
MinimumVisualStudioVersion = 10.0.40219.1
Project("{FAE04EC0-301F-11D3-BF4B-00C04F79EFBC}") = "Practica3.Android", "Practica3\Practica3.Android\Practica3.Android.csproj", "{C8E9915B-7CCF-4665-9311-34DA9D337D9A}"
EndProject
Project("{FAE04EC0-301F-11D3-BF4B-00C04F79EFBC}") = "Practica3", "Practica3\Practica3\Practica3.csproj", "{392033FA-5216-41B8-8C1C-14AD420D8CFF}"
EndProject
Project("{FAE04EC0-301F-11D3-BF4B-00C04F79EFBC}") = "Practica3.UWP", "Practica3\Practica3.UWP\Practica3.UWP.csproj", "{CF83EAC8-24F9-4620-B826-78925F912D61}"
EndProject
Project("{FAE04EC0-301F-11D3-BF4B-00C04F79EFBC}") = "Practica3.iOS", "Practica3\Practica3.iOS\Practica3.iOS.csproj", "{7989FB05-A2A8-4BFB-AA92-E294173987B5}"
EndProject
Global
	GlobalSection(SolutionConfigurationPlatforms) = preSolution
		Ad-Hoc|Any CPU = Ad-Hoc|Any CPU
		Ad-Hoc|ARM = Ad-Hoc|ARM
		Ad-Hoc|iPhone = Ad-Hoc|iPhone
		Ad-Hoc|iPhoneSimulator = Ad-Hoc|iPhoneSimulator
		Ad-Hoc|x64 = Ad-Hoc|x64
		Ad-Hoc|x86 = Ad-Hoc|x86
		AppStore|Any CPU = AppStore|Any CPU
		AppStore|ARM = AppStore|ARM
		AppStore|iPhone = AppStore|iPhone
		AppStore|iPhoneSimulator = AppStore|iPhoneSimulator
		AppStore|x64 = AppStore|x64
		AppStore|x86 = AppStore|x86
		Debug|Any CPU = Debug|Any CPU
		Debug|ARM = Debug|ARM
		Debug|iPhone = Debug|iPhone
		Debug|iPhoneSimulator = Debug|iPhoneSimulator
		Debug|x64 = Debug|x64
		Debug|x86 = Debug|x86
		Release|Any CPU = Release|Any CPU
		Release|ARM = Release|ARM
		Release|iPhone = Release|iPhone
		Release|iPhoneSimulator = Release|iPhoneSimulator
		Release|x64 = Release|x64
		Release|x86 = Release|x86
	EndGlobalSection
	GlobalSection(ProjectConfigurationPlatforms) = postSolution
		{C8E9915B-7CCF-4665-9311-34DA9D337D9A}.Ad-Hoc|Any CPU.ActiveCfg = Release|Any CPU
		{C8E9915B-7CCF-4665-9311-34DA9D337D9A}.Ad-Hoc|Any CPU.Build.0 = Release|Any CPU
		{C8E9915B-7CCF-4665-9311-34DA9D337D9A}.Ad-Hoc|Any CPU.Deploy.0 = Release|Any CPU
		{C8E9915B-7CCF-4665-9311-34DA9D337D9A}.Ad-Hoc|ARM.ActiveCfg = Release|Any CPU
		{C8E9915B-7CCF-4665-9311-34DA9D337D9A}.Ad-Hoc|ARM.Build.0 = Release|Any CPU
		{C8E9915B-7CCF-4665-9311-34DA9D337D9A}.Ad-Hoc|ARM.Deploy.0 = Release|Any CPU
		{C8E9915B-7CCF-4665-9311-34DA9D337D9A}.Ad-Hoc|iPhone.ActiveCfg = Release|Any CPU
		{C8E9915B-7CCF-4665-9311-34DA9D337D9A}.Ad-Hoc|iPhone.Build.0 = Release|Any CPU
		{C8E9915B-7CCF-4665-9311-34DA9D337D9A}.Ad-Hoc|iPhone.Deploy.0 = Release|Any CPU
		{C8E9915B-7CCF-4665-9311-34DA9D337D9A}.Ad-Hoc|iPhoneSimulator.ActiveCfg = Release|Any CPU
		{C8E9915B-7CCF-4665-9311-34DA9D337D9A}.Ad-Hoc|iPhoneSimulator.Build.0 = Release|Any CPU
		{C8E9915B-7CCF-4665-9311-34DA9D337D9A}.Ad-Hoc|iPhoneSimulator.Deploy.0 = Release|Any CPU
		{C8E9915B-7CCF-4665-9311-34DA9D337D9A}.Ad-Hoc|x64.ActiveCfg = Release|Any CPU
		{C8E9915B-7CCF-4665-9311-34DA9D337D9A}.Ad-Hoc|x64.Build.0 = Release|Any CPU
		{C8E9915B-7CCF-4665-9311-34DA9D337D9A}.Ad-Hoc|x64.Deploy.0 = Release|Any CPU
		{C8E9915B-7CCF-4665-9311-34DA9D337D9A}.Ad-Hoc|x86.ActiveCfg = Release|Any CPU
		{C8E9915B-7CCF-4665-9311-34DA9D337D9A}.Ad-Hoc|x86.Build.0 = Release|Any CPU
		{C8E9915B-7CCF-4665-9311-34DA9D337D9A}.Ad-Hoc|x86.Deploy.0 = Release|Any CPU
		{C8E9915B-7CCF-4665-9311-34DA9D337D9A}.AppStore|Any CPU.ActiveCfg = Release|Any CPU
		{C8E9915B-7CCF-4665-9311-34DA9D337D9A}.AppStore|Any CPU.Build.0 = Release|Any CPU
		{C8E9915B-7CCF-4665-9311-34DA9D337D9A}.AppStore|Any CPU.Deploy.0 = Release|Any CPU
		{C8E9915B-7CCF-4665-9311-34DA9D337D9A}.AppStore|ARM.ActiveCfg = Release|Any CPU
		{C8E9915B-7CCF-4665-9311-34DA9D337D9A}.AppStore|ARM.Build.0 = Release|Any CPU
		{C8E9915B-7CCF-4665-9311-34DA9D337D9A}.AppStore|ARM.Deploy.0 = Release|Any CPU
		{C8E9915B-7CCF-4665-9311-34DA9D337D9A}.AppStore|iPhone.ActiveCfg = Release|Any CPU
		{C8E9915B-7CCF-4665-9311-34DA9D337D9A}.AppStore|iPhone.Build.0 = Release|Any CPU
		{C8E9915B-7CCF-4665-9311-34DA9D337D9A}.AppStore|iPhone.Deploy.0 = Release|Any CPU
		{C8E9915B-7CCF-4665-9311-34DA9D337D9A}.AppStore|iPhoneSimulator.ActiveCfg = Release|Any CPU
		{C8E9915B-7CCF-4665-9311-34DA9D337D9A}.AppStore|iPhoneSimulator.Build.0 = Release|Any CPU
		{C8E9915B-7CCF-4665-9311-34DA9D337D9A}.AppStore|iPhoneSimulator.Deploy.0 = Release|Any CPU
		{C8E9915B-7CCF-4665-9311-34DA9D337D9A}.AppStore|x64.ActiveCfg = Release|Any CPU
		{C8E9915B-7CCF-4665-9311-34DA9D337D9A}.AppStore|x64.Build.0 = Release|Any CPU
		{C8E9915B-7CCF-4665-9311-34DA9D337D9A}.AppStore|x64.Deploy.0 = Release|Any CPU
		{C8E9915B-7CCF-4665-9311-34DA9D337D9A}.AppStore|x86.ActiveCfg = Release|Any CPU
		{C8E9915B-7CCF-4665-9311-34DA9D337D9A}.AppStore|x86.Build.0 = Release|Any CPU
		{C8E9915B-7CCF-4665-9311-34DA9D337D9A}.AppStore|x86.Deploy.0 = Release|Any CPU
		{C8E9915B-7CCF-4665-9311-34DA9D337D9A}.Debug|Any CPU.ActiveCfg = Debug|Any CPU
		{C8E9915B-7CCF-4665-9311-34DA9D337D9A}.Debug|Any CPU.Build.0 = Debug|Any CPU
		{C8E9915B-7CCF-4665-9311-34DA9D337D9A}.Debug|Any CPU.Deploy.0 = Debug|Any CPU
		{C8E9915B-7CCF-4665-9311-34DA9D337D9A}.Debug|ARM.ActiveCfg = Debug|Any CPU
		{C8E9915B-7CCF-4665-9311-34DA9D337D9A}.Debug|ARM.Build.0 = Debug|Any CPU
		{C8E9915B-7CCF-4665-9311-34DA9D337D9A}.Debug|ARM.Deploy.0 = Debug|Any CPU
		{C8E9915B-7CCF-4665-9311-34DA9D337D9A}.Debug|iPhone.ActiveCfg = Debug|Any CPU
		{C8E9915B-7CCF-4665-9311-34DA9D337D9A}.Debug|iPhone.Build.0 = Debug|Any CPU
		{C8E9915B-7CCF-4665-9311-34DA9D337D9A}.Debug|iPhone.Deploy.0 = Debug|Any CPU
		{C8E9915B-7CCF-4665-9311-34DA9D337D9A}.Debug|iPhoneSimulator.ActiveCfg = Debug|Any CPU
		{C8E9915B-7CCF-4665-9311-34DA9D337D9A}.Debug|iPhoneSimulator.Build.0 = Debug|Any CPU
		{C8E9915B-7CCF-4665-9311-34DA9D337D9A}.Debug|iPhoneSimulator.Deploy.0 = Debug|Any CPU
		{C8E9915B-7CCF-4665-9311-34DA9D337D9A}.Debug|x64.ActiveCfg = Debug|Any CPU
		{C8E9915B-7CCF-4665-9311-34DA9D337D9A}.Debug|x64.Build.0 = Debug|Any CPU
		{C8E9915B-7CCF-4665-9311-34DA9D337D9A}.Debug|x64.Deploy.0 = Debug|Any CPU
		{C8E9915B-7CCF-4665-9311-34DA9D337D9A}.Debug|x86.ActiveCfg = Debug|Any CPU
		{C8E9915B-7CCF-4665-9311-34DA9D337D9A}.Debug|x86.Build.0 = Debug|Any CPU
		{C8E9915B-7CCF-4665-9311-34DA9D337D9A}.Debug|x86.Deploy.0 = Debug|Any CPU
		{C8E9915B-7CCF-4665-9311-34DA9D337D9A}.Release|Any CPU.ActiveCfg = Release|Any CPU
		{C8E9915B-7CCF-4665-9311-34DA9D337D9A}.Release|Any CPU.Build.0 = Release|Any CPU
		{C8E9915B-7CCF-4665-9311-34DA9D337D9A}.Release|Any CPU.Deploy.0 = Release|Any CPU
		{C8E9915B-7CCF-4665-9311-34DA9D337D9A}.Release|ARM.ActiveCfg = Release|Any CPU
		{C8E9915B-7CCF-4665-9311-34DA9D337D9A}.Release|ARM.Build.0 = Release|Any CPU
		{C8E9915B-7CCF-4665-9311-34DA9D337D9A}.Release|ARM.Deploy.0 = Release|Any CPU
		{C8E9915B-7CCF-4665-9311-34DA9D337D9A}.Release|iPhone.ActiveCfg = Release|Any CPU
		{C8E9915B-7CCF-4665-9311-34DA9D337D9A}.Release|iPhone.Build.0 = Release|Any CPU
		{C8E9915B-7CCF-4665-9311-34DA9D337D9A}.Release|iPhone.Deploy.0 = Release|Any CPU
		{C8E9915B-7CCF-4665-9311-34DA9D337D9A}.Release|iPhoneSimulator.ActiveCfg = Release|Any CPU
		{C8E9915B-7CCF-4665-9311-34DA9D337D9A}.Release|iPhoneSimulator.Build.0 = Release|Any CPU
		{C8E9915B-7CCF-4665-9311-34DA9D337D9A}.Release|iPhoneSimulator.Deploy.0 = Release|Any CPU
		{C8E9915B-7CCF-4665-9311-34DA9D337D9A}.Release|x64.ActiveCfg = Release|Any CPU
		{C8E9915B-7CCF-4665-9311-34DA9D337D9A}.Release|x64.Build.0 = Release|Any CPU
		{C8E9915B-7CCF-4665-9311-34DA9D337D9A}.Release|x64.Deploy.0 = Release|Any CPU
		{C8E9915B-7CCF-4665-9311-34DA9D337D9A}.Release|x86.ActiveCfg = Release|Any CPU
		{C8E9915B-7CCF-4665-9311-34DA9D337D9A}.Release|x86.Build.0 = Release|Any CPU
		{C8E9915B-7CCF-4665-9311-34DA9D337D9A}.Release|x86.Deploy.0 = Release|Any CPU
		{392033FA-5216-41B8-8C1C-14AD420D8CFF}.Ad-Hoc|Any CPU.ActiveCfg = Release|Any CPU
		{392033FA-5216-41B8-8C1C-14AD420D8CFF}.Ad-Hoc|Any CPU.Build.0 = Release|Any CPU
		{392033FA-5216-41B8-8C1C-14AD420D8CFF}.Ad-Hoc|ARM.ActiveCfg = Release|Any CPU
		{392033FA-5216-41B8-8C1C-14AD420D8CFF}.Ad-Hoc|ARM.Build.0 = Release|Any CPU
		{392033FA-5216-41B8-8C1C-14AD420D8CFF}.Ad-Hoc|iPhone.ActiveCfg = Release|Any CPU
		{392033FA-5216-41B8-8C1C-14AD420D8CFF}.Ad-Hoc|iPhone.Build.0 = Release|Any CPU
		{392033FA-5216-41B8-8C1C-14AD420D8CFF}.Ad-Hoc|iPhoneSimulator.ActiveCfg = Release|Any CPU
		{392033FA-5216-41B8-8C1C-14AD420D8CFF}.Ad-Hoc|iPhoneSimulator.Build.0 = Release|Any CPU
		{392033FA-5216-41B8-8C1C-14AD420D8CFF}.Ad-Hoc|x64.ActiveCfg = Release|Any CPU
		{392033FA-5216-41B8-8C1C-14AD420D8CFF}.Ad-Hoc|x64.Build.0 = Release|Any CPU
		{392033FA-5216-41B8-8C1C-14AD420D8CFF}.Ad-Hoc|x86.ActiveCfg = Release|Any CPU
		{392033FA-5216-41B8-8C1C-14AD420D8CFF}.Ad-Hoc|x86.Build.0 = Release|Any CPU
		{392033FA-5216-41B8-8C1C-14AD420D8CFF}.AppStore|Any CPU.ActiveCfg = Release|Any CPU
		{392033FA-5216-41B8-8C1C-14AD420D8CFF}.AppStore|Any CPU.Build.0 = Release|Any CPU
		{392033FA-5216-41B8-8C1C-14AD420D8CFF}.AppStore|ARM.ActiveCfg = Release|Any CPU
		{392033FA-5216-41B8-8C1C-14AD420D8CFF}.AppStore|ARM.Build.0 = Release|Any CPU
		{392033FA-5216-41B8-8C1C-14AD420D8CFF}.AppStore|iPhone.ActiveCfg = Release|Any CPU
		{392033FA-5216-41B8-8C1C-14AD420D8CFF}.AppStore|iPhone.Build.0 = Release|Any CPU
		{392033FA-5216-41B8-8C1C-14AD420D8CFF}.AppStore|iPhoneSimulator.ActiveCfg = Release|Any CPU
		{392033FA-5216-41B8-8C1C-14AD420D8CFF}.AppStore|iPhoneSimulator.Build.0 = Release|Any CPU
		{392033FA-5216-41B8-8C1C-14AD420D8CFF}.AppStore|x64.ActiveCfg = Release|Any CPU
		{392033FA-5216-41B8-8C1C-14AD420D8CFF}.AppStore|x64.Build.0 = Release|Any CPU
		{392033FA-5216-41B8-8C1C-14AD420D8CFF}.AppStore|x86.ActiveCfg = Release|Any CPU
		{392033FA-5216-41B8-8C1C-14AD420D8CFF}.AppStore|x86.Build.0 = Release|Any CPU
		{392033FA-5216-41B8-8C1C-14AD420D8CFF}.Debug|Any CPU.ActiveCfg = Debug|Any CPU
		{392033FA-5216-41B8-8C1C-14AD420D8CFF}.Debug|Any CPU.Build.0 = Debug|Any CPU
		{392033FA-5216-41B8-8C1C-14AD420D8CFF}.Debug|ARM.ActiveCfg = Debug|Any CPU
		{392033FA-5216-41B8-8C1C-14AD420D8CFF}.Debug|ARM.Build.0 = Debug|Any CPU
		{392033FA-5216-41B8-8C1C-14AD420D8CFF}.Debug|iPhone.ActiveCfg = Debug|Any CPU
		{392033FA-5216-41B8-8C1C-14AD420D8CFF}.Debug|iPhone.Build.0 = Debug|Any CPU
		{392033FA-5216-41B8-8C1C-14AD420D8CFF}.Debug|iPhoneSimulator.ActiveCfg = Debug|Any CPU
		{392033FA-5216-41B8-8C1C-14AD420D8CFF}.Debug|iPhoneSimulator.Build.0 = Debug|Any CPU
		{392033FA-5216-41B8-8C1C-14AD420D8CFF}.Debug|x64.ActiveCfg = Debug|Any CPU
		{392033FA-5216-41B8-8C1C-14AD420D8CFF}.Debug|x64.Build.0 = Debug|Any CPU
		{392033FA-5216-41B8-8C1C-14AD420D8CFF}.Debug|x86.ActiveCfg = Debug|Any CPU
		{392033FA-5216-41B8-8C1C-14AD420D8CFF}.Debug|x86.Build.0 = Debug|Any CPU
		{392033FA-5216-41B8-8C1C-14AD420D8CFF}.Release|Any CPU.ActiveCfg = Release|Any CPU
		{392033FA-5216-41B8-8C1C-14AD420D8CFF}.Release|Any CPU.Build.0 = Release|Any CPU
		{392033FA-5216-41B8-8C1C-14AD420D8CFF}.Release|ARM.ActiveCfg = Release|Any CPU
		{392033FA-5216-41B8-8C1C-14AD420D8CFF}.Release|ARM.Build.0 = Release|Any CPU
		{392033FA-5216-41B8-8C1C-14AD420D8CFF}.Release|iPhone.ActiveCfg = Release|Any CPU
		{392033FA-5216-41B8-8C1C-14AD420D8CFF}.Release|iPhone.Build.0 = Release|Any CPU
		{392033FA-5216-41B8-8C1C-14AD420D8CFF}.Release|iPhoneSimulator.ActiveCfg = Release|Any CPU
		{392033FA-5216-41B8-8C1C-14AD420D8CFF}.Release|iPhoneSimulator.Build.0 = Release|Any CPU
		{392033FA-5216-41B8-8C1C-14AD420D8CFF}.Release|x64.ActiveCfg = Release|Any CPU
		{392033FA-5216-41B8-8C1C-14AD420D8CFF}.Release|x64.Build.0 = Release|Any CPU
		{392033FA-5216-41B8-8C1C-14AD420D8CFF}.Release|x86.ActiveCfg = Release|Any CPU
		{392033FA-5216-41B8-8C1C-14AD420D8CFF}.Release|x86.Build.0 = Release|Any CPU
		{CF83EAC8-24F9-4620-B826-78925F912D61}.Ad-Hoc|Any CPU.ActiveCfg = Release|x86
		{CF83EAC8-24F9-4620-B826-78925F912D61}.Ad-Hoc|Any CPU.Build.0 = Release|x86
		{CF83EAC8-24F9-4620-B826-78925F912D61}.Ad-Hoc|Any CPU.Deploy.0 = Release|x86
		{CF83EAC8-24F9-4620-B826-78925F912D61}.Ad-Hoc|ARM.ActiveCfg = Release|ARM
		{CF83EAC8-24F9-4620-B826-78925F912D61}.Ad-Hoc|ARM.Build.0 = Release|ARM
		{CF83EAC8-24F9-4620-B826-78925F912D61}.Ad-Hoc|ARM.Deploy.0 = Release|ARM
		{CF83EAC8-24F9-4620-B826-78925F912D61}.Ad-Hoc|iPhone.ActiveCfg = Release|x86
		{CF83EAC8-24F9-4620-B826-78925F912D61}.Ad-Hoc|iPhone.Build.0 = Release|x86
		{CF83EAC8-24F9-4620-B826-78925F912D61}.Ad-Hoc|iPhone.Deploy.0 = Release|x86
		{CF83EAC8-24F9-4620-B826-78925F912D61}.Ad-Hoc|iPhoneSimulator.ActiveCfg = Release|x86
		{CF83EAC8-24F9-4620-B826-78925F912D61}.Ad-Hoc|iPhoneSimulator.Build.0 = Release|x86
		{CF83EAC8-24F9-4620-B826-78925F912D61}.Ad-Hoc|iPhoneSimulator.Deploy.0 = Release|x86
		{CF83EAC8-24F9-4620-B826-78925F912D61}.Ad-Hoc|x64.ActiveCfg = Release|x64
		{CF83EAC8-24F9-4620-B826-78925F912D61}.Ad-Hoc|x64.Build.0 = Release|x64
		{CF83EAC8-24F9-4620-B826-78925F912D61}.Ad-Hoc|x64.Deploy.0 = Release|x64
		{CF83EAC8-24F9-4620-B826-78925F912D61}.Ad-Hoc|x86.ActiveCfg = Release|x86
		{CF83EAC8-24F9-4620-B826-78925F912D61}.Ad-Hoc|x86.Build.0 = Release|x86
		{CF83EAC8-24F9-4620-B826-78925F912D61}.Ad-Hoc|x86.Deploy.0 = Release|x86
		{CF83EAC8-24F9-4620-B826-78925F912D61}.AppStore|Any CPU.ActiveCfg = Release|x86
		{CF83EAC8-24F9-4620-B826-78925F912D61}.AppStore|Any CPU.Build.0 = Release|x86
		{CF83EAC8-24F9-4620-B826-78925F912D61}.AppStore|Any CPU.Deploy.0 = Release|x86
		{CF83EAC8-24F9-4620-B826-78925F912D61}.AppStore|ARM.ActiveCfg = Release|ARM
		{CF83EAC8-24F9-4620-B826-78925F912D61}.AppStore|ARM.Build.0 = Release|ARM
		{CF83EAC8-24F9-4620-B826-78925F912D61}.AppStore|ARM.Deploy.0 = Release|ARM
		{CF83EAC8-24F9-4620-B826-78925F912D61}.AppStore|iPhone.ActiveCfg = Release|x86
		{CF83EAC8-24F9-4620-B826-78925F912D61}.AppStore|iPhone.Build.0 = Release|x86
		{CF83EAC8-24F9-4620-B826-78925F912D61}.AppStore|iPhone.Deploy.0 = Release|x86
		{CF83EAC8-24F9-4620-B826-78925F912D61}.AppStore|iPhoneSimulator.ActiveCfg = Release|x86
		{CF83EAC8-24F9-4620-B826-78925F912D61}.AppStore|iPhoneSimulator.Build.0 = Release|x86
		{CF83EAC8-24F9-4620-B826-78925F912D61}.AppStore|iPhoneSimulator.Deploy.0 = Release|x86
		{CF83EAC8-24F9-4620-B826-78925F912D61}.AppStore|x64.ActiveCfg = Release|x64
		{CF83EAC8-24F9-4620-B826-78925F912D61}.AppStore|x64.Build.0 = Release|x64
		{CF83EAC8-24F9-4620-B826-78925F912D61}.AppStore|x64.Deploy.0 = Release|x64
		{CF83EAC8-24F9-4620-B826-78925F912D61}.AppStore|x86.ActiveCfg = Release|x86
		{CF83EAC8-24F9-4620-B826-78925F912D61}.AppStore|x86.Build.0 = Release|x86
		{CF83EAC8-24F9-4620-B826-78925F912D61}.AppStore|x86.Deploy.0 = Release|x86
		{CF83EAC8-24F9-4620-B826-78925F912D61}.Debug|Any CPU.ActiveCfg = Debug|x86
		{CF83EAC8-24F9-4620-B826-78925F912D61}.Debug|ARM.ActiveCfg = Debug|ARM
		{CF83EAC8-24F9-4620-B826-78925F912D61}.Debug|ARM.Build.0 = Debug|ARM
		{CF83EAC8-24F9-4620-B826-78925F912D61}.Debug|ARM.Deploy.0 = Debug|ARM
		{CF83EAC8-24F9-4620-B826-78925F912D61}.Debug|iPhone.ActiveCfg = Debug|x86
		{CF83EAC8-24F9-4620-B826-78925F912D61}.Debug|iPhoneSimulator.ActiveCfg = Debug|x86
		{CF83EAC8-24F9-4620-B826-78925F912D61}.Debug|x64.ActiveCfg = Debug|x64
		{CF83EAC8-24F9-4620-B826-78925F912D61}.Debug|x64.Build.0 = Debug|x64
		{CF83EAC8-24F9-4620-B826-78925F912D61}.Debug|x64.Deploy.0 = Debug|x64
		{CF83EAC8-24F9-4620-B826-78925F912D61}.Debug|x86.ActiveCfg = Debug|x86
		{CF83EAC8-24F9-4620-B826-78925F912D61}.Debug|x86.Build.0 = Debug|x86
		{CF83EAC8-24F9-4620-B826-78925F912D61}.Debug|x86.Deploy.0 = Debug|x86
		{CF83EAC8-24F9-4620-B826-78925F912D61}.Release|Any CPU.ActiveCfg = Release|x86
		{CF83EAC8-24F9-4620-B826-78925F912D61}.Release|ARM.ActiveCfg = Release|ARM
		{CF83EAC8-24F9-4620-B826-78925F912D61}.Release|ARM.Build.0 = Release|ARM
		{CF83EAC8-24F9-4620-B826-78925F912D61}.Release|ARM.Deploy.0 = Release|ARM
		{CF83EAC8-24F9-4620-B826-78925F912D61}.Release|iPhone.ActiveCfg = Release|x86
		{CF83EAC8-24F9-4620-B826-78925F912D61}.Release|iPhoneSimulator.ActiveCfg = Release|x86
		{CF83EAC8-24F9-4620-B826-78925F912D61}.Release|x64.ActiveCfg = Release|x64
		{CF83EAC8-24F9-4620-B826-78925F912D61}.Release|x64.Build.0 = Release|x64
		{CF83EAC8-24F9-4620-B826-78925F912D61}.Release|x64.Deploy.0 = Release|x64
		{CF83EAC8-24F9-4620-B826-78925F912D61}.Release|x86.ActiveCfg = Release|x86
		{CF83EAC8-24F9-4620-B826-78925F912D61}.Release|x86.Build.0 = Release|x86
		{CF83EAC8-24F9-4620-B826-78925F912D61}.Release|x86.Deploy.0 = Release|x86
		{7989FB05-A2A8-4BFB-AA92-E294173987B5}.Ad-Hoc|Any CPU.ActiveCfg = Ad-Hoc|iPhone
		{7989FB05-A2A8-4BFB-AA92-E294173987B5}.Ad-Hoc|ARM.ActiveCfg = Ad-Hoc|iPhone
		{7989FB05-A2A8-4BFB-AA92-E294173987B5}.Ad-Hoc|iPhone.ActiveCfg = Ad-Hoc|iPhone
		{7989FB05-A2A8-4BFB-AA92-E294173987B5}.Ad-Hoc|iPhone.Build.0 = Ad-Hoc|iPhone
		{7989FB05-A2A8-4BFB-AA92-E294173987B5}.Ad-Hoc|iPhoneSimulator.ActiveCfg = Ad-Hoc|iPhoneSimulator
		{7989FB05-A2A8-4BFB-AA92-E294173987B5}.Ad-Hoc|iPhoneSimulator.Build.0 = Ad-Hoc|iPhoneSimulator
		{7989FB05-A2A8-4BFB-AA92-E294173987B5}.Ad-Hoc|x64.ActiveCfg = Ad-Hoc|iPhone
		{7989FB05-A2A8-4BFB-AA92-E294173987B5}.Ad-Hoc|x86.ActiveCfg = Ad-Hoc|iPhone
		{7989FB05-A2A8-4BFB-AA92-E294173987B5}.AppStore|Any CPU.ActiveCfg = AppStore|iPhone
		{7989FB05-A2A8-4BFB-AA92-E294173987B5}.AppStore|ARM.ActiveCfg = AppStore|iPhone
		{7989FB05-A2A8-4BFB-AA92-E294173987B5}.AppStore|iPhone.ActiveCfg = AppStore|iPhone
		{7989FB05-A2A8-4BFB-AA92-E294173987B5}.AppStore|iPhone.Build.0 = AppStore|iPhone
		{7989FB05-A2A8-4BFB-AA92-E294173987B5}.AppStore|iPhoneSimulator.ActiveCfg = AppStore|iPhoneSimulator
		{7989FB05-A2A8-4BFB-AA92-E294173987B5}.AppStore|iPhoneSimulator.Build.0 = AppStore|iPhoneSimulator
		{7989FB05-A2A8-4BFB-AA92-E294173987B5}.AppStore|x64.ActiveCfg = AppStore|iPhone
		{7989FB05-A2A8-4BFB-AA92-E294173987B5}.AppStore|x86.ActiveCfg = AppStore|iPhone
		{7989FB05-A2A8-4BFB-AA92-E294173987B5}.Debug|Any CPU.ActiveCfg = Debug|iPhone
		{7989FB05-A2A8-4BFB-AA92-E294173987B5}.Debug|ARM.ActiveCfg = Debug|iPhone
		{7989FB05-A2A8-4BFB-AA92-E294173987B5}.Debug|iPhone.ActiveCfg = Debug|iPhone
		{7989FB05-A2A8-4BFB-AA92-E294173987B5}.Debug|iPhone.Build.0 = Debug|iPhone
		{7989FB05-A2A8-4BFB-AA92-E294173987B5}.Debug|iPhoneSimulator.ActiveCfg = Debug|iPhoneSimulator
		{7989FB05-A2A8-4BFB-AA92-E294173987B5}.Debug|iPhoneSimulator.Build.0 = Debug|iPhoneSimulator
		{7989FB05-A2A8-4BFB-AA92-E294173987B5}.Debug|x64.ActiveCfg = Debug|iPhone
		{7989FB05-A2A8-4BFB-AA92-E294173987B5}.Debug|x86.ActiveCfg = Debug|iPhone
		{7989FB05-A2A8-4BFB-AA92-E294173987B5}.Release|Any CPU.ActiveCfg = Release|iPhone
		{7989FB05-A2A8-4BFB-AA92-E294173987B5}.Release|ARM.ActiveCfg = Release|iPhone
		{7989FB05-A2A8-4BFB-AA92-E294173987B5}.Release|iPhone.ActiveCfg = Release|iPhone
		{7989FB05-A2A8-4BFB-AA92-E294173987B5}.Release|iPhone.Build.0 = Release|iPhone
		{7989FB05-A2A8-4BFB-AA92-E294173987B5}.Release|iPhoneSimulator.ActiveCfg = Release|iPhoneSimulator
		{7989FB05-A2A8-4BFB-AA92-E294173987B5}.Release|iPhoneSimulator.Build.0 = Release|iPhoneSimulator
		{7989FB05-A2A8-4BFB-AA92-E294173987B5}.Release|x64.ActiveCfg = Release|iPhone
		{7989FB05-A2A8-4BFB-AA92-E294173987B5}.Release|x86.ActiveCfg = Release|iPhone
	EndGlobalSection
	GlobalSection(SolutionProperties) = preSolution
		HideSolutionNode = FALSE
	EndGlobalSection
EndGlobal
