
Microsoft Visual Studio Solution File, Format Version 12.00
# Visual Studio 14
VisualStudioVersion = 14.0.25420.1
MinimumVisualStudioVersion = 10.0.40219.1
Project("{FAE04EC0-301F-11D3-BF4B-00C04F79EFBC}") = "Proyecto4b_RelativeLayout.Android", "Proyecto4b-RelativeLayout\Proyecto4b_RelativeLayout.Android\Proyecto4b_RelativeLayout.Android.csproj", "{37B0C078-6521-48CA-BA64-3B89FF1F4C94}"
EndProject
Project("{FAE04EC0-301F-11D3-BF4B-00C04F79EFBC}") = "Proyecto4b_RelativeLayout", "Proyecto4b-RelativeLayout\Proyecto4b_RelativeLayout\Proyecto4b_RelativeLayout.csproj", "{3F7585FD-37FC-4441-BCDC-2B5A4E9ECAEB}"
EndProject
Project("{FAE04EC0-301F-11D3-BF4B-00C04F79EFBC}") = "Proyecto4b_RelativeLayout.UWP", "Proyecto4b-RelativeLayout\Proyecto4b_RelativeLayout.UWP\Proyecto4b_RelativeLayout.UWP.csproj", "{281ED003-8AC9-4B40-A0C6-F139B1318E36}"
EndProject
Project("{FAE04EC0-301F-11D3-BF4B-00C04F79EFBC}") = "Proyecto4b_RelativeLayout.iOS", "Proyecto4b-RelativeLayout\Proyecto4b_RelativeLayout.iOS\Proyecto4b_RelativeLayout.iOS.csproj", "{91F89AC4-6D05-4C35-8A76-D7142328BBBC}"
EndProject
Global
	GlobalSection(SolutionConfigurationPlatforms) = preSolution
		Ad-Hoc|Any CPU = Ad-Hoc|Any CPU
		Ad-Hoc|ARM = Ad-Hoc|ARM
		Ad-Hoc|iPhone = Ad-Hoc|iPhone
		Ad-Hoc|iPhoneSimulator = Ad-Hoc|iPhoneSimulator
		Ad-Hoc|x64 = Ad-Hoc|x64
		Ad-Hoc|x86 = Ad-Hoc|x86
		AppStore|Any CPU = AppStore|Any CPU
		AppStore|ARM = AppStore|ARM
		AppStore|iPhone = AppStore|iPhone
		AppStore|iPhoneSimulator = AppStore|iPhoneSimulator
		AppStore|x64 = AppStore|x64
		AppStore|x86 = AppStore|x86
		Debug|Any CPU = Debug|Any CPU
		Debug|ARM = Debug|ARM
		Debug|iPhone = Debug|iPhone
		Debug|iPhoneSimulator = Debug|iPhoneSimulator
		Debug|x64 = Debug|x64
		Debug|x86 = Debug|x86
		Release|Any CPU = Release|Any CPU
		Release|ARM = Release|ARM
		Release|iPhone = Release|iPhone
		Release|iPhoneSimulator = Release|iPhoneSimulator
		Release|x64 = Release|x64
		Release|x86 = Release|x86
	EndGlobalSection
	GlobalSection(ProjectConfigurationPlatforms) = postSolution
		{37B0C078-6521-48CA-BA64-3B89FF1F4C94}.Ad-Hoc|Any CPU.ActiveCfg = Release|Any CPU
		{37B0C078-6521-48CA-BA64-3B89FF1F4C94}.Ad-Hoc|Any CPU.Build.0 = Release|Any CPU
		{37B0C078-6521-48CA-BA64-3B89FF1F4C94}.Ad-Hoc|Any CPU.Deploy.0 = Release|Any CPU
		{37B0C078-6521-48CA-BA64-3B89FF1F4C94}.Ad-Hoc|ARM.ActiveCfg = Release|Any CPU
		{37B0C078-6521-48CA-BA64-3B89FF1F4C94}.Ad-Hoc|ARM.Build.0 = Release|Any CPU
		{37B0C078-6521-48CA-BA64-3B89FF1F4C94}.Ad-Hoc|ARM.Deploy.0 = Release|Any CPU
		{37B0C078-6521-48CA-BA64-3B89FF1F4C94}.Ad-Hoc|iPhone.ActiveCfg = Release|Any CPU
		{37B0C078-6521-48CA-BA64-3B89FF1F4C94}.Ad-Hoc|iPhone.Build.0 = Release|Any CPU
		{37B0C078-6521-48CA-BA64-3B89FF1F4C94}.Ad-Hoc|iPhone.Deploy.0 = Release|Any CPU
		{37B0C078-6521-48CA-BA64-3B89FF1F4C94}.Ad-Hoc|iPhoneSimulator.ActiveCfg = Release|Any CPU
		{37B0C078-6521-48CA-BA64-3B89FF1F4C94}.Ad-Hoc|iPhoneSimulator.Build.0 = Release|Any CPU
		{37B0C078-6521-48CA-BA64-3B89FF1F4C94}.Ad-Hoc|iPhoneSimulator.Deploy.0 = Release|Any CPU
		{37B0C078-6521-48CA-BA64-3B89FF1F4C94}.Ad-Hoc|x64.ActiveCfg = Release|Any CPU
		{37B0C078-6521-48CA-BA64-3B89FF1F4C94}.Ad-Hoc|x64.Build.0 = Release|Any CPU
		{37B0C078-6521-48CA-BA64-3B89FF1F4C94}.Ad-Hoc|x64.Deploy.0 = Release|Any CPU
		{37B0C078-6521-48CA-BA64-3B89FF1F4C94}.Ad-Hoc|x86.ActiveCfg = Release|Any CPU
		{37B0C078-6521-48CA-BA64-3B89FF1F4C94}.Ad-Hoc|x86.Build.0 = Release|Any CPU
		{37B0C078-6521-48CA-BA64-3B89FF1F4C94}.Ad-Hoc|x86.Deploy.0 = Release|Any CPU
		{37B0C078-6521-48CA-BA64-3B89FF1F4C94}.AppStore|Any CPU.ActiveCfg = Release|Any CPU
		{37B0C078-6521-48CA-BA64-3B89FF1F4C94}.AppStore|Any CPU.Build.0 = Release|Any CPU
		{37B0C078-6521-48CA-BA64-3B89FF1F4C94}.AppStore|Any CPU.Deploy.0 = Release|Any CPU
		{37B0C078-6521-48CA-BA64-3B89FF1F4C94}.AppStore|ARM.ActiveCfg = Release|Any CPU
		{37B0C078-6521-48CA-BA64-3B89FF1F4C94}.AppStore|ARM.Build.0 = Release|Any CPU
		{37B0C078-6521-48CA-BA64-3B89FF1F4C94}.AppStore|ARM.Deploy.0 = Release|Any CPU
		{37B0C078-6521-48CA-BA64-3B89FF1F4C94}.AppStore|iPhone.ActiveCfg = Release|Any CPU
		{37B0C078-6521-48CA-BA64-3B89FF1F4C94}.AppStore|iPhone.Build.0 = Release|Any CPU
		{37B0C078-6521-48CA-BA64-3B89FF1F4C94}.AppStore|iPhone.Deploy.0 = Release|Any CPU
		{37B0C078-6521-48CA-BA64-3B89FF1F4C94}.AppStore|iPhoneSimulator.ActiveCfg = Release|Any CPU
		{37B0C078-6521-48CA-BA64-3B89FF1F4C94}.AppStore|iPhoneSimulator.Build.0 = Release|Any CPU
		{37B0C078-6521-48CA-BA64-3B89FF1F4C94}.AppStore|iPhoneSimulator.Deploy.0 = Release|Any CPU
		{37B0C078-6521-48CA-BA64-3B89FF1F4C94}.AppStore|x64.ActiveCfg = Release|Any CPU
		{37B0C078-6521-48CA-BA64-3B89FF1F4C94}.AppStore|x64.Build.0 = Release|Any CPU
		{37B0C078-6521-48CA-BA64-3B89FF1F4C94}.AppStore|x64.Deploy.0 = Release|Any CPU
		{37B0C078-6521-48CA-BA64-3B89FF1F4C94}.AppStore|x86.ActiveCfg = Release|Any CPU
		{37B0C078-6521-48CA-BA64-3B89FF1F4C94}.AppStore|x86.Build.0 = Release|Any CPU
		{37B0C078-6521-48CA-BA64-3B89FF1F4C94}.AppStore|x86.Deploy.0 = Release|Any CPU
		{37B0C078-6521-48CA-BA64-3B89FF1F4C94}.Debug|Any CPU.ActiveCfg = Debug|Any CPU
		{37B0C078-6521-48CA-BA64-3B89FF1F4C94}.Debug|Any CPU.Build.0 = Debug|Any CPU
		{37B0C078-6521-48CA-BA64-3B89FF1F4C94}.Debug|Any CPU.Deploy.0 = Debug|Any CPU
		{37B0C078-6521-48CA-BA64-3B89FF1F4C94}.Debug|ARM.ActiveCfg = Debug|Any CPU
		{37B0C078-6521-48CA-BA64-3B89FF1F4C94}.Debug|ARM.Build.0 = Debug|Any CPU
		{37B0C078-6521-48CA-BA64-3B89FF1F4C94}.Debug|ARM.Deploy.0 = Debug|Any CPU
		{37B0C078-6521-48CA-BA64-3B89FF1F4C94}.Debug|iPhone.ActiveCfg = Debug|Any CPU
		{37B0C078-6521-48CA-BA64-3B89FF1F4C94}.Debug|iPhone.Build.0 = Debug|Any CPU
		{37B0C078-6521-48CA-BA64-3B89FF1F4C94}.Debug|iPhone.Deploy.0 = Debug|Any CPU
		{37B0C078-6521-48CA-BA64-3B89FF1F4C94}.Debug|iPhoneSimulator.ActiveCfg = Debug|Any CPU
		{37B0C078-6521-48CA-BA64-3B89FF1F4C94}.Debug|iPhoneSimulator.Build.0 = Debug|Any CPU
		{37B0C078-6521-48CA-BA64-3B89FF1F4C94}.Debug|iPhoneSimulator.Deploy.0 = Debug|Any CPU
		{37B0C078-6521-48CA-BA64-3B89FF1F4C94}.Debug|x64.ActiveCfg = Debug|Any CPU
		{37B0C078-6521-48CA-BA64-3B89FF1F4C94}.Debug|x64.Build.0 = Debug|Any CPU
		{37B0C078-6521-48CA-BA64-3B89FF1F4C94}.Debug|x64.Deploy.0 = Debug|Any CPU
		{37B0C078-6521-48CA-BA64-3B89FF1F4C94}.Debug|x86.ActiveCfg = Debug|Any CPU
		{37B0C078-6521-48CA-BA64-3B89FF1F4C94}.Debug|x86.Build.0 = Debug|Any CPU
		{37B0C078-6521-48CA-BA64-3B89FF1F4C94}.Debug|x86.Deploy.0 = Debug|Any CPU
		{37B0C078-6521-48CA-BA64-3B89FF1F4C94}.Release|Any CPU.ActiveCfg = Release|Any CPU
		{37B0C078-6521-48CA-BA64-3B89FF1F4C94}.Release|Any CPU.Build.0 = Release|Any CPU
		{37B0C078-6521-48CA-BA64-3B89FF1F4C94}.Release|Any CPU.Deploy.0 = Release|Any CPU
		{37B0C078-6521-48CA-BA64-3B89FF1F4C94}.Release|ARM.ActiveCfg = Release|Any CPU
		{37B0C078-6521-48CA-BA64-3B89FF1F4C94}.Release|ARM.Build.0 = Release|Any CPU
		{37B0C078-6521-48CA-BA64-3B89FF1F4C94}.Release|ARM.Deploy.0 = Release|Any CPU
		{37B0C078-6521-48CA-BA64-3B89FF1F4C94}.Release|iPhone.ActiveCfg = Release|Any CPU
		{37B0C078-6521-48CA-BA64-3B89FF1F4C94}.Release|iPhone.Build.0 = Release|Any CPU
		{37B0C078-6521-48CA-BA64-3B89FF1F4C94}.Release|iPhone.Deploy.0 = Release|Any CPU
		{37B0C078-6521-48CA-BA64-3B89FF1F4C94}.Release|iPhoneSimulator.ActiveCfg = Release|Any CPU
		{37B0C078-6521-48CA-BA64-3B89FF1F4C94}.Release|iPhoneSimulator.Build.0 = Release|Any CPU
		{37B0C078-6521-48CA-BA64-3B89FF1F4C94}.Release|iPhoneSimulator.Deploy.0 = Release|Any CPU
		{37B0C078-6521-48CA-BA64-3B89FF1F4C94}.Release|x64.ActiveCfg = Release|Any CPU
		{37B0C078-6521-48CA-BA64-3B89FF1F4C94}.Release|x64.Build.0 = Release|Any CPU
		{37B0C078-6521-48CA-BA64-3B89FF1F4C94}.Release|x64.Deploy.0 = Release|Any CPU
		{37B0C078-6521-48CA-BA64-3B89FF1F4C94}.Release|x86.ActiveCfg = Release|Any CPU
		{37B0C078-6521-48CA-BA64-3B89FF1F4C94}.Release|x86.Build.0 = Release|Any CPU
		{37B0C078-6521-48CA-BA64-3B89FF1F4C94}.Release|x86.Deploy.0 = Release|Any CPU
		{3F7585FD-37FC-4441-BCDC-2B5A4E9ECAEB}.Ad-Hoc|Any CPU.ActiveCfg = Release|Any CPU
		{3F7585FD-37FC-4441-BCDC-2B5A4E9ECAEB}.Ad-Hoc|Any CPU.Build.0 = Release|Any CPU
		{3F7585FD-37FC-4441-BCDC-2B5A4E9ECAEB}.Ad-Hoc|ARM.ActiveCfg = Release|Any CPU
		{3F7585FD-37FC-4441-BCDC-2B5A4E9ECAEB}.Ad-Hoc|ARM.Build.0 = Release|Any CPU
		{3F7585FD-37FC-4441-BCDC-2B5A4E9ECAEB}.Ad-Hoc|iPhone.ActiveCfg = Release|Any CPU
		{3F7585FD-37FC-4441-BCDC-2B5A4E9ECAEB}.Ad-Hoc|iPhone.Build.0 = Release|Any CPU
		{3F7585FD-37FC-4441-BCDC-2B5A4E9ECAEB}.Ad-Hoc|iPhoneSimulator.ActiveCfg = Release|Any CPU
		{3F7585FD-37FC-4441-BCDC-2B5A4E9ECAEB}.Ad-Hoc|iPhoneSimulator.Build.0 = Release|Any CPU
		{3F7585FD-37FC-4441-BCDC-2B5A4E9ECAEB}.Ad-Hoc|x64.ActiveCfg = Release|Any CPU
		{3F7585FD-37FC-4441-BCDC-2B5A4E9ECAEB}.Ad-Hoc|x64.Build.0 = Release|Any CPU
		{3F7585FD-37FC-4441-BCDC-2B5A4E9ECAEB}.Ad-Hoc|x86.ActiveCfg = Release|Any CPU
		{3F7585FD-37FC-4441-BCDC-2B5A4E9ECAEB}.Ad-Hoc|x86.Build.0 = Release|Any CPU
		{3F7585FD-37FC-4441-BCDC-2B5A4E9ECAEB}.AppStore|Any CPU.ActiveCfg = Release|Any CPU
		{3F7585FD-37FC-4441-BCDC-2B5A4E9ECAEB}.AppStore|Any CPU.Build.0 = Release|Any CPU
		{3F7585FD-37FC-4441-BCDC-2B5A4E9ECAEB}.AppStore|ARM.ActiveCfg = Release|Any CPU
		{3F7585FD-37FC-4441-BCDC-2B5A4E9ECAEB}.AppStore|ARM.Build.0 = Release|Any CPU
		{3F7585FD-37FC-4441-BCDC-2B5A4E9ECAEB}.AppStore|iPhone.ActiveCfg = Release|Any CPU
		{3F7585FD-37FC-4441-BCDC-2B5A4E9ECAEB}.AppStore|iPhone.Build.0 = Release|Any CPU
		{3F7585FD-37FC-4441-BCDC-2B5A4E9ECAEB}.AppStore|iPhoneSimulator.ActiveCfg = Release|Any CPU
		{3F7585FD-37FC-4441-BCDC-2B5A4E9ECAEB}.AppStore|iPhoneSimulator.Build.0 = Release|Any CPU
		{3F7585FD-37FC-4441-BCDC-2B5A4E9ECAEB}.AppStore|x64.ActiveCfg = Release|Any CPU
		{3F7585FD-37FC-4441-BCDC-2B5A4E9ECAEB}.AppStore|x64.Build.0 = Release|Any CPU
		{3F7585FD-37FC-4441-BCDC-2B5A4E9ECAEB}.AppStore|x86.ActiveCfg = Release|Any CPU
		{3F7585FD-37FC-4441-BCDC-2B5A4E9ECAEB}.AppStore|x86.Build.0 = Release|Any CPU
		{3F7585FD-37FC-4441-BCDC-2B5A4E9ECAEB}.Debug|Any CPU.ActiveCfg = Debug|Any CPU
		{3F7585FD-37FC-4441-BCDC-2B5A4E9ECAEB}.Debug|Any CPU.Build.0 = Debug|Any CPU
		{3F7585FD-37FC-4441-BCDC-2B5A4E9ECAEB}.Debug|ARM.ActiveCfg = Debug|Any CPU
		{3F7585FD-37FC-4441-BCDC-2B5A4E9ECAEB}.Debug|ARM.Build.0 = Debug|Any CPU
		{3F7585FD-37FC-4441-BCDC-2B5A4E9ECAEB}.Debug|iPhone.ActiveCfg = Debug|Any CPU
		{3F7585FD-37FC-4441-BCDC-2B5A4E9ECAEB}.Debug|iPhone.Build.0 = Debug|Any CPU
		{3F7585FD-37FC-4441-BCDC-2B5A4E9ECAEB}.Debug|iPhoneSimulator.ActiveCfg = Debug|Any CPU
		{3F7585FD-37FC-4441-BCDC-2B5A4E9ECAEB}.Debug|iPhoneSimulator.Build.0 = Debug|Any CPU
		{3F7585FD-37FC-4441-BCDC-2B5A4E9ECAEB}.Debug|x64.ActiveCfg = Debug|Any CPU
		{3F7585FD-37FC-4441-BCDC-2B5A4E9ECAEB}.Debug|x64.Build.0 = Debug|Any CPU
		{3F7585FD-37FC-4441-BCDC-2B5A4E9ECAEB}.Debug|x86.ActiveCfg = Debug|Any CPU
		{3F7585FD-37FC-4441-BCDC-2B5A4E9ECAEB}.Debug|x86.Build.0 = Debug|Any CPU
		{3F7585FD-37FC-4441-BCDC-2B5A4E9ECAEB}.Release|Any CPU.ActiveCfg = Release|Any CPU
		{3F7585FD-37FC-4441-BCDC-2B5A4E9ECAEB}.Release|Any CPU.Build.0 = Release|Any CPU
		{3F7585FD-37FC-4441-BCDC-2B5A4E9ECAEB}.Release|ARM.ActiveCfg = Release|Any CPU
		{3F7585FD-37FC-4441-BCDC-2B5A4E9ECAEB}.Release|ARM.Build.0 = Release|Any CPU
		{3F7585FD-37FC-4441-BCDC-2B5A4E9ECAEB}.Release|iPhone.ActiveCfg = Release|Any CPU
		{3F7585FD-37FC-4441-BCDC-2B5A4E9ECAEB}.Release|iPhone.Build.0 = Release|Any CPU
		{3F7585FD-37FC-4441-BCDC-2B5A4E9ECAEB}.Release|iPhoneSimulator.ActiveCfg = Release|Any CPU
		{3F7585FD-37FC-4441-BCDC-2B5A4E9ECAEB}.Release|iPhoneSimulator.Build.0 = Release|Any CPU
		{3F7585FD-37FC-4441-BCDC-2B5A4E9ECAEB}.Release|x64.ActiveCfg = Release|Any CPU
		{3F7585FD-37FC-4441-BCDC-2B5A4E9ECAEB}.Release|x64.Build.0 = Release|Any CPU
		{3F7585FD-37FC-4441-BCDC-2B5A4E9ECAEB}.Release|x86.ActiveCfg = Release|Any CPU
		{3F7585FD-37FC-4441-BCDC-2B5A4E9ECAEB}.Release|x86.Build.0 = Release|Any CPU
		{281ED003-8AC9-4B40-A0C6-F139B1318E36}.Ad-Hoc|Any CPU.ActiveCfg = Release|x86
		{281ED003-8AC9-4B40-A0C6-F139B1318E36}.Ad-Hoc|Any CPU.Build.0 = Release|x86
		{281ED003-8AC9-4B40-A0C6-F139B1318E36}.Ad-Hoc|Any CPU.Deploy.0 = Release|x86
		{281ED003-8AC9-4B40-A0C6-F139B1318E36}.Ad-Hoc|ARM.ActiveCfg = Release|ARM
		{281ED003-8AC9-4B40-A0C6-F139B1318E36}.Ad-Hoc|ARM.Build.0 = Release|ARM
		{281ED003-8AC9-4B40-A0C6-F139B1318E36}.Ad-Hoc|ARM.Deploy.0 = Release|ARM
		{281ED003-8AC9-4B40-A0C6-F139B1318E36}.Ad-Hoc|iPhone.ActiveCfg = Release|x86
		{281ED003-8AC9-4B40-A0C6-F139B1318E36}.Ad-Hoc|iPhone.Build.0 = Release|x86
		{281ED003-8AC9-4B40-A0C6-F139B1318E36}.Ad-Hoc|iPhone.Deploy.0 = Release|x86
		{281ED003-8AC9-4B40-A0C6-F139B1318E36}.Ad-Hoc|iPhoneSimulator.ActiveCfg = Release|x86
		{281ED003-8AC9-4B40-A0C6-F139B1318E36}.Ad-Hoc|iPhoneSimulator.Build.0 = Release|x86
		{281ED003-8AC9-4B40-A0C6-F139B1318E36}.Ad-Hoc|iPhoneSimulator.Deploy.0 = Release|x86
		{281ED003-8AC9-4B40-A0C6-F139B1318E36}.Ad-Hoc|x64.ActiveCfg = Release|x64
		{281ED003-8AC9-4B40-A0C6-F139B1318E36}.Ad-Hoc|x64.Build.0 = Release|x64
		{281ED003-8AC9-4B40-A0C6-F139B1318E36}.Ad-Hoc|x64.Deploy.0 = Release|x64
		{281ED003-8AC9-4B40-A0C6-F139B1318E36}.Ad-Hoc|x86.ActiveCfg = Release|x86
		{281ED003-8AC9-4B40-A0C6-F139B1318E36}.Ad-Hoc|x86.Build.0 = Release|x86
		{281ED003-8AC9-4B40-A0C6-F139B1318E36}.Ad-Hoc|x86.Deploy.0 = Release|x86
		{281ED003-8AC9-4B40-A0C6-F139B1318E36}.AppStore|Any CPU.ActiveCfg = Release|x86
		{281ED003-8AC9-4B40-A0C6-F139B1318E36}.AppStore|Any CPU.Build.0 = Release|x86
		{281ED003-8AC9-4B40-A0C6-F139B1318E36}.AppStore|Any CPU.Deploy.0 = Release|x86
		{281ED003-8AC9-4B40-A0C6-F139B1318E36}.AppStore|ARM.ActiveCfg = Release|ARM
		{281ED003-8AC9-4B40-A0C6-F139B1318E36}.AppStore|ARM.Build.0 = Release|ARM
		{281ED003-8AC9-4B40-A0C6-F139B1318E36}.AppStore|ARM.Deploy.0 = Release|ARM
		{281ED003-8AC9-4B40-A0C6-F139B1318E36}.AppStore|iPhone.ActiveCfg = Release|x86
		{281ED003-8AC9-4B40-A0C6-F139B1318E36}.AppStore|iPhone.Build.0 = Release|x86
		{281ED003-8AC9-4B40-A0C6-F139B1318E36}.AppStore|iPhone.Deploy.0 = Release|x86
		{281ED003-8AC9-4B40-A0C6-F139B1318E36}.AppStore|iPhoneSimulator.ActiveCfg = Release|x86
		{281ED003-8AC9-4B40-A0C6-F139B1318E36}.AppStore|iPhoneSimulator.Build.0 = Release|x86
		{281ED003-8AC9-4B40-A0C6-F139B1318E36}.AppStore|iPhoneSimulator.Deploy.0 = Release|x86
		{281ED003-8AC9-4B40-A0C6-F139B1318E36}.AppStore|x64.ActiveCfg = Release|x64
		{281ED003-8AC9-4B40-A0C6-F139B1318E36}.AppStore|x64.Build.0 = Release|x64
		{281ED003-8AC9-4B40-A0C6-F139B1318E36}.AppStore|x64.Deploy.0 = Release|x64
		{281ED003-8AC9-4B40-A0C6-F139B1318E36}.AppStore|x86.ActiveCfg = Release|x86
		{281ED003-8AC9-4B40-A0C6-F139B1318E36}.AppStore|x86.Build.0 = Release|x86
		{281ED003-8AC9-4B40-A0C6-F139B1318E36}.AppStore|x86.Deploy.0 = Release|x86
		{281ED003-8AC9-4B40-A0C6-F139B1318E36}.Debug|Any CPU.ActiveCfg = Debug|x86
		{281ED003-8AC9-4B40-A0C6-F139B1318E36}.Debug|ARM.ActiveCfg = Debug|ARM
		{281ED003-8AC9-4B40-A0C6-F139B1318E36}.Debug|ARM.Build.0 = Debug|ARM
		{281ED003-8AC9-4B40-A0C6-F139B1318E36}.Debug|ARM.Deploy.0 = Debug|ARM
		{281ED003-8AC9-4B40-A0C6-F139B1318E36}.Debug|iPhone.ActiveCfg = Debug|x86
		{281ED003-8AC9-4B40-A0C6-F139B1318E36}.Debug|iPhoneSimulator.ActiveCfg = Debug|x86
		{281ED003-8AC9-4B40-A0C6-F139B1318E36}.Debug|x64.ActiveCfg = Debug|x64
		{281ED003-8AC9-4B40-A0C6-F139B1318E36}.Debug|x64.Build.0 = Debug|x64
		{281ED003-8AC9-4B40-A0C6-F139B1318E36}.Debug|x64.Deploy.0 = Debug|x64
		{281ED003-8AC9-4B40-A0C6-F139B1318E36}.Debug|x86.ActiveCfg = Debug|x86
		{281ED003-8AC9-4B40-A0C6-F139B1318E36}.Debug|x86.Build.0 = Debug|x86
		{281ED003-8AC9-4B40-A0C6-F139B1318E36}.Debug|x86.Deploy.0 = Debug|x86
		{281ED003-8AC9-4B40-A0C6-F139B1318E36}.Release|Any CPU.ActiveCfg = Release|x86
		{281ED003-8AC9-4B40-A0C6-F139B1318E36}.Release|ARM.ActiveCfg = Release|ARM
		{281ED003-8AC9-4B40-A0C6-F139B1318E36}.Release|ARM.Build.0 = Release|ARM
		{281ED003-8AC9-4B40-A0C6-F139B1318E36}.Release|ARM.Deploy.0 = Release|ARM
		{281ED003-8AC9-4B40-A0C6-F139B1318E36}.Release|iPhone.ActiveCfg = Release|x86
		{281ED003-8AC9-4B40-A0C6-F139B1318E36}.Release|iPhoneSimulator.ActiveCfg = Release|x86
		{281ED003-8AC9-4B40-A0C6-F139B1318E36}.Release|x64.ActiveCfg = Release|x64
		{281ED003-8AC9-4B40-A0C6-F139B1318E36}.Release|x64.Build.0 = Release|x64
		{281ED003-8AC9-4B40-A0C6-F139B1318E36}.Release|x64.Deploy.0 = Release|x64
		{281ED003-8AC9-4B40-A0C6-F139B1318E36}.Release|x86.ActiveCfg = Release|x86
		{281ED003-8AC9-4B40-A0C6-F139B1318E36}.Release|x86.Build.0 = Release|x86
		{281ED003-8AC9-4B40-A0C6-F139B1318E36}.Release|x86.Deploy.0 = Release|x86
		{91F89AC4-6D05-4C35-8A76-D7142328BBBC}.Ad-Hoc|Any CPU.ActiveCfg = Ad-Hoc|iPhone
		{91F89AC4-6D05-4C35-8A76-D7142328BBBC}.Ad-Hoc|ARM.ActiveCfg = Ad-Hoc|iPhone
		{91F89AC4-6D05-4C35-8A76-D7142328BBBC}.Ad-Hoc|iPhone.ActiveCfg = Ad-Hoc|iPhone
		{91F89AC4-6D05-4C35-8A76-D7142328BBBC}.Ad-Hoc|iPhone.Build.0 = Ad-Hoc|iPhone
		{91F89AC4-6D05-4C35-8A76-D7142328BBBC}.Ad-Hoc|iPhoneSimulator.ActiveCfg = Ad-Hoc|iPhoneSimulator
		{91F89AC4-6D05-4C35-8A76-D7142328BBBC}.Ad-Hoc|iPhoneSimulator.Build.0 = Ad-Hoc|iPhoneSimulator
		{91F89AC4-6D05-4C35-8A76-D7142328BBBC}.Ad-Hoc|x64.ActiveCfg = Ad-Hoc|iPhone
		{91F89AC4-6D05-4C35-8A76-D7142328BBBC}.Ad-Hoc|x86.ActiveCfg = Ad-Hoc|iPhone
		{91F89AC4-6D05-4C35-8A76-D7142328BBBC}.AppStore|Any CPU.ActiveCfg = AppStore|iPhone
		{91F89AC4-6D05-4C35-8A76-D7142328BBBC}.AppStore|ARM.ActiveCfg = AppStore|iPhone
		{91F89AC4-6D05-4C35-8A76-D7142328BBBC}.AppStore|iPhone.ActiveCfg = AppStore|iPhone
		{91F89AC4-6D05-4C35-8A76-D7142328BBBC}.AppStore|iPhone.Build.0 = AppStore|iPhone
		{91F89AC4-6D05-4C35-8A76-D7142328BBBC}.AppStore|iPhoneSimulator.ActiveCfg = AppStore|iPhoneSimulator
		{91F89AC4-6D05-4C35-8A76-D7142328BBBC}.AppStore|iPhoneSimulator.Build.0 = AppStore|iPhoneSimulator
		{91F89AC4-6D05-4C35-8A76-D7142328BBBC}.AppStore|x64.ActiveCfg = AppStore|iPhone
		{91F89AC4-6D05-4C35-8A76-D7142328BBBC}.AppStore|x86.ActiveCfg = AppStore|iPhone
		{91F89AC4-6D05-4C35-8A76-D7142328BBBC}.Debug|Any CPU.ActiveCfg = Debug|iPhone
		{91F89AC4-6D05-4C35-8A76-D7142328BBBC}.Debug|ARM.ActiveCfg = Debug|iPhone
		{91F89AC4-6D05-4C35-8A76-D7142328BBBC}.Debug|iPhone.ActiveCfg = Debug|iPhone
		{91F89AC4-6D05-4C35-8A76-D7142328BBBC}.Debug|iPhone.Build.0 = Debug|iPhone
		{91F89AC4-6D05-4C35-8A76-D7142328BBBC}.Debug|iPhoneSimulator.ActiveCfg = Debug|iPhoneSimulator
		{91F89AC4-6D05-4C35-8A76-D7142328BBBC}.Debug|iPhoneSimulator.Build.0 = Debug|iPhoneSimulator
		{91F89AC4-6D05-4C35-8A76-D7142328BBBC}.Debug|x64.ActiveCfg = Debug|iPhone
		{91F89AC4-6D05-4C35-8A76-D7142328BBBC}.Debug|x86.ActiveCfg = Debug|iPhone
		{91F89AC4-6D05-4C35-8A76-D7142328BBBC}.Release|Any CPU.ActiveCfg = Release|iPhone
		{91F89AC4-6D05-4C35-8A76-D7142328BBBC}.Release|ARM.ActiveCfg = Release|iPhone
		{91F89AC4-6D05-4C35-8A76-D7142328BBBC}.Release|iPhone.ActiveCfg = Release|iPhone
		{91F89AC4-6D05-4C35-8A76-D7142328BBBC}.Release|iPhone.Build.0 = Release|iPhone
		{91F89AC4-6D05-4C35-8A76-D7142328BBBC}.Release|iPhoneSimulator.ActiveCfg = Release|iPhoneSimulator
		{91F89AC4-6D05-4C35-8A76-D7142328BBBC}.Release|iPhoneSimulator.Build.0 = Release|iPhoneSimulator
		{91F89AC4-6D05-4C35-8A76-D7142328BBBC}.Release|x64.ActiveCfg = Release|iPhone
		{91F89AC4-6D05-4C35-8A76-D7142328BBBC}.Release|x86.ActiveCfg = Release|iPhone
	EndGlobalSection
	GlobalSection(SolutionProperties) = preSolution
		HideSolutionNode = FALSE
	EndGlobalSection
EndGlobal
