
Microsoft Visual Studio Solution File, Format Version 12.00
# Visual Studio 14
VisualStudioVersion = 14.0.25420.1
MinimumVisualStudioVersion = 10.0.40219.1
Project("{FAE04EC0-301F-11D3-BF4B-00C04F79EFBC}") = "Practica4_1.Android", "Practica4-1\Practica4_1.Android\Practica4_1.Android.csproj", "{84558C43-0CA0-4743-9571-03CA39DD4E0A}"
EndProject
Project("{FAE04EC0-301F-11D3-BF4B-00C04F79EFBC}") = "Practica4_1", "Practica4-1\Practica4_1\Practica4_1.csproj", "{20D7F315-4E3E-4669-B6B1-799E509D7449}"
EndProject
Project("{FAE04EC0-301F-11D3-BF4B-00C04F79EFBC}") = "Practica4_1.UWP", "Practica4-1\Practica4_1.UWP\Practica4_1.UWP.csproj", "{262C7EFE-0DE1-4F92-A1D8-DE1E369E0566}"
EndProject
Project("{FAE04EC0-301F-11D3-BF4B-00C04F79EFBC}") = "Practica4_1.iOS", "Practica4-1\Practica4_1.iOS\Practica4_1.iOS.csproj", "{D606B8B6-CFC5-41F5-9581-7E7F1107F480}"
EndProject
Global
	GlobalSection(SolutionConfigurationPlatforms) = preSolution
		Ad-Hoc|Any CPU = Ad-Hoc|Any CPU
		Ad-Hoc|ARM = Ad-Hoc|ARM
		Ad-Hoc|iPhone = Ad-Hoc|iPhone
		Ad-Hoc|iPhoneSimulator = Ad-Hoc|iPhoneSimulator
		Ad-Hoc|x64 = Ad-Hoc|x64
		Ad-Hoc|x86 = Ad-Hoc|x86
		AppStore|Any CPU = AppStore|Any CPU
		AppStore|ARM = AppStore|ARM
		AppStore|iPhone = AppStore|iPhone
		AppStore|iPhoneSimulator = AppStore|iPhoneSimulator
		AppStore|x64 = AppStore|x64
		AppStore|x86 = AppStore|x86
		Debug|Any CPU = Debug|Any CPU
		Debug|ARM = Debug|ARM
		Debug|iPhone = Debug|iPhone
		Debug|iPhoneSimulator = Debug|iPhoneSimulator
		Debug|x64 = Debug|x64
		Debug|x86 = Debug|x86
		Release|Any CPU = Release|Any CPU
		Release|ARM = Release|ARM
		Release|iPhone = Release|iPhone
		Release|iPhoneSimulator = Release|iPhoneSimulator
		Release|x64 = Release|x64
		Release|x86 = Release|x86
	EndGlobalSection
	GlobalSection(ProjectConfigurationPlatforms) = postSolution
		{84558C43-0CA0-4743-9571-03CA39DD4E0A}.Ad-Hoc|Any CPU.ActiveCfg = Release|Any CPU
		{84558C43-0CA0-4743-9571-03CA39DD4E0A}.Ad-Hoc|Any CPU.Build.0 = Release|Any CPU
		{84558C43-0CA0-4743-9571-03CA39DD4E0A}.Ad-Hoc|Any CPU.Deploy.0 = Release|Any CPU
		{84558C43-0CA0-4743-9571-03CA39DD4E0A}.Ad-Hoc|ARM.ActiveCfg = Release|Any CPU
		{84558C43-0CA0-4743-9571-03CA39DD4E0A}.Ad-Hoc|ARM.Build.0 = Release|Any CPU
		{84558C43-0CA0-4743-9571-03CA39DD4E0A}.Ad-Hoc|ARM.Deploy.0 = Release|Any CPU
		{84558C43-0CA0-4743-9571-03CA39DD4E0A}.Ad-Hoc|iPhone.ActiveCfg = Release|Any CPU
		{84558C43-0CA0-4743-9571-03CA39DD4E0A}.Ad-Hoc|iPhone.Build.0 = Release|Any CPU
		{84558C43-0CA0-4743-9571-03CA39DD4E0A}.Ad-Hoc|iPhone.Deploy.0 = Release|Any CPU
		{84558C43-0CA0-4743-9571-03CA39DD4E0A}.Ad-Hoc|iPhoneSimulator.ActiveCfg = Release|Any CPU
		{84558C43-0CA0-4743-9571-03CA39DD4E0A}.Ad-Hoc|iPhoneSimulator.Build.0 = Release|Any CPU
		{84558C43-0CA0-4743-9571-03CA39DD4E0A}.Ad-Hoc|iPhoneSimulator.Deploy.0 = Release|Any CPU
		{84558C43-0CA0-4743-9571-03CA39DD4E0A}.Ad-Hoc|x64.ActiveCfg = Release|Any CPU
		{84558C43-0CA0-4743-9571-03CA39DD4E0A}.Ad-Hoc|x64.Build.0 = Release|Any CPU
		{84558C43-0CA0-4743-9571-03CA39DD4E0A}.Ad-Hoc|x64.Deploy.0 = Release|Any CPU
		{84558C43-0CA0-4743-9571-03CA39DD4E0A}.Ad-Hoc|x86.ActiveCfg = Release|Any CPU
		{84558C43-0CA0-4743-9571-03CA39DD4E0A}.Ad-Hoc|x86.Build.0 = Release|Any CPU
		{84558C43-0CA0-4743-9571-03CA39DD4E0A}.Ad-Hoc|x86.Deploy.0 = Release|Any CPU
		{84558C43-0CA0-4743-9571-03CA39DD4E0A}.AppStore|Any CPU.ActiveCfg = Release|Any CPU
		{84558C43-0CA0-4743-9571-03CA39DD4E0A}.AppStore|Any CPU.Build.0 = Release|Any CPU
		{84558C43-0CA0-4743-9571-03CA39DD4E0A}.AppStore|Any CPU.Deploy.0 = Release|Any CPU
		{84558C43-0CA0-4743-9571-03CA39DD4E0A}.AppStore|ARM.ActiveCfg = Release|Any CPU
		{84558C43-0CA0-4743-9571-03CA39DD4E0A}.AppStore|ARM.Build.0 = Release|Any CPU
		{84558C43-0CA0-4743-9571-03CA39DD4E0A}.AppStore|ARM.Deploy.0 = Release|Any CPU
		{84558C43-0CA0-4743-9571-03CA39DD4E0A}.AppStore|iPhone.ActiveCfg = Release|Any CPU
		{84558C43-0CA0-4743-9571-03CA39DD4E0A}.AppStore|iPhone.Build.0 = Release|Any CPU
		{84558C43-0CA0-4743-9571-03CA39DD4E0A}.AppStore|iPhone.Deploy.0 = Release|Any CPU
		{84558C43-0CA0-4743-9571-03CA39DD4E0A}.AppStore|iPhoneSimulator.ActiveCfg = Release|Any CPU
		{84558C43-0CA0-4743-9571-03CA39DD4E0A}.AppStore|iPhoneSimulator.Build.0 = Release|Any CPU
		{84558C43-0CA0-4743-9571-03CA39DD4E0A}.AppStore|iPhoneSimulator.Deploy.0 = Release|Any CPU
		{84558C43-0CA0-4743-9571-03CA39DD4E0A}.AppStore|x64.ActiveCfg = Release|Any CPU
		{84558C43-0CA0-4743-9571-03CA39DD4E0A}.AppStore|x64.Build.0 = Release|Any CPU
		{84558C43-0CA0-4743-9571-03CA39DD4E0A}.AppStore|x64.Deploy.0 = Release|Any CPU
		{84558C43-0CA0-4743-9571-03CA39DD4E0A}.AppStore|x86.ActiveCfg = Release|Any CPU
		{84558C43-0CA0-4743-9571-03CA39DD4E0A}.AppStore|x86.Build.0 = Release|Any CPU
		{84558C43-0CA0-4743-9571-03CA39DD4E0A}.AppStore|x86.Deploy.0 = Release|Any CPU
		{84558C43-0CA0-4743-9571-03CA39DD4E0A}.Debug|Any CPU.ActiveCfg = Debug|Any CPU
		{84558C43-0CA0-4743-9571-03CA39DD4E0A}.Debug|Any CPU.Build.0 = Debug|Any CPU
		{84558C43-0CA0-4743-9571-03CA39DD4E0A}.Debug|Any CPU.Deploy.0 = Debug|Any CPU
		{84558C43-0CA0-4743-9571-03CA39DD4E0A}.Debug|ARM.ActiveCfg = Debug|Any CPU
		{84558C43-0CA0-4743-9571-03CA39DD4E0A}.Debug|ARM.Build.0 = Debug|Any CPU
		{84558C43-0CA0-4743-9571-03CA39DD4E0A}.Debug|ARM.Deploy.0 = Debug|Any CPU
		{84558C43-0CA0-4743-9571-03CA39DD4E0A}.Debug|iPhone.ActiveCfg = Debug|Any CPU
		{84558C43-0CA0-4743-9571-03CA39DD4E0A}.Debug|iPhone.Build.0 = Debug|Any CPU
		{84558C43-0CA0-4743-9571-03CA39DD4E0A}.Debug|iPhone.Deploy.0 = Debug|Any CPU
		{84558C43-0CA0-4743-9571-03CA39DD4E0A}.Debug|iPhoneSimulator.ActiveCfg = Debug|Any CPU
		{84558C43-0CA0-4743-9571-03CA39DD4E0A}.Debug|iPhoneSimulator.Build.0 = Debug|Any CPU
		{84558C43-0CA0-4743-9571-03CA39DD4E0A}.Debug|iPhoneSimulator.Deploy.0 = Debug|Any CPU
		{84558C43-0CA0-4743-9571-03CA39DD4E0A}.Debug|x64.ActiveCfg = Debug|Any CPU
		{84558C43-0CA0-4743-9571-03CA39DD4E0A}.Debug|x64.Build.0 = Debug|Any CPU
		{84558C43-0CA0-4743-9571-03CA39DD4E0A}.Debug|x64.Deploy.0 = Debug|Any CPU
		{84558C43-0CA0-4743-9571-03CA39DD4E0A}.Debug|x86.ActiveCfg = Debug|Any CPU
		{84558C43-0CA0-4743-9571-03CA39DD4E0A}.Debug|x86.Build.0 = Debug|Any CPU
		{84558C43-0CA0-4743-9571-03CA39DD4E0A}.Debug|x86.Deploy.0 = Debug|Any CPU
		{84558C43-0CA0-4743-9571-03CA39DD4E0A}.Release|Any CPU.ActiveCfg = Release|Any CPU
		{84558C43-0CA0-4743-9571-03CA39DD4E0A}.Release|Any CPU.Build.0 = Release|Any CPU
		{84558C43-0CA0-4743-9571-03CA39DD4E0A}.Release|Any CPU.Deploy.0 = Release|Any CPU
		{84558C43-0CA0-4743-9571-03CA39DD4E0A}.Release|ARM.ActiveCfg = Release|Any CPU
		{84558C43-0CA0-4743-9571-03CA39DD4E0A}.Release|ARM.Build.0 = Release|Any CPU
		{84558C43-0CA0-4743-9571-03CA39DD4E0A}.Release|ARM.Deploy.0 = Release|Any CPU
		{84558C43-0CA0-4743-9571-03CA39DD4E0A}.Release|iPhone.ActiveCfg = Release|Any CPU
		{84558C43-0CA0-4743-9571-03CA39DD4E0A}.Release|iPhone.Build.0 = Release|Any CPU
		{84558C43-0CA0-4743-9571-03CA39DD4E0A}.Release|iPhone.Deploy.0 = Release|Any CPU
		{84558C43-0CA0-4743-9571-03CA39DD4E0A}.Release|iPhoneSimulator.ActiveCfg = Release|Any CPU
		{84558C43-0CA0-4743-9571-03CA39DD4E0A}.Release|iPhoneSimulator.Build.0 = Release|Any CPU
		{84558C43-0CA0-4743-9571-03CA39DD4E0A}.Release|iPhoneSimulator.Deploy.0 = Release|Any CPU
		{84558C43-0CA0-4743-9571-03CA39DD4E0A}.Release|x64.ActiveCfg = Release|Any CPU
		{84558C43-0CA0-4743-9571-03CA39DD4E0A}.Release|x64.Build.0 = Release|Any CPU
		{84558C43-0CA0-4743-9571-03CA39DD4E0A}.Release|x64.Deploy.0 = Release|Any CPU
		{84558C43-0CA0-4743-9571-03CA39DD4E0A}.Release|x86.ActiveCfg = Release|Any CPU
		{84558C43-0CA0-4743-9571-03CA39DD4E0A}.Release|x86.Build.0 = Release|Any CPU
		{84558C43-0CA0-4743-9571-03CA39DD4E0A}.Release|x86.Deploy.0 = Release|Any CPU
		{20D7F315-4E3E-4669-B6B1-799E509D7449}.Ad-Hoc|Any CPU.ActiveCfg = Release|Any CPU
		{20D7F315-4E3E-4669-B6B1-799E509D7449}.Ad-Hoc|Any CPU.Build.0 = Release|Any CPU
		{20D7F315-4E3E-4669-B6B1-799E509D7449}.Ad-Hoc|ARM.ActiveCfg = Release|Any CPU
		{20D7F315-4E3E-4669-B6B1-799E509D7449}.Ad-Hoc|ARM.Build.0 = Release|Any CPU
		{20D7F315-4E3E-4669-B6B1-799E509D7449}.Ad-Hoc|iPhone.ActiveCfg = Release|Any CPU
		{20D7F315-4E3E-4669-B6B1-799E509D7449}.Ad-Hoc|iPhone.Build.0 = Release|Any CPU
		{20D7F315-4E3E-4669-B6B1-799E509D7449}.Ad-Hoc|iPhoneSimulator.ActiveCfg = Release|Any CPU
		{20D7F315-4E3E-4669-B6B1-799E509D7449}.Ad-Hoc|iPhoneSimulator.Build.0 = Release|Any CPU
		{20D7F315-4E3E-4669-B6B1-799E509D7449}.Ad-Hoc|x64.ActiveCfg = Release|Any CPU
		{20D7F315-4E3E-4669-B6B1-799E509D7449}.Ad-Hoc|x64.Build.0 = Release|Any CPU
		{20D7F315-4E3E-4669-B6B1-799E509D7449}.Ad-Hoc|x86.ActiveCfg = Release|Any CPU
		{20D7F315-4E3E-4669-B6B1-799E509D7449}.Ad-Hoc|x86.Build.0 = Release|Any CPU
		{20D7F315-4E3E-4669-B6B1-799E509D7449}.AppStore|Any CPU.ActiveCfg = Release|Any CPU
		{20D7F315-4E3E-4669-B6B1-799E509D7449}.AppStore|Any CPU.Build.0 = Release|Any CPU
		{20D7F315-4E3E-4669-B6B1-799E509D7449}.AppStore|ARM.ActiveCfg = Release|Any CPU
		{20D7F315-4E3E-4669-B6B1-799E509D7449}.AppStore|ARM.Build.0 = Release|Any CPU
		{20D7F315-4E3E-4669-B6B1-799E509D7449}.AppStore|iPhone.ActiveCfg = Release|Any CPU
		{20D7F315-4E3E-4669-B6B1-799E509D7449}.AppStore|iPhone.Build.0 = Release|Any CPU
		{20D7F315-4E3E-4669-B6B1-799E509D7449}.AppStore|iPhoneSimulator.ActiveCfg = Release|Any CPU
		{20D7F315-4E3E-4669-B6B1-799E509D7449}.AppStore|iPhoneSimulator.Build.0 = Release|Any CPU
		{20D7F315-4E3E-4669-B6B1-799E509D7449}.AppStore|x64.ActiveCfg = Release|Any CPU
		{20D7F315-4E3E-4669-B6B1-799E509D7449}.AppStore|x64.Build.0 = Release|Any CPU
		{20D7F315-4E3E-4669-B6B1-799E509D7449}.AppStore|x86.ActiveCfg = Release|Any CPU
		{20D7F315-4E3E-4669-B6B1-799E509D7449}.AppStore|x86.Build.0 = Release|Any CPU
		{20D7F315-4E3E-4669-B6B1-799E509D7449}.Debug|Any CPU.ActiveCfg = Debug|Any CPU
		{20D7F315-4E3E-4669-B6B1-799E509D7449}.Debug|Any CPU.Build.0 = Debug|Any CPU
		{20D7F315-4E3E-4669-B6B1-799E509D7449}.Debug|ARM.ActiveCfg = Debug|Any CPU
		{20D7F315-4E3E-4669-B6B1-799E509D7449}.Debug|ARM.Build.0 = Debug|Any CPU
		{20D7F315-4E3E-4669-B6B1-799E509D7449}.Debug|iPhone.ActiveCfg = Debug|Any CPU
		{20D7F315-4E3E-4669-B6B1-799E509D7449}.Debug|iPhone.Build.0 = Debug|Any CPU
		{20D7F315-4E3E-4669-B6B1-799E509D7449}.Debug|iPhoneSimulator.ActiveCfg = Debug|Any CPU
		{20D7F315-4E3E-4669-B6B1-799E509D7449}.Debug|iPhoneSimulator.Build.0 = Debug|Any CPU
		{20D7F315-4E3E-4669-B6B1-799E509D7449}.Debug|x64.ActiveCfg = Debug|Any CPU
		{20D7F315-4E3E-4669-B6B1-799E509D7449}.Debug|x64.Build.0 = Debug|Any CPU
		{20D7F315-4E3E-4669-B6B1-799E509D7449}.Debug|x86.ActiveCfg = Debug|Any CPU
		{20D7F315-4E3E-4669-B6B1-799E509D7449}.Debug|x86.Build.0 = Debug|Any CPU
		{20D7F315-4E3E-4669-B6B1-799E509D7449}.Release|Any CPU.ActiveCfg = Release|Any CPU
		{20D7F315-4E3E-4669-B6B1-799E509D7449}.Release|Any CPU.Build.0 = Release|Any CPU
		{20D7F315-4E3E-4669-B6B1-799E509D7449}.Release|ARM.ActiveCfg = Release|Any CPU
		{20D7F315-4E3E-4669-B6B1-799E509D7449}.Release|ARM.Build.0 = Release|Any CPU
		{20D7F315-4E3E-4669-B6B1-799E509D7449}.Release|iPhone.ActiveCfg = Release|Any CPU
		{20D7F315-4E3E-4669-B6B1-799E509D7449}.Release|iPhone.Build.0 = Release|Any CPU
		{20D7F315-4E3E-4669-B6B1-799E509D7449}.Release|iPhoneSimulator.ActiveCfg = Release|Any CPU
		{20D7F315-4E3E-4669-B6B1-799E509D7449}.Release|iPhoneSimulator.Build.0 = Release|Any CPU
		{20D7F315-4E3E-4669-B6B1-799E509D7449}.Release|x64.ActiveCfg = Release|Any CPU
		{20D7F315-4E3E-4669-B6B1-799E509D7449}.Release|x64.Build.0 = Release|Any CPU
		{20D7F315-4E3E-4669-B6B1-799E509D7449}.Release|x86.ActiveCfg = Release|Any CPU
		{20D7F315-4E3E-4669-B6B1-799E509D7449}.Release|x86.Build.0 = Release|Any CPU
		{262C7EFE-0DE1-4F92-A1D8-DE1E369E0566}.Ad-Hoc|Any CPU.ActiveCfg = Release|x86
		{262C7EFE-0DE1-4F92-A1D8-DE1E369E0566}.Ad-Hoc|Any CPU.Build.0 = Release|x86
		{262C7EFE-0DE1-4F92-A1D8-DE1E369E0566}.Ad-Hoc|Any CPU.Deploy.0 = Release|x86
		{262C7EFE-0DE1-4F92-A1D8-DE1E369E0566}.Ad-Hoc|ARM.ActiveCfg = Release|ARM
		{262C7EFE-0DE1-4F92-A1D8-DE1E369E0566}.Ad-Hoc|ARM.Build.0 = Release|ARM
		{262C7EFE-0DE1-4F92-A1D8-DE1E369E0566}.Ad-Hoc|ARM.Deploy.0 = Release|ARM
		{262C7EFE-0DE1-4F92-A1D8-DE1E369E0566}.Ad-Hoc|iPhone.ActiveCfg = Release|x86
		{262C7EFE-0DE1-4F92-A1D8-DE1E369E0566}.Ad-Hoc|iPhone.Build.0 = Release|x86
		{262C7EFE-0DE1-4F92-A1D8-DE1E369E0566}.Ad-Hoc|iPhone.Deploy.0 = Release|x86
		{262C7EFE-0DE1-4F92-A1D8-DE1E369E0566}.Ad-Hoc|iPhoneSimulator.ActiveCfg = Release|x86
		{262C7EFE-0DE1-4F92-A1D8-DE1E369E0566}.Ad-Hoc|iPhoneSimulator.Build.0 = Release|x86
		{262C7EFE-0DE1-4F92-A1D8-DE1E369E0566}.Ad-Hoc|iPhoneSimulator.Deploy.0 = Release|x86
		{262C7EFE-0DE1-4F92-A1D8-DE1E369E0566}.Ad-Hoc|x64.ActiveCfg = Release|x64
		{262C7EFE-0DE1-4F92-A1D8-DE1E369E0566}.Ad-Hoc|x64.Build.0 = Release|x64
		{262C7EFE-0DE1-4F92-A1D8-DE1E369E0566}.Ad-Hoc|x64.Deploy.0 = Release|x64
		{262C7EFE-0DE1-4F92-A1D8-DE1E369E0566}.Ad-Hoc|x86.ActiveCfg = Release|x86
		{262C7EFE-0DE1-4F92-A1D8-DE1E369E0566}.Ad-Hoc|x86.Build.0 = Release|x86
		{262C7EFE-0DE1-4F92-A1D8-DE1E369E0566}.Ad-Hoc|x86.Deploy.0 = Release|x86
		{262C7EFE-0DE1-4F92-A1D8-DE1E369E0566}.AppStore|Any CPU.ActiveCfg = Release|x86
		{262C7EFE-0DE1-4F92-A1D8-DE1E369E0566}.AppStore|Any CPU.Build.0 = Release|x86
		{262C7EFE-0DE1-4F92-A1D8-DE1E369E0566}.AppStore|Any CPU.Deploy.0 = Release|x86
		{262C7EFE-0DE1-4F92-A1D8-DE1E369E0566}.AppStore|ARM.ActiveCfg = Release|ARM
		{262C7EFE-0DE1-4F92-A1D8-DE1E369E0566}.AppStore|ARM.Build.0 = Release|ARM
		{262C7EFE-0DE1-4F92-A1D8-DE1E369E0566}.AppStore|ARM.Deploy.0 = Release|ARM
		{262C7EFE-0DE1-4F92-A1D8-DE1E369E0566}.AppStore|iPhone.ActiveCfg = Release|x86
		{262C7EFE-0DE1-4F92-A1D8-DE1E369E0566}.AppStore|iPhone.Build.0 = Release|x86
		{262C7EFE-0DE1-4F92-A1D8-DE1E369E0566}.AppStore|iPhone.Deploy.0 = Release|x86
		{262C7EFE-0DE1-4F92-A1D8-DE1E369E0566}.AppStore|iPhoneSimulator.ActiveCfg = Release|x86
		{262C7EFE-0DE1-4F92-A1D8-DE1E369E0566}.AppStore|iPhoneSimulator.Build.0 = Release|x86
		{262C7EFE-0DE1-4F92-A1D8-DE1E369E0566}.AppStore|iPhoneSimulator.Deploy.0 = Release|x86
		{262C7EFE-0DE1-4F92-A1D8-DE1E369E0566}.AppStore|x64.ActiveCfg = Release|x64
		{262C7EFE-0DE1-4F92-A1D8-DE1E369E0566}.AppStore|x64.Build.0 = Release|x64
		{262C7EFE-0DE1-4F92-A1D8-DE1E369E0566}.AppStore|x64.Deploy.0 = Release|x64
		{262C7EFE-0DE1-4F92-A1D8-DE1E369E0566}.AppStore|x86.ActiveCfg = Release|x86
		{262C7EFE-0DE1-4F92-A1D8-DE1E369E0566}.AppStore|x86.Build.0 = Release|x86
		{262C7EFE-0DE1-4F92-A1D8-DE1E369E0566}.AppStore|x86.Deploy.0 = Release|x86
		{262C7EFE-0DE1-4F92-A1D8-DE1E369E0566}.Debug|Any CPU.ActiveCfg = Debug|x86
		{262C7EFE-0DE1-4F92-A1D8-DE1E369E0566}.Debug|ARM.ActiveCfg = Debug|ARM
		{262C7EFE-0DE1-4F92-A1D8-DE1E369E0566}.Debug|ARM.Build.0 = Debug|ARM
		{262C7EFE-0DE1-4F92-A1D8-DE1E369E0566}.Debug|ARM.Deploy.0 = Debug|ARM
		{262C7EFE-0DE1-4F92-A1D8-DE1E369E0566}.Debug|iPhone.ActiveCfg = Debug|x86
		{262C7EFE-0DE1-4F92-A1D8-DE1E369E0566}.Debug|iPhoneSimulator.ActiveCfg = Debug|x86
		{262C7EFE-0DE1-4F92-A1D8-DE1E369E0566}.Debug|x64.ActiveCfg = Debug|x64
		{262C7EFE-0DE1-4F92-A1D8-DE1E369E0566}.Debug|x64.Build.0 = Debug|x64
		{262C7EFE-0DE1-4F92-A1D8-DE1E369E0566}.Debug|x64.Deploy.0 = Debug|x64
		{262C7EFE-0DE1-4F92-A1D8-DE1E369E0566}.Debug|x86.ActiveCfg = Debug|x86
		{262C7EFE-0DE1-4F92-A1D8-DE1E369E0566}.Debug|x86.Build.0 = Debug|x86
		{262C7EFE-0DE1-4F92-A1D8-DE1E369E0566}.Debug|x86.Deploy.0 = Debug|x86
		{262C7EFE-0DE1-4F92-A1D8-DE1E369E0566}.Release|Any CPU.ActiveCfg = Release|x86
		{262C7EFE-0DE1-4F92-A1D8-DE1E369E0566}.Release|ARM.ActiveCfg = Release|ARM
		{262C7EFE-0DE1-4F92-A1D8-DE1E369E0566}.Release|ARM.Build.0 = Release|ARM
		{262C7EFE-0DE1-4F92-A1D8-DE1E369E0566}.Release|ARM.Deploy.0 = Release|ARM
		{262C7EFE-0DE1-4F92-A1D8-DE1E369E0566}.Release|iPhone.ActiveCfg = Release|x86
		{262C7EFE-0DE1-4F92-A1D8-DE1E369E0566}.Release|iPhoneSimulator.ActiveCfg = Release|x86
		{262C7EFE-0DE1-4F92-A1D8-DE1E369E0566}.Release|x64.ActiveCfg = Release|x64
		{262C7EFE-0DE1-4F92-A1D8-DE1E369E0566}.Release|x64.Build.0 = Release|x64
		{262C7EFE-0DE1-4F92-A1D8-DE1E369E0566}.Release|x64.Deploy.0 = Release|x64
		{262C7EFE-0DE1-4F92-A1D8-DE1E369E0566}.Release|x86.ActiveCfg = Release|x86
		{262C7EFE-0DE1-4F92-A1D8-DE1E369E0566}.Release|x86.Build.0 = Release|x86
		{262C7EFE-0DE1-4F92-A1D8-DE1E369E0566}.Release|x86.Deploy.0 = Release|x86
		{D606B8B6-CFC5-41F5-9581-7E7F1107F480}.Ad-Hoc|Any CPU.ActiveCfg = Ad-Hoc|iPhone
		{D606B8B6-CFC5-41F5-9581-7E7F1107F480}.Ad-Hoc|ARM.ActiveCfg = Ad-Hoc|iPhone
		{D606B8B6-CFC5-41F5-9581-7E7F1107F480}.Ad-Hoc|iPhone.ActiveCfg = Ad-Hoc|iPhone
		{D606B8B6-CFC5-41F5-9581-7E7F1107F480}.Ad-Hoc|iPhone.Build.0 = Ad-Hoc|iPhone
		{D606B8B6-CFC5-41F5-9581-7E7F1107F480}.Ad-Hoc|iPhoneSimulator.ActiveCfg = Ad-Hoc|iPhoneSimulator
		{D606B8B6-CFC5-41F5-9581-7E7F1107F480}.Ad-Hoc|iPhoneSimulator.Build.0 = Ad-Hoc|iPhoneSimulator
		{D606B8B6-CFC5-41F5-9581-7E7F1107F480}.Ad-Hoc|x64.ActiveCfg = Ad-Hoc|iPhone
		{D606B8B6-CFC5-41F5-9581-7E7F1107F480}.Ad-Hoc|x86.ActiveCfg = Ad-Hoc|iPhone
		{D606B8B6-CFC5-41F5-9581-7E7F1107F480}.AppStore|Any CPU.ActiveCfg = AppStore|iPhone
		{D606B8B6-CFC5-41F5-9581-7E7F1107F480}.AppStore|ARM.ActiveCfg = AppStore|iPhone
		{D606B8B6-CFC5-41F5-9581-7E7F1107F480}.AppStore|iPhone.ActiveCfg = AppStore|iPhone
		{D606B8B6-CFC5-41F5-9581-7E7F1107F480}.AppStore|iPhone.Build.0 = AppStore|iPhone
		{D606B8B6-CFC5-41F5-9581-7E7F1107F480}.AppStore|iPhoneSimulator.ActiveCfg = AppStore|iPhoneSimulator
		{D606B8B6-CFC5-41F5-9581-7E7F1107F480}.AppStore|iPhoneSimulator.Build.0 = AppStore|iPhoneSimulator
		{D606B8B6-CFC5-41F5-9581-7E7F1107F480}.AppStore|x64.ActiveCfg = AppStore|iPhone
		{D606B8B6-CFC5-41F5-9581-7E7F1107F480}.AppStore|x86.ActiveCfg = AppStore|iPhone
		{D606B8B6-CFC5-41F5-9581-7E7F1107F480}.Debug|Any CPU.ActiveCfg = Debug|iPhone
		{D606B8B6-CFC5-41F5-9581-7E7F1107F480}.Debug|ARM.ActiveCfg = Debug|iPhone
		{D606B8B6-CFC5-41F5-9581-7E7F1107F480}.Debug|iPhone.ActiveCfg = Debug|iPhone
		{D606B8B6-CFC5-41F5-9581-7E7F1107F480}.Debug|iPhone.Build.0 = Debug|iPhone
		{D606B8B6-CFC5-41F5-9581-7E7F1107F480}.Debug|iPhoneSimulator.ActiveCfg = Debug|iPhoneSimulator
		{D606B8B6-CFC5-41F5-9581-7E7F1107F480}.Debug|iPhoneSimulator.Build.0 = Debug|iPhoneSimulator
		{D606B8B6-CFC5-41F5-9581-7E7F1107F480}.Debug|x64.ActiveCfg = Debug|iPhone
		{D606B8B6-CFC5-41F5-9581-7E7F1107F480}.Debug|x86.ActiveCfg = Debug|iPhone
		{D606B8B6-CFC5-41F5-9581-7E7F1107F480}.Release|Any CPU.ActiveCfg = Release|iPhone
		{D606B8B6-CFC5-41F5-9581-7E7F1107F480}.Release|ARM.ActiveCfg = Release|iPhone
		{D606B8B6-CFC5-41F5-9581-7E7F1107F480}.Release|iPhone.ActiveCfg = Release|iPhone
		{D606B8B6-CFC5-41F5-9581-7E7F1107F480}.Release|iPhone.Build.0 = Release|iPhone
		{D606B8B6-CFC5-41F5-9581-7E7F1107F480}.Release|iPhoneSimulator.ActiveCfg = Release|iPhoneSimulator
		{D606B8B6-CFC5-41F5-9581-7E7F1107F480}.Release|iPhoneSimulator.Build.0 = Release|iPhoneSimulator
		{D606B8B6-CFC5-41F5-9581-7E7F1107F480}.Release|x64.ActiveCfg = Release|iPhone
		{D606B8B6-CFC5-41F5-9581-7E7F1107F480}.Release|x86.ActiveCfg = Release|iPhone
	EndGlobalSection
	GlobalSection(SolutionProperties) = preSolution
		HideSolutionNode = FALSE
	EndGlobalSection
EndGlobal
