
Microsoft Visual Studio Solution File, Format Version 12.00
# Visual Studio 14
VisualStudioVersion = 14.0.25420.1
MinimumVisualStudioVersion = 10.0.40219.1
Project("{FAE04EC0-301F-11D3-BF4B-00C04F79EFBC}") = "Proyecto05_ListView.Android", "Proyecto05-ListView\Proyecto05_ListView.Android\Proyecto05_ListView.Android.csproj", "{757B0124-6925-49C5-84EF-276ACD557374}"
EndProject
Project("{FAE04EC0-301F-11D3-BF4B-00C04F79EFBC}") = "Proyecto05_ListView", "Proyecto05-ListView\Proyecto05_ListView\Proyecto05_ListView.csproj", "{AA4EF725-8A0E-41D2-9502-F43A8C8E5261}"
EndProject
Project("{FAE04EC0-301F-11D3-BF4B-00C04F79EFBC}") = "Proyecto05_ListView.UWP", "Proyecto05-ListView\Proyecto05_ListView.UWP\Proyecto05_ListView.UWP.csproj", "{9621A540-8869-483E-83A6-D70BFA871982}"
EndProject
Project("{FAE04EC0-301F-11D3-BF4B-00C04F79EFBC}") = "Proyecto05_ListView.iOS", "Proyecto05-ListView\Proyecto05_ListView.iOS\Proyecto05_ListView.iOS.csproj", "{3A7C7451-1875-4D9F-9F17-9D37E1BD49AA}"
EndProject
Global
	GlobalSection(SolutionConfigurationPlatforms) = preSolution
		Ad-Hoc|Any CPU = Ad-Hoc|Any CPU
		Ad-Hoc|ARM = Ad-Hoc|ARM
		Ad-Hoc|iPhone = Ad-Hoc|iPhone
		Ad-Hoc|iPhoneSimulator = Ad-Hoc|iPhoneSimulator
		Ad-Hoc|x64 = Ad-Hoc|x64
		Ad-Hoc|x86 = Ad-Hoc|x86
		AppStore|Any CPU = AppStore|Any CPU
		AppStore|ARM = AppStore|ARM
		AppStore|iPhone = AppStore|iPhone
		AppStore|iPhoneSimulator = AppStore|iPhoneSimulator
		AppStore|x64 = AppStore|x64
		AppStore|x86 = AppStore|x86
		Debug|Any CPU = Debug|Any CPU
		Debug|ARM = Debug|ARM
		Debug|iPhone = Debug|iPhone
		Debug|iPhoneSimulator = Debug|iPhoneSimulator
		Debug|x64 = Debug|x64
		Debug|x86 = Debug|x86
		Release|Any CPU = Release|Any CPU
		Release|ARM = Release|ARM
		Release|iPhone = Release|iPhone
		Release|iPhoneSimulator = Release|iPhoneSimulator
		Release|x64 = Release|x64
		Release|x86 = Release|x86
	EndGlobalSection
	GlobalSection(ProjectConfigurationPlatforms) = postSolution
		{757B0124-6925-49C5-84EF-276ACD557374}.Ad-Hoc|Any CPU.ActiveCfg = Release|Any CPU
		{757B0124-6925-49C5-84EF-276ACD557374}.Ad-Hoc|Any CPU.Build.0 = Release|Any CPU
		{757B0124-6925-49C5-84EF-276ACD557374}.Ad-Hoc|Any CPU.Deploy.0 = Release|Any CPU
		{757B0124-6925-49C5-84EF-276ACD557374}.Ad-Hoc|ARM.ActiveCfg = Release|Any CPU
		{757B0124-6925-49C5-84EF-276ACD557374}.Ad-Hoc|ARM.Build.0 = Release|Any CPU
		{757B0124-6925-49C5-84EF-276ACD557374}.Ad-Hoc|ARM.Deploy.0 = Release|Any CPU
		{757B0124-6925-49C5-84EF-276ACD557374}.Ad-Hoc|iPhone.ActiveCfg = Release|Any CPU
		{757B0124-6925-49C5-84EF-276ACD557374}.Ad-Hoc|iPhone.Build.0 = Release|Any CPU
		{757B0124-6925-49C5-84EF-276ACD557374}.Ad-Hoc|iPhone.Deploy.0 = Release|Any CPU
		{757B0124-6925-49C5-84EF-276ACD557374}.Ad-Hoc|iPhoneSimulator.ActiveCfg = Release|Any CPU
		{757B0124-6925-49C5-84EF-276ACD557374}.Ad-Hoc|iPhoneSimulator.Build.0 = Release|Any CPU
		{757B0124-6925-49C5-84EF-276ACD557374}.Ad-Hoc|iPhoneSimulator.Deploy.0 = Release|Any CPU
		{757B0124-6925-49C5-84EF-276ACD557374}.Ad-Hoc|x64.ActiveCfg = Release|Any CPU
		{757B0124-6925-49C5-84EF-276ACD557374}.Ad-Hoc|x64.Build.0 = Release|Any CPU
		{757B0124-6925-49C5-84EF-276ACD557374}.Ad-Hoc|x64.Deploy.0 = Release|Any CPU
		{757B0124-6925-49C5-84EF-276ACD557374}.Ad-Hoc|x86.ActiveCfg = Release|Any CPU
		{757B0124-6925-49C5-84EF-276ACD557374}.Ad-Hoc|x86.Build.0 = Release|Any CPU
		{757B0124-6925-49C5-84EF-276ACD557374}.Ad-Hoc|x86.Deploy.0 = Release|Any CPU
		{757B0124-6925-49C5-84EF-276ACD557374}.AppStore|Any CPU.ActiveCfg = Release|Any CPU
		{757B0124-6925-49C5-84EF-276ACD557374}.AppStore|Any CPU.Build.0 = Release|Any CPU
		{757B0124-6925-49C5-84EF-276ACD557374}.AppStore|Any CPU.Deploy.0 = Release|Any CPU
		{757B0124-6925-49C5-84EF-276ACD557374}.AppStore|ARM.ActiveCfg = Release|Any CPU
		{757B0124-6925-49C5-84EF-276ACD557374}.AppStore|ARM.Build.0 = Release|Any CPU
		{757B0124-6925-49C5-84EF-276ACD557374}.AppStore|ARM.Deploy.0 = Release|Any CPU
		{757B0124-6925-49C5-84EF-276ACD557374}.AppStore|iPhone.ActiveCfg = Release|Any CPU
		{757B0124-6925-49C5-84EF-276ACD557374}.AppStore|iPhone.Build.0 = Release|Any CPU
		{757B0124-6925-49C5-84EF-276ACD557374}.AppStore|iPhone.Deploy.0 = Release|Any CPU
		{757B0124-6925-49C5-84EF-276ACD557374}.AppStore|iPhoneSimulator.ActiveCfg = Release|Any CPU
		{757B0124-6925-49C5-84EF-276ACD557374}.AppStore|iPhoneSimulator.Build.0 = Release|Any CPU
		{757B0124-6925-49C5-84EF-276ACD557374}.AppStore|iPhoneSimulator.Deploy.0 = Release|Any CPU
		{757B0124-6925-49C5-84EF-276ACD557374}.AppStore|x64.ActiveCfg = Release|Any CPU
		{757B0124-6925-49C5-84EF-276ACD557374}.AppStore|x64.Build.0 = Release|Any CPU
		{757B0124-6925-49C5-84EF-276ACD557374}.AppStore|x64.Deploy.0 = Release|Any CPU
		{757B0124-6925-49C5-84EF-276ACD557374}.AppStore|x86.ActiveCfg = Release|Any CPU
		{757B0124-6925-49C5-84EF-276ACD557374}.AppStore|x86.Build.0 = Release|Any CPU
		{757B0124-6925-49C5-84EF-276ACD557374}.AppStore|x86.Deploy.0 = Release|Any CPU
		{757B0124-6925-49C5-84EF-276ACD557374}.Debug|Any CPU.ActiveCfg = Debug|Any CPU
		{757B0124-6925-49C5-84EF-276ACD557374}.Debug|Any CPU.Build.0 = Debug|Any CPU
		{757B0124-6925-49C5-84EF-276ACD557374}.Debug|Any CPU.Deploy.0 = Debug|Any CPU
		{757B0124-6925-49C5-84EF-276ACD557374}.Debug|ARM.ActiveCfg = Debug|Any CPU
		{757B0124-6925-49C5-84EF-276ACD557374}.Debug|ARM.Build.0 = Debug|Any CPU
		{757B0124-6925-49C5-84EF-276ACD557374}.Debug|ARM.Deploy.0 = Debug|Any CPU
		{757B0124-6925-49C5-84EF-276ACD557374}.Debug|iPhone.ActiveCfg = Debug|Any CPU
		{757B0124-6925-49C5-84EF-276ACD557374}.Debug|iPhone.Build.0 = Debug|Any CPU
		{757B0124-6925-49C5-84EF-276ACD557374}.Debug|iPhone.Deploy.0 = Debug|Any CPU
		{757B0124-6925-49C5-84EF-276ACD557374}.Debug|iPhoneSimulator.ActiveCfg = Debug|Any CPU
		{757B0124-6925-49C5-84EF-276ACD557374}.Debug|iPhoneSimulator.Build.0 = Debug|Any CPU
		{757B0124-6925-49C5-84EF-276ACD557374}.Debug|iPhoneSimulator.Deploy.0 = Debug|Any CPU
		{757B0124-6925-49C5-84EF-276ACD557374}.Debug|x64.ActiveCfg = Debug|Any CPU
		{757B0124-6925-49C5-84EF-276ACD557374}.Debug|x64.Build.0 = Debug|Any CPU
		{757B0124-6925-49C5-84EF-276ACD557374}.Debug|x64.Deploy.0 = Debug|Any CPU
		{757B0124-6925-49C5-84EF-276ACD557374}.Debug|x86.ActiveCfg = Debug|Any CPU
		{757B0124-6925-49C5-84EF-276ACD557374}.Debug|x86.Build.0 = Debug|Any CPU
		{757B0124-6925-49C5-84EF-276ACD557374}.Debug|x86.Deploy.0 = Debug|Any CPU
		{757B0124-6925-49C5-84EF-276ACD557374}.Release|Any CPU.ActiveCfg = Release|Any CPU
		{757B0124-6925-49C5-84EF-276ACD557374}.Release|Any CPU.Build.0 = Release|Any CPU
		{757B0124-6925-49C5-84EF-276ACD557374}.Release|Any CPU.Deploy.0 = Release|Any CPU
		{757B0124-6925-49C5-84EF-276ACD557374}.Release|ARM.ActiveCfg = Release|Any CPU
		{757B0124-6925-49C5-84EF-276ACD557374}.Release|ARM.Build.0 = Release|Any CPU
		{757B0124-6925-49C5-84EF-276ACD557374}.Release|ARM.Deploy.0 = Release|Any CPU
		{757B0124-6925-49C5-84EF-276ACD557374}.Release|iPhone.ActiveCfg = Release|Any CPU
		{757B0124-6925-49C5-84EF-276ACD557374}.Release|iPhone.Build.0 = Release|Any CPU
		{757B0124-6925-49C5-84EF-276ACD557374}.Release|iPhone.Deploy.0 = Release|Any CPU
		{757B0124-6925-49C5-84EF-276ACD557374}.Release|iPhoneSimulator.ActiveCfg = Release|Any CPU
		{757B0124-6925-49C5-84EF-276ACD557374}.Release|iPhoneSimulator.Build.0 = Release|Any CPU
		{757B0124-6925-49C5-84EF-276ACD557374}.Release|iPhoneSimulator.Deploy.0 = Release|Any CPU
		{757B0124-6925-49C5-84EF-276ACD557374}.Release|x64.ActiveCfg = Release|Any CPU
		{757B0124-6925-49C5-84EF-276ACD557374}.Release|x64.Build.0 = Release|Any CPU
		{757B0124-6925-49C5-84EF-276ACD557374}.Release|x64.Deploy.0 = Release|Any CPU
		{757B0124-6925-49C5-84EF-276ACD557374}.Release|x86.ActiveCfg = Release|Any CPU
		{757B0124-6925-49C5-84EF-276ACD557374}.Release|x86.Build.0 = Release|Any CPU
		{757B0124-6925-49C5-84EF-276ACD557374}.Release|x86.Deploy.0 = Release|Any CPU
		{AA4EF725-8A0E-41D2-9502-F43A8C8E5261}.Ad-Hoc|Any CPU.ActiveCfg = Release|Any CPU
		{AA4EF725-8A0E-41D2-9502-F43A8C8E5261}.Ad-Hoc|Any CPU.Build.0 = Release|Any CPU
		{AA4EF725-8A0E-41D2-9502-F43A8C8E5261}.Ad-Hoc|ARM.ActiveCfg = Release|Any CPU
		{AA4EF725-8A0E-41D2-9502-F43A8C8E5261}.Ad-Hoc|ARM.Build.0 = Release|Any CPU
		{AA4EF725-8A0E-41D2-9502-F43A8C8E5261}.Ad-Hoc|iPhone.ActiveCfg = Release|Any CPU
		{AA4EF725-8A0E-41D2-9502-F43A8C8E5261}.Ad-Hoc|iPhone.Build.0 = Release|Any CPU
		{AA4EF725-8A0E-41D2-9502-F43A8C8E5261}.Ad-Hoc|iPhoneSimulator.ActiveCfg = Release|Any CPU
		{AA4EF725-8A0E-41D2-9502-F43A8C8E5261}.Ad-Hoc|iPhoneSimulator.Build.0 = Release|Any CPU
		{AA4EF725-8A0E-41D2-9502-F43A8C8E5261}.Ad-Hoc|x64.ActiveCfg = Release|Any CPU
		{AA4EF725-8A0E-41D2-9502-F43A8C8E5261}.Ad-Hoc|x64.Build.0 = Release|Any CPU
		{AA4EF725-8A0E-41D2-9502-F43A8C8E5261}.Ad-Hoc|x86.ActiveCfg = Release|Any CPU
		{AA4EF725-8A0E-41D2-9502-F43A8C8E5261}.Ad-Hoc|x86.Build.0 = Release|Any CPU
		{AA4EF725-8A0E-41D2-9502-F43A8C8E5261}.AppStore|Any CPU.ActiveCfg = Release|Any CPU
		{AA4EF725-8A0E-41D2-9502-F43A8C8E5261}.AppStore|Any CPU.Build.0 = Release|Any CPU
		{AA4EF725-8A0E-41D2-9502-F43A8C8E5261}.AppStore|ARM.ActiveCfg = Release|Any CPU
		{AA4EF725-8A0E-41D2-9502-F43A8C8E5261}.AppStore|ARM.Build.0 = Release|Any CPU
		{AA4EF725-8A0E-41D2-9502-F43A8C8E5261}.AppStore|iPhone.ActiveCfg = Release|Any CPU
		{AA4EF725-8A0E-41D2-9502-F43A8C8E5261}.AppStore|iPhone.Build.0 = Release|Any CPU
		{AA4EF725-8A0E-41D2-9502-F43A8C8E5261}.AppStore|iPhoneSimulator.ActiveCfg = Release|Any CPU
		{AA4EF725-8A0E-41D2-9502-F43A8C8E5261}.AppStore|iPhoneSimulator.Build.0 = Release|Any CPU
		{AA4EF725-8A0E-41D2-9502-F43A8C8E5261}.AppStore|x64.ActiveCfg = Release|Any CPU
		{AA4EF725-8A0E-41D2-9502-F43A8C8E5261}.AppStore|x64.Build.0 = Release|Any CPU
		{AA4EF725-8A0E-41D2-9502-F43A8C8E5261}.AppStore|x86.ActiveCfg = Release|Any CPU
		{AA4EF725-8A0E-41D2-9502-F43A8C8E5261}.AppStore|x86.Build.0 = Release|Any CPU
		{AA4EF725-8A0E-41D2-9502-F43A8C8E5261}.Debug|Any CPU.ActiveCfg = Debug|Any CPU
		{AA4EF725-8A0E-41D2-9502-F43A8C8E5261}.Debug|Any CPU.Build.0 = Debug|Any CPU
		{AA4EF725-8A0E-41D2-9502-F43A8C8E5261}.Debug|ARM.ActiveCfg = Debug|Any CPU
		{AA4EF725-8A0E-41D2-9502-F43A8C8E5261}.Debug|ARM.Build.0 = Debug|Any CPU
		{AA4EF725-8A0E-41D2-9502-F43A8C8E5261}.Debug|iPhone.ActiveCfg = Debug|Any CPU
		{AA4EF725-8A0E-41D2-9502-F43A8C8E5261}.Debug|iPhone.Build.0 = Debug|Any CPU
		{AA4EF725-8A0E-41D2-9502-F43A8C8E5261}.Debug|iPhoneSimulator.ActiveCfg = Debug|Any CPU
		{AA4EF725-8A0E-41D2-9502-F43A8C8E5261}.Debug|iPhoneSimulator.Build.0 = Debug|Any CPU
		{AA4EF725-8A0E-41D2-9502-F43A8C8E5261}.Debug|x64.ActiveCfg = Debug|Any CPU
		{AA4EF725-8A0E-41D2-9502-F43A8C8E5261}.Debug|x64.Build.0 = Debug|Any CPU
		{AA4EF725-8A0E-41D2-9502-F43A8C8E5261}.Debug|x86.ActiveCfg = Debug|Any CPU
		{AA4EF725-8A0E-41D2-9502-F43A8C8E5261}.Debug|x86.Build.0 = Debug|Any CPU
		{AA4EF725-8A0E-41D2-9502-F43A8C8E5261}.Release|Any CPU.ActiveCfg = Release|Any CPU
		{AA4EF725-8A0E-41D2-9502-F43A8C8E5261}.Release|Any CPU.Build.0 = Release|Any CPU
		{AA4EF725-8A0E-41D2-9502-F43A8C8E5261}.Release|ARM.ActiveCfg = Release|Any CPU
		{AA4EF725-8A0E-41D2-9502-F43A8C8E5261}.Release|ARM.Build.0 = Release|Any CPU
		{AA4EF725-8A0E-41D2-9502-F43A8C8E5261}.Release|iPhone.ActiveCfg = Release|Any CPU
		{AA4EF725-8A0E-41D2-9502-F43A8C8E5261}.Release|iPhone.Build.0 = Release|Any CPU
		{AA4EF725-8A0E-41D2-9502-F43A8C8E5261}.Release|iPhoneSimulator.ActiveCfg = Release|Any CPU
		{AA4EF725-8A0E-41D2-9502-F43A8C8E5261}.Release|iPhoneSimulator.Build.0 = Release|Any CPU
		{AA4EF725-8A0E-41D2-9502-F43A8C8E5261}.Release|x64.ActiveCfg = Release|Any CPU
		{AA4EF725-8A0E-41D2-9502-F43A8C8E5261}.Release|x64.Build.0 = Release|Any CPU
		{AA4EF725-8A0E-41D2-9502-F43A8C8E5261}.Release|x86.ActiveCfg = Release|Any CPU
		{AA4EF725-8A0E-41D2-9502-F43A8C8E5261}.Release|x86.Build.0 = Release|Any CPU
		{9621A540-8869-483E-83A6-D70BFA871982}.Ad-Hoc|Any CPU.ActiveCfg = Release|x86
		{9621A540-8869-483E-83A6-D70BFA871982}.Ad-Hoc|Any CPU.Build.0 = Release|x86
		{9621A540-8869-483E-83A6-D70BFA871982}.Ad-Hoc|Any CPU.Deploy.0 = Release|x86
		{9621A540-8869-483E-83A6-D70BFA871982}.Ad-Hoc|ARM.ActiveCfg = Release|ARM
		{9621A540-8869-483E-83A6-D70BFA871982}.Ad-Hoc|ARM.Build.0 = Release|ARM
		{9621A540-8869-483E-83A6-D70BFA871982}.Ad-Hoc|ARM.Deploy.0 = Release|ARM
		{9621A540-8869-483E-83A6-D70BFA871982}.Ad-Hoc|iPhone.ActiveCfg = Release|x86
		{9621A540-8869-483E-83A6-D70BFA871982}.Ad-Hoc|iPhone.Build.0 = Release|x86
		{9621A540-8869-483E-83A6-D70BFA871982}.Ad-Hoc|iPhone.Deploy.0 = Release|x86
		{9621A540-8869-483E-83A6-D70BFA871982}.Ad-Hoc|iPhoneSimulator.ActiveCfg = Release|x86
		{9621A540-8869-483E-83A6-D70BFA871982}.Ad-Hoc|iPhoneSimulator.Build.0 = Release|x86
		{9621A540-8869-483E-83A6-D70BFA871982}.Ad-Hoc|iPhoneSimulator.Deploy.0 = Release|x86
		{9621A540-8869-483E-83A6-D70BFA871982}.Ad-Hoc|x64.ActiveCfg = Release|x64
		{9621A540-8869-483E-83A6-D70BFA871982}.Ad-Hoc|x64.Build.0 = Release|x64
		{9621A540-8869-483E-83A6-D70BFA871982}.Ad-Hoc|x64.Deploy.0 = Release|x64
		{9621A540-8869-483E-83A6-D70BFA871982}.Ad-Hoc|x86.ActiveCfg = Release|x86
		{9621A540-8869-483E-83A6-D70BFA871982}.Ad-Hoc|x86.Build.0 = Release|x86
		{9621A540-8869-483E-83A6-D70BFA871982}.Ad-Hoc|x86.Deploy.0 = Release|x86
		{9621A540-8869-483E-83A6-D70BFA871982}.AppStore|Any CPU.ActiveCfg = Release|x86
		{9621A540-8869-483E-83A6-D70BFA871982}.AppStore|Any CPU.Build.0 = Release|x86
		{9621A540-8869-483E-83A6-D70BFA871982}.AppStore|Any CPU.Deploy.0 = Release|x86
		{9621A540-8869-483E-83A6-D70BFA871982}.AppStore|ARM.ActiveCfg = Release|ARM
		{9621A540-8869-483E-83A6-D70BFA871982}.AppStore|ARM.Build.0 = Release|ARM
		{9621A540-8869-483E-83A6-D70BFA871982}.AppStore|ARM.Deploy.0 = Release|ARM
		{9621A540-8869-483E-83A6-D70BFA871982}.AppStore|iPhone.ActiveCfg = Release|x86
		{9621A540-8869-483E-83A6-D70BFA871982}.AppStore|iPhone.Build.0 = Release|x86
		{9621A540-8869-483E-83A6-D70BFA871982}.AppStore|iPhone.Deploy.0 = Release|x86
		{9621A540-8869-483E-83A6-D70BFA871982}.AppStore|iPhoneSimulator.ActiveCfg = Release|x86
		{9621A540-8869-483E-83A6-D70BFA871982}.AppStore|iPhoneSimulator.Build.0 = Release|x86
		{9621A540-8869-483E-83A6-D70BFA871982}.AppStore|iPhoneSimulator.Deploy.0 = Release|x86
		{9621A540-8869-483E-83A6-D70BFA871982}.AppStore|x64.ActiveCfg = Release|x64
		{9621A540-8869-483E-83A6-D70BFA871982}.AppStore|x64.Build.0 = Release|x64
		{9621A540-8869-483E-83A6-D70BFA871982}.AppStore|x64.Deploy.0 = Release|x64
		{9621A540-8869-483E-83A6-D70BFA871982}.AppStore|x86.ActiveCfg = Release|x86
		{9621A540-8869-483E-83A6-D70BFA871982}.AppStore|x86.Build.0 = Release|x86
		{9621A540-8869-483E-83A6-D70BFA871982}.AppStore|x86.Deploy.0 = Release|x86
		{9621A540-8869-483E-83A6-D70BFA871982}.Debug|Any CPU.ActiveCfg = Debug|x86
		{9621A540-8869-483E-83A6-D70BFA871982}.Debug|ARM.ActiveCfg = Debug|ARM
		{9621A540-8869-483E-83A6-D70BFA871982}.Debug|ARM.Build.0 = Debug|ARM
		{9621A540-8869-483E-83A6-D70BFA871982}.Debug|ARM.Deploy.0 = Debug|ARM
		{9621A540-8869-483E-83A6-D70BFA871982}.Debug|iPhone.ActiveCfg = Debug|x86
		{9621A540-8869-483E-83A6-D70BFA871982}.Debug|iPhoneSimulator.ActiveCfg = Debug|x86
		{9621A540-8869-483E-83A6-D70BFA871982}.Debug|x64.ActiveCfg = Debug|x64
		{9621A540-8869-483E-83A6-D70BFA871982}.Debug|x64.Build.0 = Debug|x64
		{9621A540-8869-483E-83A6-D70BFA871982}.Debug|x64.Deploy.0 = Debug|x64
		{9621A540-8869-483E-83A6-D70BFA871982}.Debug|x86.ActiveCfg = Debug|x86
		{9621A540-8869-483E-83A6-D70BFA871982}.Debug|x86.Build.0 = Debug|x86
		{9621A540-8869-483E-83A6-D70BFA871982}.Debug|x86.Deploy.0 = Debug|x86
		{9621A540-8869-483E-83A6-D70BFA871982}.Release|Any CPU.ActiveCfg = Release|x86
		{9621A540-8869-483E-83A6-D70BFA871982}.Release|ARM.ActiveCfg = Release|ARM
		{9621A540-8869-483E-83A6-D70BFA871982}.Release|ARM.Build.0 = Release|ARM
		{9621A540-8869-483E-83A6-D70BFA871982}.Release|ARM.Deploy.0 = Release|ARM
		{9621A540-8869-483E-83A6-D70BFA871982}.Release|iPhone.ActiveCfg = Release|x86
		{9621A540-8869-483E-83A6-D70BFA871982}.Release|iPhoneSimulator.ActiveCfg = Release|x86
		{9621A540-8869-483E-83A6-D70BFA871982}.Release|x64.ActiveCfg = Release|x64
		{9621A540-8869-483E-83A6-D70BFA871982}.Release|x64.Build.0 = Release|x64
		{9621A540-8869-483E-83A6-D70BFA871982}.Release|x64.Deploy.0 = Release|x64
		{9621A540-8869-483E-83A6-D70BFA871982}.Release|x86.ActiveCfg = Release|x86
		{9621A540-8869-483E-83A6-D70BFA871982}.Release|x86.Build.0 = Release|x86
		{9621A540-8869-483E-83A6-D70BFA871982}.Release|x86.Deploy.0 = Release|x86
		{3A7C7451-1875-4D9F-9F17-9D37E1BD49AA}.Ad-Hoc|Any CPU.ActiveCfg = Ad-Hoc|iPhone
		{3A7C7451-1875-4D9F-9F17-9D37E1BD49AA}.Ad-Hoc|ARM.ActiveCfg = Ad-Hoc|iPhone
		{3A7C7451-1875-4D9F-9F17-9D37E1BD49AA}.Ad-Hoc|iPhone.ActiveCfg = Ad-Hoc|iPhone
		{3A7C7451-1875-4D9F-9F17-9D37E1BD49AA}.Ad-Hoc|iPhone.Build.0 = Ad-Hoc|iPhone
		{3A7C7451-1875-4D9F-9F17-9D37E1BD49AA}.Ad-Hoc|iPhoneSimulator.ActiveCfg = Ad-Hoc|iPhoneSimulator
		{3A7C7451-1875-4D9F-9F17-9D37E1BD49AA}.Ad-Hoc|iPhoneSimulator.Build.0 = Ad-Hoc|iPhoneSimulator
		{3A7C7451-1875-4D9F-9F17-9D37E1BD49AA}.Ad-Hoc|x64.ActiveCfg = Ad-Hoc|iPhone
		{3A7C7451-1875-4D9F-9F17-9D37E1BD49AA}.Ad-Hoc|x86.ActiveCfg = Ad-Hoc|iPhone
		{3A7C7451-1875-4D9F-9F17-9D37E1BD49AA}.AppStore|Any CPU.ActiveCfg = AppStore|iPhone
		{3A7C7451-1875-4D9F-9F17-9D37E1BD49AA}.AppStore|ARM.ActiveCfg = AppStore|iPhone
		{3A7C7451-1875-4D9F-9F17-9D37E1BD49AA}.AppStore|iPhone.ActiveCfg = AppStore|iPhone
		{3A7C7451-1875-4D9F-9F17-9D37E1BD49AA}.AppStore|iPhone.Build.0 = AppStore|iPhone
		{3A7C7451-1875-4D9F-9F17-9D37E1BD49AA}.AppStore|iPhoneSimulator.ActiveCfg = AppStore|iPhoneSimulator
		{3A7C7451-1875-4D9F-9F17-9D37E1BD49AA}.AppStore|iPhoneSimulator.Build.0 = AppStore|iPhoneSimulator
		{3A7C7451-1875-4D9F-9F17-9D37E1BD49AA}.AppStore|x64.ActiveCfg = AppStore|iPhone
		{3A7C7451-1875-4D9F-9F17-9D37E1BD49AA}.AppStore|x86.ActiveCfg = AppStore|iPhone
		{3A7C7451-1875-4D9F-9F17-9D37E1BD49AA}.Debug|Any CPU.ActiveCfg = Debug|iPhone
		{3A7C7451-1875-4D9F-9F17-9D37E1BD49AA}.Debug|ARM.ActiveCfg = Debug|iPhone
		{3A7C7451-1875-4D9F-9F17-9D37E1BD49AA}.Debug|iPhone.ActiveCfg = Debug|iPhone
		{3A7C7451-1875-4D9F-9F17-9D37E1BD49AA}.Debug|iPhone.Build.0 = Debug|iPhone
		{3A7C7451-1875-4D9F-9F17-9D37E1BD49AA}.Debug|iPhoneSimulator.ActiveCfg = Debug|iPhoneSimulator
		{3A7C7451-1875-4D9F-9F17-9D37E1BD49AA}.Debug|iPhoneSimulator.Build.0 = Debug|iPhoneSimulator
		{3A7C7451-1875-4D9F-9F17-9D37E1BD49AA}.Debug|x64.ActiveCfg = Debug|iPhone
		{3A7C7451-1875-4D9F-9F17-9D37E1BD49AA}.Debug|x86.ActiveCfg = Debug|iPhone
		{3A7C7451-1875-4D9F-9F17-9D37E1BD49AA}.Release|Any CPU.ActiveCfg = Release|iPhone
		{3A7C7451-1875-4D9F-9F17-9D37E1BD49AA}.Release|ARM.ActiveCfg = Release|iPhone
		{3A7C7451-1875-4D9F-9F17-9D37E1BD49AA}.Release|iPhone.ActiveCfg = Release|iPhone
		{3A7C7451-1875-4D9F-9F17-9D37E1BD49AA}.Release|iPhone.Build.0 = Release|iPhone
		{3A7C7451-1875-4D9F-9F17-9D37E1BD49AA}.Release|iPhoneSimulator.ActiveCfg = Release|iPhoneSimulator
		{3A7C7451-1875-4D9F-9F17-9D37E1BD49AA}.Release|iPhoneSimulator.Build.0 = Release|iPhoneSimulator
		{3A7C7451-1875-4D9F-9F17-9D37E1BD49AA}.Release|x64.ActiveCfg = Release|iPhone
		{3A7C7451-1875-4D9F-9F17-9D37E1BD49AA}.Release|x86.ActiveCfg = Release|iPhone
	EndGlobalSection
	GlobalSection(SolutionProperties) = preSolution
		HideSolutionNode = FALSE
	EndGlobalSection
EndGlobal
