
Microsoft Visual Studio Solution File, Format Version 12.00
# Visual Studio 14
VisualStudioVersion = 14.0.25420.1
MinimumVisualStudioVersion = 10.0.40219.1
Project("{FAE04EC0-301F-11D3-BF4B-00C04F79EFBC}") = "Ejercicio3_1.Android", "Ejercicio3-1\Ejercicio3_1.Android\Ejercicio3_1.Android.csproj", "{5E0ABD5C-29A0-4CE7-8A75-12B85B280188}"
EndProject
Project("{FAE04EC0-301F-11D3-BF4B-00C04F79EFBC}") = "Ejercicio3_1", "Ejercicio3-1\Ejercicio3_1\Ejercicio3_1.csproj", "{6869906B-8D87-480F-9A44-40B3E8F8162F}"
EndProject
Project("{FAE04EC0-301F-11D3-BF4B-00C04F79EFBC}") = "Ejercicio3_1.UWP", "Ejercicio3-1\Ejercicio3_1.UWP\Ejercicio3_1.UWP.csproj", "{A51B1E79-087C-4021-AAB6-64E50CC18632}"
EndProject
Project("{FAE04EC0-301F-11D3-BF4B-00C04F79EFBC}") = "Ejercicio3_1.iOS", "Ejercicio3-1\Ejercicio3_1.iOS\Ejercicio3_1.iOS.csproj", "{FEFF8CCE-3F94-4431-A350-F1B9E5149025}"
EndProject
Global
	GlobalSection(SolutionConfigurationPlatforms) = preSolution
		Ad-Hoc|Any CPU = Ad-Hoc|Any CPU
		Ad-Hoc|ARM = Ad-Hoc|ARM
		Ad-Hoc|iPhone = Ad-Hoc|iPhone
		Ad-Hoc|iPhoneSimulator = Ad-Hoc|iPhoneSimulator
		Ad-Hoc|x64 = Ad-Hoc|x64
		Ad-Hoc|x86 = Ad-Hoc|x86
		AppStore|Any CPU = AppStore|Any CPU
		AppStore|ARM = AppStore|ARM
		AppStore|iPhone = AppStore|iPhone
		AppStore|iPhoneSimulator = AppStore|iPhoneSimulator
		AppStore|x64 = AppStore|x64
		AppStore|x86 = AppStore|x86
		Debug|Any CPU = Debug|Any CPU
		Debug|ARM = Debug|ARM
		Debug|iPhone = Debug|iPhone
		Debug|iPhoneSimulator = Debug|iPhoneSimulator
		Debug|x64 = Debug|x64
		Debug|x86 = Debug|x86
		Release|Any CPU = Release|Any CPU
		Release|ARM = Release|ARM
		Release|iPhone = Release|iPhone
		Release|iPhoneSimulator = Release|iPhoneSimulator
		Release|x64 = Release|x64
		Release|x86 = Release|x86
	EndGlobalSection
	GlobalSection(ProjectConfigurationPlatforms) = postSolution
		{5E0ABD5C-29A0-4CE7-8A75-12B85B280188}.Ad-Hoc|Any CPU.ActiveCfg = Release|Any CPU
		{5E0ABD5C-29A0-4CE7-8A75-12B85B280188}.Ad-Hoc|Any CPU.Build.0 = Release|Any CPU
		{5E0ABD5C-29A0-4CE7-8A75-12B85B280188}.Ad-Hoc|Any CPU.Deploy.0 = Release|Any CPU
		{5E0ABD5C-29A0-4CE7-8A75-12B85B280188}.Ad-Hoc|ARM.ActiveCfg = Release|Any CPU
		{5E0ABD5C-29A0-4CE7-8A75-12B85B280188}.Ad-Hoc|ARM.Build.0 = Release|Any CPU
		{5E0ABD5C-29A0-4CE7-8A75-12B85B280188}.Ad-Hoc|ARM.Deploy.0 = Release|Any CPU
		{5E0ABD5C-29A0-4CE7-8A75-12B85B280188}.Ad-Hoc|iPhone.ActiveCfg = Release|Any CPU
		{5E0ABD5C-29A0-4CE7-8A75-12B85B280188}.Ad-Hoc|iPhone.Build.0 = Release|Any CPU
		{5E0ABD5C-29A0-4CE7-8A75-12B85B280188}.Ad-Hoc|iPhone.Deploy.0 = Release|Any CPU
		{5E0ABD5C-29A0-4CE7-8A75-12B85B280188}.Ad-Hoc|iPhoneSimulator.ActiveCfg = Release|Any CPU
		{5E0ABD5C-29A0-4CE7-8A75-12B85B280188}.Ad-Hoc|iPhoneSimulator.Build.0 = Release|Any CPU
		{5E0ABD5C-29A0-4CE7-8A75-12B85B280188}.Ad-Hoc|iPhoneSimulator.Deploy.0 = Release|Any CPU
		{5E0ABD5C-29A0-4CE7-8A75-12B85B280188}.Ad-Hoc|x64.ActiveCfg = Release|Any CPU
		{5E0ABD5C-29A0-4CE7-8A75-12B85B280188}.Ad-Hoc|x64.Build.0 = Release|Any CPU
		{5E0ABD5C-29A0-4CE7-8A75-12B85B280188}.Ad-Hoc|x64.Deploy.0 = Release|Any CPU
		{5E0ABD5C-29A0-4CE7-8A75-12B85B280188}.Ad-Hoc|x86.ActiveCfg = Release|Any CPU
		{5E0ABD5C-29A0-4CE7-8A75-12B85B280188}.Ad-Hoc|x86.Build.0 = Release|Any CPU
		{5E0ABD5C-29A0-4CE7-8A75-12B85B280188}.Ad-Hoc|x86.Deploy.0 = Release|Any CPU
		{5E0ABD5C-29A0-4CE7-8A75-12B85B280188}.AppStore|Any CPU.ActiveCfg = Release|Any CPU
		{5E0ABD5C-29A0-4CE7-8A75-12B85B280188}.AppStore|Any CPU.Build.0 = Release|Any CPU
		{5E0ABD5C-29A0-4CE7-8A75-12B85B280188}.AppStore|Any CPU.Deploy.0 = Release|Any CPU
		{5E0ABD5C-29A0-4CE7-8A75-12B85B280188}.AppStore|ARM.ActiveCfg = Release|Any CPU
		{5E0ABD5C-29A0-4CE7-8A75-12B85B280188}.AppStore|ARM.Build.0 = Release|Any CPU
		{5E0ABD5C-29A0-4CE7-8A75-12B85B280188}.AppStore|ARM.Deploy.0 = Release|Any CPU
		{5E0ABD5C-29A0-4CE7-8A75-12B85B280188}.AppStore|iPhone.ActiveCfg = Release|Any CPU
		{5E0ABD5C-29A0-4CE7-8A75-12B85B280188}.AppStore|iPhone.Build.0 = Release|Any CPU
		{5E0ABD5C-29A0-4CE7-8A75-12B85B280188}.AppStore|iPhone.Deploy.0 = Release|Any CPU
		{5E0ABD5C-29A0-4CE7-8A75-12B85B280188}.AppStore|iPhoneSimulator.ActiveCfg = Release|Any CPU
		{5E0ABD5C-29A0-4CE7-8A75-12B85B280188}.AppStore|iPhoneSimulator.Build.0 = Release|Any CPU
		{5E0ABD5C-29A0-4CE7-8A75-12B85B280188}.AppStore|iPhoneSimulator.Deploy.0 = Release|Any CPU
		{5E0ABD5C-29A0-4CE7-8A75-12B85B280188}.AppStore|x64.ActiveCfg = Release|Any CPU
		{5E0ABD5C-29A0-4CE7-8A75-12B85B280188}.AppStore|x64.Build.0 = Release|Any CPU
		{5E0ABD5C-29A0-4CE7-8A75-12B85B280188}.AppStore|x64.Deploy.0 = Release|Any CPU
		{5E0ABD5C-29A0-4CE7-8A75-12B85B280188}.AppStore|x86.ActiveCfg = Release|Any CPU
		{5E0ABD5C-29A0-4CE7-8A75-12B85B280188}.AppStore|x86.Build.0 = Release|Any CPU
		{5E0ABD5C-29A0-4CE7-8A75-12B85B280188}.AppStore|x86.Deploy.0 = Release|Any CPU
		{5E0ABD5C-29A0-4CE7-8A75-12B85B280188}.Debug|Any CPU.ActiveCfg = Debug|Any CPU
		{5E0ABD5C-29A0-4CE7-8A75-12B85B280188}.Debug|Any CPU.Build.0 = Debug|Any CPU
		{5E0ABD5C-29A0-4CE7-8A75-12B85B280188}.Debug|Any CPU.Deploy.0 = Debug|Any CPU
		{5E0ABD5C-29A0-4CE7-8A75-12B85B280188}.Debug|ARM.ActiveCfg = Debug|Any CPU
		{5E0ABD5C-29A0-4CE7-8A75-12B85B280188}.Debug|ARM.Build.0 = Debug|Any CPU
		{5E0ABD5C-29A0-4CE7-8A75-12B85B280188}.Debug|ARM.Deploy.0 = Debug|Any CPU
		{5E0ABD5C-29A0-4CE7-8A75-12B85B280188}.Debug|iPhone.ActiveCfg = Debug|Any CPU
		{5E0ABD5C-29A0-4CE7-8A75-12B85B280188}.Debug|iPhone.Build.0 = Debug|Any CPU
		{5E0ABD5C-29A0-4CE7-8A75-12B85B280188}.Debug|iPhone.Deploy.0 = Debug|Any CPU
		{5E0ABD5C-29A0-4CE7-8A75-12B85B280188}.Debug|iPhoneSimulator.ActiveCfg = Debug|Any CPU
		{5E0ABD5C-29A0-4CE7-8A75-12B85B280188}.Debug|iPhoneSimulator.Build.0 = Debug|Any CPU
		{5E0ABD5C-29A0-4CE7-8A75-12B85B280188}.Debug|iPhoneSimulator.Deploy.0 = Debug|Any CPU
		{5E0ABD5C-29A0-4CE7-8A75-12B85B280188}.Debug|x64.ActiveCfg = Debug|Any CPU
		{5E0ABD5C-29A0-4CE7-8A75-12B85B280188}.Debug|x64.Build.0 = Debug|Any CPU
		{5E0ABD5C-29A0-4CE7-8A75-12B85B280188}.Debug|x64.Deploy.0 = Debug|Any CPU
		{5E0ABD5C-29A0-4CE7-8A75-12B85B280188}.Debug|x86.ActiveCfg = Debug|Any CPU
		{5E0ABD5C-29A0-4CE7-8A75-12B85B280188}.Debug|x86.Build.0 = Debug|Any CPU
		{5E0ABD5C-29A0-4CE7-8A75-12B85B280188}.Debug|x86.Deploy.0 = Debug|Any CPU
		{5E0ABD5C-29A0-4CE7-8A75-12B85B280188}.Release|Any CPU.ActiveCfg = Release|Any CPU
		{5E0ABD5C-29A0-4CE7-8A75-12B85B280188}.Release|Any CPU.Build.0 = Release|Any CPU
		{5E0ABD5C-29A0-4CE7-8A75-12B85B280188}.Release|Any CPU.Deploy.0 = Release|Any CPU
		{5E0ABD5C-29A0-4CE7-8A75-12B85B280188}.Release|ARM.ActiveCfg = Release|Any CPU
		{5E0ABD5C-29A0-4CE7-8A75-12B85B280188}.Release|ARM.Build.0 = Release|Any CPU
		{5E0ABD5C-29A0-4CE7-8A75-12B85B280188}.Release|ARM.Deploy.0 = Release|Any CPU
		{5E0ABD5C-29A0-4CE7-8A75-12B85B280188}.Release|iPhone.ActiveCfg = Release|Any CPU
		{5E0ABD5C-29A0-4CE7-8A75-12B85B280188}.Release|iPhone.Build.0 = Release|Any CPU
		{5E0ABD5C-29A0-4CE7-8A75-12B85B280188}.Release|iPhone.Deploy.0 = Release|Any CPU
		{5E0ABD5C-29A0-4CE7-8A75-12B85B280188}.Release|iPhoneSimulator.ActiveCfg = Release|Any CPU
		{5E0ABD5C-29A0-4CE7-8A75-12B85B280188}.Release|iPhoneSimulator.Build.0 = Release|Any CPU
		{5E0ABD5C-29A0-4CE7-8A75-12B85B280188}.Release|iPhoneSimulator.Deploy.0 = Release|Any CPU
		{5E0ABD5C-29A0-4CE7-8A75-12B85B280188}.Release|x64.ActiveCfg = Release|Any CPU
		{5E0ABD5C-29A0-4CE7-8A75-12B85B280188}.Release|x64.Build.0 = Release|Any CPU
		{5E0ABD5C-29A0-4CE7-8A75-12B85B280188}.Release|x64.Deploy.0 = Release|Any CPU
		{5E0ABD5C-29A0-4CE7-8A75-12B85B280188}.Release|x86.ActiveCfg = Release|Any CPU
		{5E0ABD5C-29A0-4CE7-8A75-12B85B280188}.Release|x86.Build.0 = Release|Any CPU
		{5E0ABD5C-29A0-4CE7-8A75-12B85B280188}.Release|x86.Deploy.0 = Release|Any CPU
		{6869906B-8D87-480F-9A44-40B3E8F8162F}.Ad-Hoc|Any CPU.ActiveCfg = Release|Any CPU
		{6869906B-8D87-480F-9A44-40B3E8F8162F}.Ad-Hoc|Any CPU.Build.0 = Release|Any CPU
		{6869906B-8D87-480F-9A44-40B3E8F8162F}.Ad-Hoc|ARM.ActiveCfg = Release|Any CPU
		{6869906B-8D87-480F-9A44-40B3E8F8162F}.Ad-Hoc|ARM.Build.0 = Release|Any CPU
		{6869906B-8D87-480F-9A44-40B3E8F8162F}.Ad-Hoc|iPhone.ActiveCfg = Release|Any CPU
		{6869906B-8D87-480F-9A44-40B3E8F8162F}.Ad-Hoc|iPhone.Build.0 = Release|Any CPU
		{6869906B-8D87-480F-9A44-40B3E8F8162F}.Ad-Hoc|iPhoneSimulator.ActiveCfg = Release|Any CPU
		{6869906B-8D87-480F-9A44-40B3E8F8162F}.Ad-Hoc|iPhoneSimulator.Build.0 = Release|Any CPU
		{6869906B-8D87-480F-9A44-40B3E8F8162F}.Ad-Hoc|x64.ActiveCfg = Release|Any CPU
		{6869906B-8D87-480F-9A44-40B3E8F8162F}.Ad-Hoc|x64.Build.0 = Release|Any CPU
		{6869906B-8D87-480F-9A44-40B3E8F8162F}.Ad-Hoc|x86.ActiveCfg = Release|Any CPU
		{6869906B-8D87-480F-9A44-40B3E8F8162F}.Ad-Hoc|x86.Build.0 = Release|Any CPU
		{6869906B-8D87-480F-9A44-40B3E8F8162F}.AppStore|Any CPU.ActiveCfg = Release|Any CPU
		{6869906B-8D87-480F-9A44-40B3E8F8162F}.AppStore|Any CPU.Build.0 = Release|Any CPU
		{6869906B-8D87-480F-9A44-40B3E8F8162F}.AppStore|ARM.ActiveCfg = Release|Any CPU
		{6869906B-8D87-480F-9A44-40B3E8F8162F}.AppStore|ARM.Build.0 = Release|Any CPU
		{6869906B-8D87-480F-9A44-40B3E8F8162F}.AppStore|iPhone.ActiveCfg = Release|Any CPU
		{6869906B-8D87-480F-9A44-40B3E8F8162F}.AppStore|iPhone.Build.0 = Release|Any CPU
		{6869906B-8D87-480F-9A44-40B3E8F8162F}.AppStore|iPhoneSimulator.ActiveCfg = Release|Any CPU
		{6869906B-8D87-480F-9A44-40B3E8F8162F}.AppStore|iPhoneSimulator.Build.0 = Release|Any CPU
		{6869906B-8D87-480F-9A44-40B3E8F8162F}.AppStore|x64.ActiveCfg = Release|Any CPU
		{6869906B-8D87-480F-9A44-40B3E8F8162F}.AppStore|x64.Build.0 = Release|Any CPU
		{6869906B-8D87-480F-9A44-40B3E8F8162F}.AppStore|x86.ActiveCfg = Release|Any CPU
		{6869906B-8D87-480F-9A44-40B3E8F8162F}.AppStore|x86.Build.0 = Release|Any CPU
		{6869906B-8D87-480F-9A44-40B3E8F8162F}.Debug|Any CPU.ActiveCfg = Debug|Any CPU
		{6869906B-8D87-480F-9A44-40B3E8F8162F}.Debug|Any CPU.Build.0 = Debug|Any CPU
		{6869906B-8D87-480F-9A44-40B3E8F8162F}.Debug|ARM.ActiveCfg = Debug|Any CPU
		{6869906B-8D87-480F-9A44-40B3E8F8162F}.Debug|ARM.Build.0 = Debug|Any CPU
		{6869906B-8D87-480F-9A44-40B3E8F8162F}.Debug|iPhone.ActiveCfg = Debug|Any CPU
		{6869906B-8D87-480F-9A44-40B3E8F8162F}.Debug|iPhone.Build.0 = Debug|Any CPU
		{6869906B-8D87-480F-9A44-40B3E8F8162F}.Debug|iPhoneSimulator.ActiveCfg = Debug|Any CPU
		{6869906B-8D87-480F-9A44-40B3E8F8162F}.Debug|iPhoneSimulator.Build.0 = Debug|Any CPU
		{6869906B-8D87-480F-9A44-40B3E8F8162F}.Debug|x64.ActiveCfg = Debug|Any CPU
		{6869906B-8D87-480F-9A44-40B3E8F8162F}.Debug|x64.Build.0 = Debug|Any CPU
		{6869906B-8D87-480F-9A44-40B3E8F8162F}.Debug|x86.ActiveCfg = Debug|Any CPU
		{6869906B-8D87-480F-9A44-40B3E8F8162F}.Debug|x86.Build.0 = Debug|Any CPU
		{6869906B-8D87-480F-9A44-40B3E8F8162F}.Release|Any CPU.ActiveCfg = Release|Any CPU
		{6869906B-8D87-480F-9A44-40B3E8F8162F}.Release|Any CPU.Build.0 = Release|Any CPU
		{6869906B-8D87-480F-9A44-40B3E8F8162F}.Release|ARM.ActiveCfg = Release|Any CPU
		{6869906B-8D87-480F-9A44-40B3E8F8162F}.Release|ARM.Build.0 = Release|Any CPU
		{6869906B-8D87-480F-9A44-40B3E8F8162F}.Release|iPhone.ActiveCfg = Release|Any CPU
		{6869906B-8D87-480F-9A44-40B3E8F8162F}.Release|iPhone.Build.0 = Release|Any CPU
		{6869906B-8D87-480F-9A44-40B3E8F8162F}.Release|iPhoneSimulator.ActiveCfg = Release|Any CPU
		{6869906B-8D87-480F-9A44-40B3E8F8162F}.Release|iPhoneSimulator.Build.0 = Release|Any CPU
		{6869906B-8D87-480F-9A44-40B3E8F8162F}.Release|x64.ActiveCfg = Release|Any CPU
		{6869906B-8D87-480F-9A44-40B3E8F8162F}.Release|x64.Build.0 = Release|Any CPU
		{6869906B-8D87-480F-9A44-40B3E8F8162F}.Release|x86.ActiveCfg = Release|Any CPU
		{6869906B-8D87-480F-9A44-40B3E8F8162F}.Release|x86.Build.0 = Release|Any CPU
		{A51B1E79-087C-4021-AAB6-64E50CC18632}.Ad-Hoc|Any CPU.ActiveCfg = Release|x86
		{A51B1E79-087C-4021-AAB6-64E50CC18632}.Ad-Hoc|Any CPU.Build.0 = Release|x86
		{A51B1E79-087C-4021-AAB6-64E50CC18632}.Ad-Hoc|Any CPU.Deploy.0 = Release|x86
		{A51B1E79-087C-4021-AAB6-64E50CC18632}.Ad-Hoc|ARM.ActiveCfg = Release|ARM
		{A51B1E79-087C-4021-AAB6-64E50CC18632}.Ad-Hoc|ARM.Build.0 = Release|ARM
		{A51B1E79-087C-4021-AAB6-64E50CC18632}.Ad-Hoc|ARM.Deploy.0 = Release|ARM
		{A51B1E79-087C-4021-AAB6-64E50CC18632}.Ad-Hoc|iPhone.ActiveCfg = Release|x86
		{A51B1E79-087C-4021-AAB6-64E50CC18632}.Ad-Hoc|iPhone.Build.0 = Release|x86
		{A51B1E79-087C-4021-AAB6-64E50CC18632}.Ad-Hoc|iPhone.Deploy.0 = Release|x86
		{A51B1E79-087C-4021-AAB6-64E50CC18632}.Ad-Hoc|iPhoneSimulator.ActiveCfg = Release|x86
		{A51B1E79-087C-4021-AAB6-64E50CC18632}.Ad-Hoc|iPhoneSimulator.Build.0 = Release|x86
		{A51B1E79-087C-4021-AAB6-64E50CC18632}.Ad-Hoc|iPhoneSimulator.Deploy.0 = Release|x86
		{A51B1E79-087C-4021-AAB6-64E50CC18632}.Ad-Hoc|x64.ActiveCfg = Release|x64
		{A51B1E79-087C-4021-AAB6-64E50CC18632}.Ad-Hoc|x64.Build.0 = Release|x64
		{A51B1E79-087C-4021-AAB6-64E50CC18632}.Ad-Hoc|x64.Deploy.0 = Release|x64
		{A51B1E79-087C-4021-AAB6-64E50CC18632}.Ad-Hoc|x86.ActiveCfg = Release|x86
		{A51B1E79-087C-4021-AAB6-64E50CC18632}.Ad-Hoc|x86.Build.0 = Release|x86
		{A51B1E79-087C-4021-AAB6-64E50CC18632}.Ad-Hoc|x86.Deploy.0 = Release|x86
		{A51B1E79-087C-4021-AAB6-64E50CC18632}.AppStore|Any CPU.ActiveCfg = Release|x86
		{A51B1E79-087C-4021-AAB6-64E50CC18632}.AppStore|Any CPU.Build.0 = Release|x86
		{A51B1E79-087C-4021-AAB6-64E50CC18632}.AppStore|Any CPU.Deploy.0 = Release|x86
		{A51B1E79-087C-4021-AAB6-64E50CC18632}.AppStore|ARM.ActiveCfg = Release|ARM
		{A51B1E79-087C-4021-AAB6-64E50CC18632}.AppStore|ARM.Build.0 = Release|ARM
		{A51B1E79-087C-4021-AAB6-64E50CC18632}.AppStore|ARM.Deploy.0 = Release|ARM
		{A51B1E79-087C-4021-AAB6-64E50CC18632}.AppStore|iPhone.ActiveCfg = Release|x86
		{A51B1E79-087C-4021-AAB6-64E50CC18632}.AppStore|iPhone.Build.0 = Release|x86
		{A51B1E79-087C-4021-AAB6-64E50CC18632}.AppStore|iPhone.Deploy.0 = Release|x86
		{A51B1E79-087C-4021-AAB6-64E50CC18632}.AppStore|iPhoneSimulator.ActiveCfg = Release|x86
		{A51B1E79-087C-4021-AAB6-64E50CC18632}.AppStore|iPhoneSimulator.Build.0 = Release|x86
		{A51B1E79-087C-4021-AAB6-64E50CC18632}.AppStore|iPhoneSimulator.Deploy.0 = Release|x86
		{A51B1E79-087C-4021-AAB6-64E50CC18632}.AppStore|x64.ActiveCfg = Release|x64
		{A51B1E79-087C-4021-AAB6-64E50CC18632}.AppStore|x64.Build.0 = Release|x64
		{A51B1E79-087C-4021-AAB6-64E50CC18632}.AppStore|x64.Deploy.0 = Release|x64
		{A51B1E79-087C-4021-AAB6-64E50CC18632}.AppStore|x86.ActiveCfg = Release|x86
		{A51B1E79-087C-4021-AAB6-64E50CC18632}.AppStore|x86.Build.0 = Release|x86
		{A51B1E79-087C-4021-AAB6-64E50CC18632}.AppStore|x86.Deploy.0 = Release|x86
		{A51B1E79-087C-4021-AAB6-64E50CC18632}.Debug|Any CPU.ActiveCfg = Debug|x86
		{A51B1E79-087C-4021-AAB6-64E50CC18632}.Debug|ARM.ActiveCfg = Debug|ARM
		{A51B1E79-087C-4021-AAB6-64E50CC18632}.Debug|ARM.Build.0 = Debug|ARM
		{A51B1E79-087C-4021-AAB6-64E50CC18632}.Debug|ARM.Deploy.0 = Debug|ARM
		{A51B1E79-087C-4021-AAB6-64E50CC18632}.Debug|iPhone.ActiveCfg = Debug|x86
		{A51B1E79-087C-4021-AAB6-64E50CC18632}.Debug|iPhoneSimulator.ActiveCfg = Debug|x86
		{A51B1E79-087C-4021-AAB6-64E50CC18632}.Debug|x64.ActiveCfg = Debug|x64
		{A51B1E79-087C-4021-AAB6-64E50CC18632}.Debug|x64.Build.0 = Debug|x64
		{A51B1E79-087C-4021-AAB6-64E50CC18632}.Debug|x64.Deploy.0 = Debug|x64
		{A51B1E79-087C-4021-AAB6-64E50CC18632}.Debug|x86.ActiveCfg = Debug|x86
		{A51B1E79-087C-4021-AAB6-64E50CC18632}.Debug|x86.Build.0 = Debug|x86
		{A51B1E79-087C-4021-AAB6-64E50CC18632}.Debug|x86.Deploy.0 = Debug|x86
		{A51B1E79-087C-4021-AAB6-64E50CC18632}.Release|Any CPU.ActiveCfg = Release|x86
		{A51B1E79-087C-4021-AAB6-64E50CC18632}.Release|ARM.ActiveCfg = Release|ARM
		{A51B1E79-087C-4021-AAB6-64E50CC18632}.Release|ARM.Build.0 = Release|ARM
		{A51B1E79-087C-4021-AAB6-64E50CC18632}.Release|ARM.Deploy.0 = Release|ARM
		{A51B1E79-087C-4021-AAB6-64E50CC18632}.Release|iPhone.ActiveCfg = Release|x86
		{A51B1E79-087C-4021-AAB6-64E50CC18632}.Release|iPhoneSimulator.ActiveCfg = Release|x86
		{A51B1E79-087C-4021-AAB6-64E50CC18632}.Release|x64.ActiveCfg = Release|x64
		{A51B1E79-087C-4021-AAB6-64E50CC18632}.Release|x64.Build.0 = Release|x64
		{A51B1E79-087C-4021-AAB6-64E50CC18632}.Release|x64.Deploy.0 = Release|x64
		{A51B1E79-087C-4021-AAB6-64E50CC18632}.Release|x86.ActiveCfg = Release|x86
		{A51B1E79-087C-4021-AAB6-64E50CC18632}.Release|x86.Build.0 = Release|x86
		{A51B1E79-087C-4021-AAB6-64E50CC18632}.Release|x86.Deploy.0 = Release|x86
		{FEFF8CCE-3F94-4431-A350-F1B9E5149025}.Ad-Hoc|Any CPU.ActiveCfg = Ad-Hoc|iPhone
		{FEFF8CCE-3F94-4431-A350-F1B9E5149025}.Ad-Hoc|ARM.ActiveCfg = Ad-Hoc|iPhone
		{FEFF8CCE-3F94-4431-A350-F1B9E5149025}.Ad-Hoc|iPhone.ActiveCfg = Ad-Hoc|iPhone
		{FEFF8CCE-3F94-4431-A350-F1B9E5149025}.Ad-Hoc|iPhone.Build.0 = Ad-Hoc|iPhone
		{FEFF8CCE-3F94-4431-A350-F1B9E5149025}.Ad-Hoc|iPhoneSimulator.ActiveCfg = Ad-Hoc|iPhoneSimulator
		{FEFF8CCE-3F94-4431-A350-F1B9E5149025}.Ad-Hoc|iPhoneSimulator.Build.0 = Ad-Hoc|iPhoneSimulator
		{FEFF8CCE-3F94-4431-A350-F1B9E5149025}.Ad-Hoc|x64.ActiveCfg = Ad-Hoc|iPhone
		{FEFF8CCE-3F94-4431-A350-F1B9E5149025}.Ad-Hoc|x86.ActiveCfg = Ad-Hoc|iPhone
		{FEFF8CCE-3F94-4431-A350-F1B9E5149025}.AppStore|Any CPU.ActiveCfg = AppStore|iPhone
		{FEFF8CCE-3F94-4431-A350-F1B9E5149025}.AppStore|ARM.ActiveCfg = AppStore|iPhone
		{FEFF8CCE-3F94-4431-A350-F1B9E5149025}.AppStore|iPhone.ActiveCfg = AppStore|iPhone
		{FEFF8CCE-3F94-4431-A350-F1B9E5149025}.AppStore|iPhone.Build.0 = AppStore|iPhone
		{FEFF8CCE-3F94-4431-A350-F1B9E5149025}.AppStore|iPhoneSimulator.ActiveCfg = AppStore|iPhoneSimulator
		{FEFF8CCE-3F94-4431-A350-F1B9E5149025}.AppStore|iPhoneSimulator.Build.0 = AppStore|iPhoneSimulator
		{FEFF8CCE-3F94-4431-A350-F1B9E5149025}.AppStore|x64.ActiveCfg = AppStore|iPhone
		{FEFF8CCE-3F94-4431-A350-F1B9E5149025}.AppStore|x86.ActiveCfg = AppStore|iPhone
		{FEFF8CCE-3F94-4431-A350-F1B9E5149025}.Debug|Any CPU.ActiveCfg = Debug|iPhone
		{FEFF8CCE-3F94-4431-A350-F1B9E5149025}.Debug|ARM.ActiveCfg = Debug|iPhone
		{FEFF8CCE-3F94-4431-A350-F1B9E5149025}.Debug|iPhone.ActiveCfg = Debug|iPhone
		{FEFF8CCE-3F94-4431-A350-F1B9E5149025}.Debug|iPhone.Build.0 = Debug|iPhone
		{FEFF8CCE-3F94-4431-A350-F1B9E5149025}.Debug|iPhoneSimulator.ActiveCfg = Debug|iPhoneSimulator
		{FEFF8CCE-3F94-4431-A350-F1B9E5149025}.Debug|iPhoneSimulator.Build.0 = Debug|iPhoneSimulator
		{FEFF8CCE-3F94-4431-A350-F1B9E5149025}.Debug|x64.ActiveCfg = Debug|iPhone
		{FEFF8CCE-3F94-4431-A350-F1B9E5149025}.Debug|x86.ActiveCfg = Debug|iPhone
		{FEFF8CCE-3F94-4431-A350-F1B9E5149025}.Release|Any CPU.ActiveCfg = Release|iPhone
		{FEFF8CCE-3F94-4431-A350-F1B9E5149025}.Release|ARM.ActiveCfg = Release|iPhone
		{FEFF8CCE-3F94-4431-A350-F1B9E5149025}.Release|iPhone.ActiveCfg = Release|iPhone
		{FEFF8CCE-3F94-4431-A350-F1B9E5149025}.Release|iPhone.Build.0 = Release|iPhone
		{FEFF8CCE-3F94-4431-A350-F1B9E5149025}.Release|iPhoneSimulator.ActiveCfg = Release|iPhoneSimulator
		{FEFF8CCE-3F94-4431-A350-F1B9E5149025}.Release|iPhoneSimulator.Build.0 = Release|iPhoneSimulator
		{FEFF8CCE-3F94-4431-A350-F1B9E5149025}.Release|x64.ActiveCfg = Release|iPhone
		{FEFF8CCE-3F94-4431-A350-F1B9E5149025}.Release|x86.ActiveCfg = Release|iPhone
	EndGlobalSection
	GlobalSection(SolutionProperties) = preSolution
		HideSolutionNode = FALSE
	EndGlobalSection
EndGlobal
