
Microsoft Visual Studio Solution File, Format Version 12.00
# Visual Studio 14
VisualStudioVersion = 14.0.25420.1
MinimumVisualStudioVersion = 10.0.40219.1
Project("{FAE04EC0-301F-11D3-BF4B-00C04F79EFBC}") = "Ejercicio2_1c.Android", "Ejercicio2-1c\Ejercicio2_1c.Android\Ejercicio2_1c.Android.csproj", "{BA15520C-9E57-47EA-A825-1745481295D2}"
EndProject
Project("{FAE04EC0-301F-11D3-BF4B-00C04F79EFBC}") = "Ejercicio2_1c", "Ejercicio2-1c\Ejercicio2_1c\Ejercicio2_1c.csproj", "{EFE6426F-9E18-483F-B545-9735ADBC2687}"
EndProject
Project("{FAE04EC0-301F-11D3-BF4B-00C04F79EFBC}") = "Ejercicio2_1c.UWP", "Ejercicio2-1c\Ejercicio2_1c.UWP\Ejercicio2_1c.UWP.csproj", "{DE0778F2-79D8-4553-AE21-541BEAB0548F}"
EndProject
Project("{FAE04EC0-301F-11D3-BF4B-00C04F79EFBC}") = "Ejercicio2_1c.iOS", "Ejercicio2-1c\Ejercicio2_1c.iOS\Ejercicio2_1c.iOS.csproj", "{3F4F0E70-1C15-468C-ABFE-440B1131A795}"
EndProject
Global
	GlobalSection(SolutionConfigurationPlatforms) = preSolution
		Ad-Hoc|Any CPU = Ad-Hoc|Any CPU
		Ad-Hoc|ARM = Ad-Hoc|ARM
		Ad-Hoc|iPhone = Ad-Hoc|iPhone
		Ad-Hoc|iPhoneSimulator = Ad-Hoc|iPhoneSimulator
		Ad-Hoc|x64 = Ad-Hoc|x64
		Ad-Hoc|x86 = Ad-Hoc|x86
		AppStore|Any CPU = AppStore|Any CPU
		AppStore|ARM = AppStore|ARM
		AppStore|iPhone = AppStore|iPhone
		AppStore|iPhoneSimulator = AppStore|iPhoneSimulator
		AppStore|x64 = AppStore|x64
		AppStore|x86 = AppStore|x86
		Debug|Any CPU = Debug|Any CPU
		Debug|ARM = Debug|ARM
		Debug|iPhone = Debug|iPhone
		Debug|iPhoneSimulator = Debug|iPhoneSimulator
		Debug|x64 = Debug|x64
		Debug|x86 = Debug|x86
		Release|Any CPU = Release|Any CPU
		Release|ARM = Release|ARM
		Release|iPhone = Release|iPhone
		Release|iPhoneSimulator = Release|iPhoneSimulator
		Release|x64 = Release|x64
		Release|x86 = Release|x86
	EndGlobalSection
	GlobalSection(ProjectConfigurationPlatforms) = postSolution
		{BA15520C-9E57-47EA-A825-1745481295D2}.Ad-Hoc|Any CPU.ActiveCfg = Release|Any CPU
		{BA15520C-9E57-47EA-A825-1745481295D2}.Ad-Hoc|Any CPU.Build.0 = Release|Any CPU
		{BA15520C-9E57-47EA-A825-1745481295D2}.Ad-Hoc|Any CPU.Deploy.0 = Release|Any CPU
		{BA15520C-9E57-47EA-A825-1745481295D2}.Ad-Hoc|ARM.ActiveCfg = Release|Any CPU
		{BA15520C-9E57-47EA-A825-1745481295D2}.Ad-Hoc|ARM.Build.0 = Release|Any CPU
		{BA15520C-9E57-47EA-A825-1745481295D2}.Ad-Hoc|ARM.Deploy.0 = Release|Any CPU
		{BA15520C-9E57-47EA-A825-1745481295D2}.Ad-Hoc|iPhone.ActiveCfg = Release|Any CPU
		{BA15520C-9E57-47EA-A825-1745481295D2}.Ad-Hoc|iPhone.Build.0 = Release|Any CPU
		{BA15520C-9E57-47EA-A825-1745481295D2}.Ad-Hoc|iPhone.Deploy.0 = Release|Any CPU
		{BA15520C-9E57-47EA-A825-1745481295D2}.Ad-Hoc|iPhoneSimulator.ActiveCfg = Release|Any CPU
		{BA15520C-9E57-47EA-A825-1745481295D2}.Ad-Hoc|iPhoneSimulator.Build.0 = Release|Any CPU
		{BA15520C-9E57-47EA-A825-1745481295D2}.Ad-Hoc|iPhoneSimulator.Deploy.0 = Release|Any CPU
		{BA15520C-9E57-47EA-A825-1745481295D2}.Ad-Hoc|x64.ActiveCfg = Release|Any CPU
		{BA15520C-9E57-47EA-A825-1745481295D2}.Ad-Hoc|x64.Build.0 = Release|Any CPU
		{BA15520C-9E57-47EA-A825-1745481295D2}.Ad-Hoc|x64.Deploy.0 = Release|Any CPU
		{BA15520C-9E57-47EA-A825-1745481295D2}.Ad-Hoc|x86.ActiveCfg = Release|Any CPU
		{BA15520C-9E57-47EA-A825-1745481295D2}.Ad-Hoc|x86.Build.0 = Release|Any CPU
		{BA15520C-9E57-47EA-A825-1745481295D2}.Ad-Hoc|x86.Deploy.0 = Release|Any CPU
		{BA15520C-9E57-47EA-A825-1745481295D2}.AppStore|Any CPU.ActiveCfg = Release|Any CPU
		{BA15520C-9E57-47EA-A825-1745481295D2}.AppStore|Any CPU.Build.0 = Release|Any CPU
		{BA15520C-9E57-47EA-A825-1745481295D2}.AppStore|Any CPU.Deploy.0 = Release|Any CPU
		{BA15520C-9E57-47EA-A825-1745481295D2}.AppStore|ARM.ActiveCfg = Release|Any CPU
		{BA15520C-9E57-47EA-A825-1745481295D2}.AppStore|ARM.Build.0 = Release|Any CPU
		{BA15520C-9E57-47EA-A825-1745481295D2}.AppStore|ARM.Deploy.0 = Release|Any CPU
		{BA15520C-9E57-47EA-A825-1745481295D2}.AppStore|iPhone.ActiveCfg = Release|Any CPU
		{BA15520C-9E57-47EA-A825-1745481295D2}.AppStore|iPhone.Build.0 = Release|Any CPU
		{BA15520C-9E57-47EA-A825-1745481295D2}.AppStore|iPhone.Deploy.0 = Release|Any CPU
		{BA15520C-9E57-47EA-A825-1745481295D2}.AppStore|iPhoneSimulator.ActiveCfg = Release|Any CPU
		{BA15520C-9E57-47EA-A825-1745481295D2}.AppStore|iPhoneSimulator.Build.0 = Release|Any CPU
		{BA15520C-9E57-47EA-A825-1745481295D2}.AppStore|iPhoneSimulator.Deploy.0 = Release|Any CPU
		{BA15520C-9E57-47EA-A825-1745481295D2}.AppStore|x64.ActiveCfg = Release|Any CPU
		{BA15520C-9E57-47EA-A825-1745481295D2}.AppStore|x64.Build.0 = Release|Any CPU
		{BA15520C-9E57-47EA-A825-1745481295D2}.AppStore|x64.Deploy.0 = Release|Any CPU
		{BA15520C-9E57-47EA-A825-1745481295D2}.AppStore|x86.ActiveCfg = Release|Any CPU
		{BA15520C-9E57-47EA-A825-1745481295D2}.AppStore|x86.Build.0 = Release|Any CPU
		{BA15520C-9E57-47EA-A825-1745481295D2}.AppStore|x86.Deploy.0 = Release|Any CPU
		{BA15520C-9E57-47EA-A825-1745481295D2}.Debug|Any CPU.ActiveCfg = Debug|Any CPU
		{BA15520C-9E57-47EA-A825-1745481295D2}.Debug|Any CPU.Build.0 = Debug|Any CPU
		{BA15520C-9E57-47EA-A825-1745481295D2}.Debug|Any CPU.Deploy.0 = Debug|Any CPU
		{BA15520C-9E57-47EA-A825-1745481295D2}.Debug|ARM.ActiveCfg = Debug|Any CPU
		{BA15520C-9E57-47EA-A825-1745481295D2}.Debug|ARM.Build.0 = Debug|Any CPU
		{BA15520C-9E57-47EA-A825-1745481295D2}.Debug|ARM.Deploy.0 = Debug|Any CPU
		{BA15520C-9E57-47EA-A825-1745481295D2}.Debug|iPhone.ActiveCfg = Debug|Any CPU
		{BA15520C-9E57-47EA-A825-1745481295D2}.Debug|iPhone.Build.0 = Debug|Any CPU
		{BA15520C-9E57-47EA-A825-1745481295D2}.Debug|iPhone.Deploy.0 = Debug|Any CPU
		{BA15520C-9E57-47EA-A825-1745481295D2}.Debug|iPhoneSimulator.ActiveCfg = Debug|Any CPU
		{BA15520C-9E57-47EA-A825-1745481295D2}.Debug|iPhoneSimulator.Build.0 = Debug|Any CPU
		{BA15520C-9E57-47EA-A825-1745481295D2}.Debug|iPhoneSimulator.Deploy.0 = Debug|Any CPU
		{BA15520C-9E57-47EA-A825-1745481295D2}.Debug|x64.ActiveCfg = Debug|Any CPU
		{BA15520C-9E57-47EA-A825-1745481295D2}.Debug|x64.Build.0 = Debug|Any CPU
		{BA15520C-9E57-47EA-A825-1745481295D2}.Debug|x64.Deploy.0 = Debug|Any CPU
		{BA15520C-9E57-47EA-A825-1745481295D2}.Debug|x86.ActiveCfg = Debug|Any CPU
		{BA15520C-9E57-47EA-A825-1745481295D2}.Debug|x86.Build.0 = Debug|Any CPU
		{BA15520C-9E57-47EA-A825-1745481295D2}.Debug|x86.Deploy.0 = Debug|Any CPU
		{BA15520C-9E57-47EA-A825-1745481295D2}.Release|Any CPU.ActiveCfg = Release|Any CPU
		{BA15520C-9E57-47EA-A825-1745481295D2}.Release|Any CPU.Build.0 = Release|Any CPU
		{BA15520C-9E57-47EA-A825-1745481295D2}.Release|Any CPU.Deploy.0 = Release|Any CPU
		{BA15520C-9E57-47EA-A825-1745481295D2}.Release|ARM.ActiveCfg = Release|Any CPU
		{BA15520C-9E57-47EA-A825-1745481295D2}.Release|ARM.Build.0 = Release|Any CPU
		{BA15520C-9E57-47EA-A825-1745481295D2}.Release|ARM.Deploy.0 = Release|Any CPU
		{BA15520C-9E57-47EA-A825-1745481295D2}.Release|iPhone.ActiveCfg = Release|Any CPU
		{BA15520C-9E57-47EA-A825-1745481295D2}.Release|iPhone.Build.0 = Release|Any CPU
		{BA15520C-9E57-47EA-A825-1745481295D2}.Release|iPhone.Deploy.0 = Release|Any CPU
		{BA15520C-9E57-47EA-A825-1745481295D2}.Release|iPhoneSimulator.ActiveCfg = Release|Any CPU
		{BA15520C-9E57-47EA-A825-1745481295D2}.Release|iPhoneSimulator.Build.0 = Release|Any CPU
		{BA15520C-9E57-47EA-A825-1745481295D2}.Release|iPhoneSimulator.Deploy.0 = Release|Any CPU
		{BA15520C-9E57-47EA-A825-1745481295D2}.Release|x64.ActiveCfg = Release|Any CPU
		{BA15520C-9E57-47EA-A825-1745481295D2}.Release|x64.Build.0 = Release|Any CPU
		{BA15520C-9E57-47EA-A825-1745481295D2}.Release|x64.Deploy.0 = Release|Any CPU
		{BA15520C-9E57-47EA-A825-1745481295D2}.Release|x86.ActiveCfg = Release|Any CPU
		{BA15520C-9E57-47EA-A825-1745481295D2}.Release|x86.Build.0 = Release|Any CPU
		{BA15520C-9E57-47EA-A825-1745481295D2}.Release|x86.Deploy.0 = Release|Any CPU
		{EFE6426F-9E18-483F-B545-9735ADBC2687}.Ad-Hoc|Any CPU.ActiveCfg = Release|Any CPU
		{EFE6426F-9E18-483F-B545-9735ADBC2687}.Ad-Hoc|Any CPU.Build.0 = Release|Any CPU
		{EFE6426F-9E18-483F-B545-9735ADBC2687}.Ad-Hoc|ARM.ActiveCfg = Release|Any CPU
		{EFE6426F-9E18-483F-B545-9735ADBC2687}.Ad-Hoc|ARM.Build.0 = Release|Any CPU
		{EFE6426F-9E18-483F-B545-9735ADBC2687}.Ad-Hoc|iPhone.ActiveCfg = Release|Any CPU
		{EFE6426F-9E18-483F-B545-9735ADBC2687}.Ad-Hoc|iPhone.Build.0 = Release|Any CPU
		{EFE6426F-9E18-483F-B545-9735ADBC2687}.Ad-Hoc|iPhoneSimulator.ActiveCfg = Release|Any CPU
		{EFE6426F-9E18-483F-B545-9735ADBC2687}.Ad-Hoc|iPhoneSimulator.Build.0 = Release|Any CPU
		{EFE6426F-9E18-483F-B545-9735ADBC2687}.Ad-Hoc|x64.ActiveCfg = Release|Any CPU
		{EFE6426F-9E18-483F-B545-9735ADBC2687}.Ad-Hoc|x64.Build.0 = Release|Any CPU
		{EFE6426F-9E18-483F-B545-9735ADBC2687}.Ad-Hoc|x86.ActiveCfg = Release|Any CPU
		{EFE6426F-9E18-483F-B545-9735ADBC2687}.Ad-Hoc|x86.Build.0 = Release|Any CPU
		{EFE6426F-9E18-483F-B545-9735ADBC2687}.AppStore|Any CPU.ActiveCfg = Release|Any CPU
		{EFE6426F-9E18-483F-B545-9735ADBC2687}.AppStore|Any CPU.Build.0 = Release|Any CPU
		{EFE6426F-9E18-483F-B545-9735ADBC2687}.AppStore|ARM.ActiveCfg = Release|Any CPU
		{EFE6426F-9E18-483F-B545-9735ADBC2687}.AppStore|ARM.Build.0 = Release|Any CPU
		{EFE6426F-9E18-483F-B545-9735ADBC2687}.AppStore|iPhone.ActiveCfg = Release|Any CPU
		{EFE6426F-9E18-483F-B545-9735ADBC2687}.AppStore|iPhone.Build.0 = Release|Any CPU
		{EFE6426F-9E18-483F-B545-9735ADBC2687}.AppStore|iPhoneSimulator.ActiveCfg = Release|Any CPU
		{EFE6426F-9E18-483F-B545-9735ADBC2687}.AppStore|iPhoneSimulator.Build.0 = Release|Any CPU
		{EFE6426F-9E18-483F-B545-9735ADBC2687}.AppStore|x64.ActiveCfg = Release|Any CPU
		{EFE6426F-9E18-483F-B545-9735ADBC2687}.AppStore|x64.Build.0 = Release|Any CPU
		{EFE6426F-9E18-483F-B545-9735ADBC2687}.AppStore|x86.ActiveCfg = Release|Any CPU
		{EFE6426F-9E18-483F-B545-9735ADBC2687}.AppStore|x86.Build.0 = Release|Any CPU
		{EFE6426F-9E18-483F-B545-9735ADBC2687}.Debug|Any CPU.ActiveCfg = Debug|Any CPU
		{EFE6426F-9E18-483F-B545-9735ADBC2687}.Debug|Any CPU.Build.0 = Debug|Any CPU
		{EFE6426F-9E18-483F-B545-9735ADBC2687}.Debug|ARM.ActiveCfg = Debug|Any CPU
		{EFE6426F-9E18-483F-B545-9735ADBC2687}.Debug|ARM.Build.0 = Debug|Any CPU
		{EFE6426F-9E18-483F-B545-9735ADBC2687}.Debug|iPhone.ActiveCfg = Debug|Any CPU
		{EFE6426F-9E18-483F-B545-9735ADBC2687}.Debug|iPhone.Build.0 = Debug|Any CPU
		{EFE6426F-9E18-483F-B545-9735ADBC2687}.Debug|iPhoneSimulator.ActiveCfg = Debug|Any CPU
		{EFE6426F-9E18-483F-B545-9735ADBC2687}.Debug|iPhoneSimulator.Build.0 = Debug|Any CPU
		{EFE6426F-9E18-483F-B545-9735ADBC2687}.Debug|x64.ActiveCfg = Debug|Any CPU
		{EFE6426F-9E18-483F-B545-9735ADBC2687}.Debug|x64.Build.0 = Debug|Any CPU
		{EFE6426F-9E18-483F-B545-9735ADBC2687}.Debug|x86.ActiveCfg = Debug|Any CPU
		{EFE6426F-9E18-483F-B545-9735ADBC2687}.Debug|x86.Build.0 = Debug|Any CPU
		{EFE6426F-9E18-483F-B545-9735ADBC2687}.Release|Any CPU.ActiveCfg = Release|Any CPU
		{EFE6426F-9E18-483F-B545-9735ADBC2687}.Release|Any CPU.Build.0 = Release|Any CPU
		{EFE6426F-9E18-483F-B545-9735ADBC2687}.Release|ARM.ActiveCfg = Release|Any CPU
		{EFE6426F-9E18-483F-B545-9735ADBC2687}.Release|ARM.Build.0 = Release|Any CPU
		{EFE6426F-9E18-483F-B545-9735ADBC2687}.Release|iPhone.ActiveCfg = Release|Any CPU
		{EFE6426F-9E18-483F-B545-9735ADBC2687}.Release|iPhone.Build.0 = Release|Any CPU
		{EFE6426F-9E18-483F-B545-9735ADBC2687}.Release|iPhoneSimulator.ActiveCfg = Release|Any CPU
		{EFE6426F-9E18-483F-B545-9735ADBC2687}.Release|iPhoneSimulator.Build.0 = Release|Any CPU
		{EFE6426F-9E18-483F-B545-9735ADBC2687}.Release|x64.ActiveCfg = Release|Any CPU
		{EFE6426F-9E18-483F-B545-9735ADBC2687}.Release|x64.Build.0 = Release|Any CPU
		{EFE6426F-9E18-483F-B545-9735ADBC2687}.Release|x86.ActiveCfg = Release|Any CPU
		{EFE6426F-9E18-483F-B545-9735ADBC2687}.Release|x86.Build.0 = Release|Any CPU
		{DE0778F2-79D8-4553-AE21-541BEAB0548F}.Ad-Hoc|Any CPU.ActiveCfg = Release|x86
		{DE0778F2-79D8-4553-AE21-541BEAB0548F}.Ad-Hoc|Any CPU.Build.0 = Release|x86
		{DE0778F2-79D8-4553-AE21-541BEAB0548F}.Ad-Hoc|Any CPU.Deploy.0 = Release|x86
		{DE0778F2-79D8-4553-AE21-541BEAB0548F}.Ad-Hoc|ARM.ActiveCfg = Release|ARM
		{DE0778F2-79D8-4553-AE21-541BEAB0548F}.Ad-Hoc|ARM.Build.0 = Release|ARM
		{DE0778F2-79D8-4553-AE21-541BEAB0548F}.Ad-Hoc|ARM.Deploy.0 = Release|ARM
		{DE0778F2-79D8-4553-AE21-541BEAB0548F}.Ad-Hoc|iPhone.ActiveCfg = Release|x86
		{DE0778F2-79D8-4553-AE21-541BEAB0548F}.Ad-Hoc|iPhone.Build.0 = Release|x86
		{DE0778F2-79D8-4553-AE21-541BEAB0548F}.Ad-Hoc|iPhone.Deploy.0 = Release|x86
		{DE0778F2-79D8-4553-AE21-541BEAB0548F}.Ad-Hoc|iPhoneSimulator.ActiveCfg = Release|x86
		{DE0778F2-79D8-4553-AE21-541BEAB0548F}.Ad-Hoc|iPhoneSimulator.Build.0 = Release|x86
		{DE0778F2-79D8-4553-AE21-541BEAB0548F}.Ad-Hoc|iPhoneSimulator.Deploy.0 = Release|x86
		{DE0778F2-79D8-4553-AE21-541BEAB0548F}.Ad-Hoc|x64.ActiveCfg = Release|x64
		{DE0778F2-79D8-4553-AE21-541BEAB0548F}.Ad-Hoc|x64.Build.0 = Release|x64
		{DE0778F2-79D8-4553-AE21-541BEAB0548F}.Ad-Hoc|x64.Deploy.0 = Release|x64
		{DE0778F2-79D8-4553-AE21-541BEAB0548F}.Ad-Hoc|x86.ActiveCfg = Release|x86
		{DE0778F2-79D8-4553-AE21-541BEAB0548F}.Ad-Hoc|x86.Build.0 = Release|x86
		{DE0778F2-79D8-4553-AE21-541BEAB0548F}.Ad-Hoc|x86.Deploy.0 = Release|x86
		{DE0778F2-79D8-4553-AE21-541BEAB0548F}.AppStore|Any CPU.ActiveCfg = Release|x86
		{DE0778F2-79D8-4553-AE21-541BEAB0548F}.AppStore|Any CPU.Build.0 = Release|x86
		{DE0778F2-79D8-4553-AE21-541BEAB0548F}.AppStore|Any CPU.Deploy.0 = Release|x86
		{DE0778F2-79D8-4553-AE21-541BEAB0548F}.AppStore|ARM.ActiveCfg = Release|ARM
		{DE0778F2-79D8-4553-AE21-541BEAB0548F}.AppStore|ARM.Build.0 = Release|ARM
		{DE0778F2-79D8-4553-AE21-541BEAB0548F}.AppStore|ARM.Deploy.0 = Release|ARM
		{DE0778F2-79D8-4553-AE21-541BEAB0548F}.AppStore|iPhone.ActiveCfg = Release|x86
		{DE0778F2-79D8-4553-AE21-541BEAB0548F}.AppStore|iPhone.Build.0 = Release|x86
		{DE0778F2-79D8-4553-AE21-541BEAB0548F}.AppStore|iPhone.Deploy.0 = Release|x86
		{DE0778F2-79D8-4553-AE21-541BEAB0548F}.AppStore|iPhoneSimulator.ActiveCfg = Release|x86
		{DE0778F2-79D8-4553-AE21-541BEAB0548F}.AppStore|iPhoneSimulator.Build.0 = Release|x86
		{DE0778F2-79D8-4553-AE21-541BEAB0548F}.AppStore|iPhoneSimulator.Deploy.0 = Release|x86
		{DE0778F2-79D8-4553-AE21-541BEAB0548F}.AppStore|x64.ActiveCfg = Release|x64
		{DE0778F2-79D8-4553-AE21-541BEAB0548F}.AppStore|x64.Build.0 = Release|x64
		{DE0778F2-79D8-4553-AE21-541BEAB0548F}.AppStore|x64.Deploy.0 = Release|x64
		{DE0778F2-79D8-4553-AE21-541BEAB0548F}.AppStore|x86.ActiveCfg = Release|x86
		{DE0778F2-79D8-4553-AE21-541BEAB0548F}.AppStore|x86.Build.0 = Release|x86
		{DE0778F2-79D8-4553-AE21-541BEAB0548F}.AppStore|x86.Deploy.0 = Release|x86
		{DE0778F2-79D8-4553-AE21-541BEAB0548F}.Debug|Any CPU.ActiveCfg = Debug|x86
		{DE0778F2-79D8-4553-AE21-541BEAB0548F}.Debug|ARM.ActiveCfg = Debug|ARM
		{DE0778F2-79D8-4553-AE21-541BEAB0548F}.Debug|ARM.Build.0 = Debug|ARM
		{DE0778F2-79D8-4553-AE21-541BEAB0548F}.Debug|ARM.Deploy.0 = Debug|ARM
		{DE0778F2-79D8-4553-AE21-541BEAB0548F}.Debug|iPhone.ActiveCfg = Debug|x86
		{DE0778F2-79D8-4553-AE21-541BEAB0548F}.Debug|iPhoneSimulator.ActiveCfg = Debug|x86
		{DE0778F2-79D8-4553-AE21-541BEAB0548F}.Debug|x64.ActiveCfg = Debug|x64
		{DE0778F2-79D8-4553-AE21-541BEAB0548F}.Debug|x64.Build.0 = Debug|x64
		{DE0778F2-79D8-4553-AE21-541BEAB0548F}.Debug|x64.Deploy.0 = Debug|x64
		{DE0778F2-79D8-4553-AE21-541BEAB0548F}.Debug|x86.ActiveCfg = Debug|x86
		{DE0778F2-79D8-4553-AE21-541BEAB0548F}.Debug|x86.Build.0 = Debug|x86
		{DE0778F2-79D8-4553-AE21-541BEAB0548F}.Debug|x86.Deploy.0 = Debug|x86
		{DE0778F2-79D8-4553-AE21-541BEAB0548F}.Release|Any CPU.ActiveCfg = Release|x86
		{DE0778F2-79D8-4553-AE21-541BEAB0548F}.Release|ARM.ActiveCfg = Release|ARM
		{DE0778F2-79D8-4553-AE21-541BEAB0548F}.Release|ARM.Build.0 = Release|ARM
		{DE0778F2-79D8-4553-AE21-541BEAB0548F}.Release|ARM.Deploy.0 = Release|ARM
		{DE0778F2-79D8-4553-AE21-541BEAB0548F}.Release|iPhone.ActiveCfg = Release|x86
		{DE0778F2-79D8-4553-AE21-541BEAB0548F}.Release|iPhoneSimulator.ActiveCfg = Release|x86
		{DE0778F2-79D8-4553-AE21-541BEAB0548F}.Release|x64.ActiveCfg = Release|x64
		{DE0778F2-79D8-4553-AE21-541BEAB0548F}.Release|x64.Build.0 = Release|x64
		{DE0778F2-79D8-4553-AE21-541BEAB0548F}.Release|x64.Deploy.0 = Release|x64
		{DE0778F2-79D8-4553-AE21-541BEAB0548F}.Release|x86.ActiveCfg = Release|x86
		{DE0778F2-79D8-4553-AE21-541BEAB0548F}.Release|x86.Build.0 = Release|x86
		{DE0778F2-79D8-4553-AE21-541BEAB0548F}.Release|x86.Deploy.0 = Release|x86
		{3F4F0E70-1C15-468C-ABFE-440B1131A795}.Ad-Hoc|Any CPU.ActiveCfg = Ad-Hoc|iPhone
		{3F4F0E70-1C15-468C-ABFE-440B1131A795}.Ad-Hoc|ARM.ActiveCfg = Ad-Hoc|iPhone
		{3F4F0E70-1C15-468C-ABFE-440B1131A795}.Ad-Hoc|iPhone.ActiveCfg = Ad-Hoc|iPhone
		{3F4F0E70-1C15-468C-ABFE-440B1131A795}.Ad-Hoc|iPhone.Build.0 = Ad-Hoc|iPhone
		{3F4F0E70-1C15-468C-ABFE-440B1131A795}.Ad-Hoc|iPhoneSimulator.ActiveCfg = Ad-Hoc|iPhoneSimulator
		{3F4F0E70-1C15-468C-ABFE-440B1131A795}.Ad-Hoc|iPhoneSimulator.Build.0 = Ad-Hoc|iPhoneSimulator
		{3F4F0E70-1C15-468C-ABFE-440B1131A795}.Ad-Hoc|x64.ActiveCfg = Ad-Hoc|iPhone
		{3F4F0E70-1C15-468C-ABFE-440B1131A795}.Ad-Hoc|x86.ActiveCfg = Ad-Hoc|iPhone
		{3F4F0E70-1C15-468C-ABFE-440B1131A795}.AppStore|Any CPU.ActiveCfg = AppStore|iPhone
		{3F4F0E70-1C15-468C-ABFE-440B1131A795}.AppStore|ARM.ActiveCfg = AppStore|iPhone
		{3F4F0E70-1C15-468C-ABFE-440B1131A795}.AppStore|iPhone.ActiveCfg = AppStore|iPhone
		{3F4F0E70-1C15-468C-ABFE-440B1131A795}.AppStore|iPhone.Build.0 = AppStore|iPhone
		{3F4F0E70-1C15-468C-ABFE-440B1131A795}.AppStore|iPhoneSimulator.ActiveCfg = AppStore|iPhoneSimulator
		{3F4F0E70-1C15-468C-ABFE-440B1131A795}.AppStore|iPhoneSimulator.Build.0 = AppStore|iPhoneSimulator
		{3F4F0E70-1C15-468C-ABFE-440B1131A795}.AppStore|x64.ActiveCfg = AppStore|iPhone
		{3F4F0E70-1C15-468C-ABFE-440B1131A795}.AppStore|x86.ActiveCfg = AppStore|iPhone
		{3F4F0E70-1C15-468C-ABFE-440B1131A795}.Debug|Any CPU.ActiveCfg = Debug|iPhone
		{3F4F0E70-1C15-468C-ABFE-440B1131A795}.Debug|ARM.ActiveCfg = Debug|iPhone
		{3F4F0E70-1C15-468C-ABFE-440B1131A795}.Debug|iPhone.ActiveCfg = Debug|iPhone
		{3F4F0E70-1C15-468C-ABFE-440B1131A795}.Debug|iPhone.Build.0 = Debug|iPhone
		{3F4F0E70-1C15-468C-ABFE-440B1131A795}.Debug|iPhoneSimulator.ActiveCfg = Debug|iPhoneSimulator
		{3F4F0E70-1C15-468C-ABFE-440B1131A795}.Debug|iPhoneSimulator.Build.0 = Debug|iPhoneSimulator
		{3F4F0E70-1C15-468C-ABFE-440B1131A795}.Debug|x64.ActiveCfg = Debug|iPhone
		{3F4F0E70-1C15-468C-ABFE-440B1131A795}.Debug|x86.ActiveCfg = Debug|iPhone
		{3F4F0E70-1C15-468C-ABFE-440B1131A795}.Release|Any CPU.ActiveCfg = Release|iPhone
		{3F4F0E70-1C15-468C-ABFE-440B1131A795}.Release|ARM.ActiveCfg = Release|iPhone
		{3F4F0E70-1C15-468C-ABFE-440B1131A795}.Release|iPhone.ActiveCfg = Release|iPhone
		{3F4F0E70-1C15-468C-ABFE-440B1131A795}.Release|iPhone.Build.0 = Release|iPhone
		{3F4F0E70-1C15-468C-ABFE-440B1131A795}.Release|iPhoneSimulator.ActiveCfg = Release|iPhoneSimulator
		{3F4F0E70-1C15-468C-ABFE-440B1131A795}.Release|iPhoneSimulator.Build.0 = Release|iPhoneSimulator
		{3F4F0E70-1C15-468C-ABFE-440B1131A795}.Release|x64.ActiveCfg = Release|iPhone
		{3F4F0E70-1C15-468C-ABFE-440B1131A795}.Release|x86.ActiveCfg = Release|iPhone
	EndGlobalSection
	GlobalSection(SolutionProperties) = preSolution
		HideSolutionNode = FALSE
	EndGlobalSection
EndGlobal
