
Microsoft Visual Studio Solution File, Format Version 12.00
# Visual Studio 14
VisualStudioVersion = 14.0.25420.1
MinimumVisualStudioVersion = 10.0.40219.1
Project("{FAE04EC0-301F-11D3-BF4B-00C04F79EFBC}") = "Proyecto02_Entry.Android", "Proyecto02-Entry\Proyecto02_Entry.Android\Proyecto02_Entry.Android.csproj", "{5B426510-19E6-4A01-9557-34768B254FAE}"
EndProject
Project("{FAE04EC0-301F-11D3-BF4B-00C04F79EFBC}") = "Proyecto02_Entry", "Proyecto02-Entry\Proyecto02_Entry\Proyecto02_Entry.csproj", "{B4B1E058-F2B8-4668-9C91-414EE4B2CC3E}"
EndProject
Project("{FAE04EC0-301F-11D3-BF4B-00C04F79EFBC}") = "Proyecto02_Entry.UWP", "Proyecto02-Entry\Proyecto02_Entry.UWP\Proyecto02_Entry.UWP.csproj", "{A379D95A-6E16-4753-B3DC-BF05886EF914}"
EndProject
Project("{FAE04EC0-301F-11D3-BF4B-00C04F79EFBC}") = "Proyecto02_Entry.iOS", "Proyecto02-Entry\Proyecto02_Entry.iOS\Proyecto02_Entry.iOS.csproj", "{6FC30DC6-1BCF-4506-A296-D862E0A1590E}"
EndProject
Global
	GlobalSection(SolutionConfigurationPlatforms) = preSolution
		Ad-Hoc|Any CPU = Ad-Hoc|Any CPU
		Ad-Hoc|ARM = Ad-Hoc|ARM
		Ad-Hoc|iPhone = Ad-Hoc|iPhone
		Ad-Hoc|iPhoneSimulator = Ad-Hoc|iPhoneSimulator
		Ad-Hoc|x64 = Ad-Hoc|x64
		Ad-Hoc|x86 = Ad-Hoc|x86
		AppStore|Any CPU = AppStore|Any CPU
		AppStore|ARM = AppStore|ARM
		AppStore|iPhone = AppStore|iPhone
		AppStore|iPhoneSimulator = AppStore|iPhoneSimulator
		AppStore|x64 = AppStore|x64
		AppStore|x86 = AppStore|x86
		Debug|Any CPU = Debug|Any CPU
		Debug|ARM = Debug|ARM
		Debug|iPhone = Debug|iPhone
		Debug|iPhoneSimulator = Debug|iPhoneSimulator
		Debug|x64 = Debug|x64
		Debug|x86 = Debug|x86
		Release|Any CPU = Release|Any CPU
		Release|ARM = Release|ARM
		Release|iPhone = Release|iPhone
		Release|iPhoneSimulator = Release|iPhoneSimulator
		Release|x64 = Release|x64
		Release|x86 = Release|x86
	EndGlobalSection
	GlobalSection(ProjectConfigurationPlatforms) = postSolution
		{5B426510-19E6-4A01-9557-34768B254FAE}.Ad-Hoc|Any CPU.ActiveCfg = Release|Any CPU
		{5B426510-19E6-4A01-9557-34768B254FAE}.Ad-Hoc|Any CPU.Build.0 = Release|Any CPU
		{5B426510-19E6-4A01-9557-34768B254FAE}.Ad-Hoc|Any CPU.Deploy.0 = Release|Any CPU
		{5B426510-19E6-4A01-9557-34768B254FAE}.Ad-Hoc|ARM.ActiveCfg = Release|Any CPU
		{5B426510-19E6-4A01-9557-34768B254FAE}.Ad-Hoc|ARM.Build.0 = Release|Any CPU
		{5B426510-19E6-4A01-9557-34768B254FAE}.Ad-Hoc|ARM.Deploy.0 = Release|Any CPU
		{5B426510-19E6-4A01-9557-34768B254FAE}.Ad-Hoc|iPhone.ActiveCfg = Release|Any CPU
		{5B426510-19E6-4A01-9557-34768B254FAE}.Ad-Hoc|iPhone.Build.0 = Release|Any CPU
		{5B426510-19E6-4A01-9557-34768B254FAE}.Ad-Hoc|iPhone.Deploy.0 = Release|Any CPU
		{5B426510-19E6-4A01-9557-34768B254FAE}.Ad-Hoc|iPhoneSimulator.ActiveCfg = Release|Any CPU
		{5B426510-19E6-4A01-9557-34768B254FAE}.Ad-Hoc|iPhoneSimulator.Build.0 = Release|Any CPU
		{5B426510-19E6-4A01-9557-34768B254FAE}.Ad-Hoc|iPhoneSimulator.Deploy.0 = Release|Any CPU
		{5B426510-19E6-4A01-9557-34768B254FAE}.Ad-Hoc|x64.ActiveCfg = Release|Any CPU
		{5B426510-19E6-4A01-9557-34768B254FAE}.Ad-Hoc|x64.Build.0 = Release|Any CPU
		{5B426510-19E6-4A01-9557-34768B254FAE}.Ad-Hoc|x64.Deploy.0 = Release|Any CPU
		{5B426510-19E6-4A01-9557-34768B254FAE}.Ad-Hoc|x86.ActiveCfg = Release|Any CPU
		{5B426510-19E6-4A01-9557-34768B254FAE}.Ad-Hoc|x86.Build.0 = Release|Any CPU
		{5B426510-19E6-4A01-9557-34768B254FAE}.Ad-Hoc|x86.Deploy.0 = Release|Any CPU
		{5B426510-19E6-4A01-9557-34768B254FAE}.AppStore|Any CPU.ActiveCfg = Release|Any CPU
		{5B426510-19E6-4A01-9557-34768B254FAE}.AppStore|Any CPU.Build.0 = Release|Any CPU
		{5B426510-19E6-4A01-9557-34768B254FAE}.AppStore|Any CPU.Deploy.0 = Release|Any CPU
		{5B426510-19E6-4A01-9557-34768B254FAE}.AppStore|ARM.ActiveCfg = Release|Any CPU
		{5B426510-19E6-4A01-9557-34768B254FAE}.AppStore|ARM.Build.0 = Release|Any CPU
		{5B426510-19E6-4A01-9557-34768B254FAE}.AppStore|ARM.Deploy.0 = Release|Any CPU
		{5B426510-19E6-4A01-9557-34768B254FAE}.AppStore|iPhone.ActiveCfg = Release|Any CPU
		{5B426510-19E6-4A01-9557-34768B254FAE}.AppStore|iPhone.Build.0 = Release|Any CPU
		{5B426510-19E6-4A01-9557-34768B254FAE}.AppStore|iPhone.Deploy.0 = Release|Any CPU
		{5B426510-19E6-4A01-9557-34768B254FAE}.AppStore|iPhoneSimulator.ActiveCfg = Release|Any CPU
		{5B426510-19E6-4A01-9557-34768B254FAE}.AppStore|iPhoneSimulator.Build.0 = Release|Any CPU
		{5B426510-19E6-4A01-9557-34768B254FAE}.AppStore|iPhoneSimulator.Deploy.0 = Release|Any CPU
		{5B426510-19E6-4A01-9557-34768B254FAE}.AppStore|x64.ActiveCfg = Release|Any CPU
		{5B426510-19E6-4A01-9557-34768B254FAE}.AppStore|x64.Build.0 = Release|Any CPU
		{5B426510-19E6-4A01-9557-34768B254FAE}.AppStore|x64.Deploy.0 = Release|Any CPU
		{5B426510-19E6-4A01-9557-34768B254FAE}.AppStore|x86.ActiveCfg = Release|Any CPU
		{5B426510-19E6-4A01-9557-34768B254FAE}.AppStore|x86.Build.0 = Release|Any CPU
		{5B426510-19E6-4A01-9557-34768B254FAE}.AppStore|x86.Deploy.0 = Release|Any CPU
		{5B426510-19E6-4A01-9557-34768B254FAE}.Debug|Any CPU.ActiveCfg = Debug|Any CPU
		{5B426510-19E6-4A01-9557-34768B254FAE}.Debug|Any CPU.Build.0 = Debug|Any CPU
		{5B426510-19E6-4A01-9557-34768B254FAE}.Debug|Any CPU.Deploy.0 = Debug|Any CPU
		{5B426510-19E6-4A01-9557-34768B254FAE}.Debug|ARM.ActiveCfg = Debug|Any CPU
		{5B426510-19E6-4A01-9557-34768B254FAE}.Debug|ARM.Build.0 = Debug|Any CPU
		{5B426510-19E6-4A01-9557-34768B254FAE}.Debug|ARM.Deploy.0 = Debug|Any CPU
		{5B426510-19E6-4A01-9557-34768B254FAE}.Debug|iPhone.ActiveCfg = Debug|Any CPU
		{5B426510-19E6-4A01-9557-34768B254FAE}.Debug|iPhone.Build.0 = Debug|Any CPU
		{5B426510-19E6-4A01-9557-34768B254FAE}.Debug|iPhone.Deploy.0 = Debug|Any CPU
		{5B426510-19E6-4A01-9557-34768B254FAE}.Debug|iPhoneSimulator.ActiveCfg = Debug|Any CPU
		{5B426510-19E6-4A01-9557-34768B254FAE}.Debug|iPhoneSimulator.Build.0 = Debug|Any CPU
		{5B426510-19E6-4A01-9557-34768B254FAE}.Debug|iPhoneSimulator.Deploy.0 = Debug|Any CPU
		{5B426510-19E6-4A01-9557-34768B254FAE}.Debug|x64.ActiveCfg = Debug|Any CPU
		{5B426510-19E6-4A01-9557-34768B254FAE}.Debug|x64.Build.0 = Debug|Any CPU
		{5B426510-19E6-4A01-9557-34768B254FAE}.Debug|x64.Deploy.0 = Debug|Any CPU
		{5B426510-19E6-4A01-9557-34768B254FAE}.Debug|x86.ActiveCfg = Debug|Any CPU
		{5B426510-19E6-4A01-9557-34768B254FAE}.Debug|x86.Build.0 = Debug|Any CPU
		{5B426510-19E6-4A01-9557-34768B254FAE}.Debug|x86.Deploy.0 = Debug|Any CPU
		{5B426510-19E6-4A01-9557-34768B254FAE}.Release|Any CPU.ActiveCfg = Release|Any CPU
		{5B426510-19E6-4A01-9557-34768B254FAE}.Release|Any CPU.Build.0 = Release|Any CPU
		{5B426510-19E6-4A01-9557-34768B254FAE}.Release|Any CPU.Deploy.0 = Release|Any CPU
		{5B426510-19E6-4A01-9557-34768B254FAE}.Release|ARM.ActiveCfg = Release|Any CPU
		{5B426510-19E6-4A01-9557-34768B254FAE}.Release|ARM.Build.0 = Release|Any CPU
		{5B426510-19E6-4A01-9557-34768B254FAE}.Release|ARM.Deploy.0 = Release|Any CPU
		{5B426510-19E6-4A01-9557-34768B254FAE}.Release|iPhone.ActiveCfg = Release|Any CPU
		{5B426510-19E6-4A01-9557-34768B254FAE}.Release|iPhone.Build.0 = Release|Any CPU
		{5B426510-19E6-4A01-9557-34768B254FAE}.Release|iPhone.Deploy.0 = Release|Any CPU
		{5B426510-19E6-4A01-9557-34768B254FAE}.Release|iPhoneSimulator.ActiveCfg = Release|Any CPU
		{5B426510-19E6-4A01-9557-34768B254FAE}.Release|iPhoneSimulator.Build.0 = Release|Any CPU
		{5B426510-19E6-4A01-9557-34768B254FAE}.Release|iPhoneSimulator.Deploy.0 = Release|Any CPU
		{5B426510-19E6-4A01-9557-34768B254FAE}.Release|x64.ActiveCfg = Release|Any CPU
		{5B426510-19E6-4A01-9557-34768B254FAE}.Release|x64.Build.0 = Release|Any CPU
		{5B426510-19E6-4A01-9557-34768B254FAE}.Release|x64.Deploy.0 = Release|Any CPU
		{5B426510-19E6-4A01-9557-34768B254FAE}.Release|x86.ActiveCfg = Release|Any CPU
		{5B426510-19E6-4A01-9557-34768B254FAE}.Release|x86.Build.0 = Release|Any CPU
		{5B426510-19E6-4A01-9557-34768B254FAE}.Release|x86.Deploy.0 = Release|Any CPU
		{B4B1E058-F2B8-4668-9C91-414EE4B2CC3E}.Ad-Hoc|Any CPU.ActiveCfg = Release|Any CPU
		{B4B1E058-F2B8-4668-9C91-414EE4B2CC3E}.Ad-Hoc|Any CPU.Build.0 = Release|Any CPU
		{B4B1E058-F2B8-4668-9C91-414EE4B2CC3E}.Ad-Hoc|ARM.ActiveCfg = Release|Any CPU
		{B4B1E058-F2B8-4668-9C91-414EE4B2CC3E}.Ad-Hoc|ARM.Build.0 = Release|Any CPU
		{B4B1E058-F2B8-4668-9C91-414EE4B2CC3E}.Ad-Hoc|iPhone.ActiveCfg = Release|Any CPU
		{B4B1E058-F2B8-4668-9C91-414EE4B2CC3E}.Ad-Hoc|iPhone.Build.0 = Release|Any CPU
		{B4B1E058-F2B8-4668-9C91-414EE4B2CC3E}.Ad-Hoc|iPhoneSimulator.ActiveCfg = Release|Any CPU
		{B4B1E058-F2B8-4668-9C91-414EE4B2CC3E}.Ad-Hoc|iPhoneSimulator.Build.0 = Release|Any CPU
		{B4B1E058-F2B8-4668-9C91-414EE4B2CC3E}.Ad-Hoc|x64.ActiveCfg = Release|Any CPU
		{B4B1E058-F2B8-4668-9C91-414EE4B2CC3E}.Ad-Hoc|x64.Build.0 = Release|Any CPU
		{B4B1E058-F2B8-4668-9C91-414EE4B2CC3E}.Ad-Hoc|x86.ActiveCfg = Release|Any CPU
		{B4B1E058-F2B8-4668-9C91-414EE4B2CC3E}.Ad-Hoc|x86.Build.0 = Release|Any CPU
		{B4B1E058-F2B8-4668-9C91-414EE4B2CC3E}.AppStore|Any CPU.ActiveCfg = Release|Any CPU
		{B4B1E058-F2B8-4668-9C91-414EE4B2CC3E}.AppStore|Any CPU.Build.0 = Release|Any CPU
		{B4B1E058-F2B8-4668-9C91-414EE4B2CC3E}.AppStore|ARM.ActiveCfg = Release|Any CPU
		{B4B1E058-F2B8-4668-9C91-414EE4B2CC3E}.AppStore|ARM.Build.0 = Release|Any CPU
		{B4B1E058-F2B8-4668-9C91-414EE4B2CC3E}.AppStore|iPhone.ActiveCfg = Release|Any CPU
		{B4B1E058-F2B8-4668-9C91-414EE4B2CC3E}.AppStore|iPhone.Build.0 = Release|Any CPU
		{B4B1E058-F2B8-4668-9C91-414EE4B2CC3E}.AppStore|iPhoneSimulator.ActiveCfg = Release|Any CPU
		{B4B1E058-F2B8-4668-9C91-414EE4B2CC3E}.AppStore|iPhoneSimulator.Build.0 = Release|Any CPU
		{B4B1E058-F2B8-4668-9C91-414EE4B2CC3E}.AppStore|x64.ActiveCfg = Release|Any CPU
		{B4B1E058-F2B8-4668-9C91-414EE4B2CC3E}.AppStore|x64.Build.0 = Release|Any CPU
		{B4B1E058-F2B8-4668-9C91-414EE4B2CC3E}.AppStore|x86.ActiveCfg = Release|Any CPU
		{B4B1E058-F2B8-4668-9C91-414EE4B2CC3E}.AppStore|x86.Build.0 = Release|Any CPU
		{B4B1E058-F2B8-4668-9C91-414EE4B2CC3E}.Debug|Any CPU.ActiveCfg = Debug|Any CPU
		{B4B1E058-F2B8-4668-9C91-414EE4B2CC3E}.Debug|Any CPU.Build.0 = Debug|Any CPU
		{B4B1E058-F2B8-4668-9C91-414EE4B2CC3E}.Debug|ARM.ActiveCfg = Debug|Any CPU
		{B4B1E058-F2B8-4668-9C91-414EE4B2CC3E}.Debug|ARM.Build.0 = Debug|Any CPU
		{B4B1E058-F2B8-4668-9C91-414EE4B2CC3E}.Debug|iPhone.ActiveCfg = Debug|Any CPU
		{B4B1E058-F2B8-4668-9C91-414EE4B2CC3E}.Debug|iPhone.Build.0 = Debug|Any CPU
		{B4B1E058-F2B8-4668-9C91-414EE4B2CC3E}.Debug|iPhoneSimulator.ActiveCfg = Debug|Any CPU
		{B4B1E058-F2B8-4668-9C91-414EE4B2CC3E}.Debug|iPhoneSimulator.Build.0 = Debug|Any CPU
		{B4B1E058-F2B8-4668-9C91-414EE4B2CC3E}.Debug|x64.ActiveCfg = Debug|Any CPU
		{B4B1E058-F2B8-4668-9C91-414EE4B2CC3E}.Debug|x64.Build.0 = Debug|Any CPU
		{B4B1E058-F2B8-4668-9C91-414EE4B2CC3E}.Debug|x86.ActiveCfg = Debug|Any CPU
		{B4B1E058-F2B8-4668-9C91-414EE4B2CC3E}.Debug|x86.Build.0 = Debug|Any CPU
		{B4B1E058-F2B8-4668-9C91-414EE4B2CC3E}.Release|Any CPU.ActiveCfg = Release|Any CPU
		{B4B1E058-F2B8-4668-9C91-414EE4B2CC3E}.Release|Any CPU.Build.0 = Release|Any CPU
		{B4B1E058-F2B8-4668-9C91-414EE4B2CC3E}.Release|ARM.ActiveCfg = Release|Any CPU
		{B4B1E058-F2B8-4668-9C91-414EE4B2CC3E}.Release|ARM.Build.0 = Release|Any CPU
		{B4B1E058-F2B8-4668-9C91-414EE4B2CC3E}.Release|iPhone.ActiveCfg = Release|Any CPU
		{B4B1E058-F2B8-4668-9C91-414EE4B2CC3E}.Release|iPhone.Build.0 = Release|Any CPU
		{B4B1E058-F2B8-4668-9C91-414EE4B2CC3E}.Release|iPhoneSimulator.ActiveCfg = Release|Any CPU
		{B4B1E058-F2B8-4668-9C91-414EE4B2CC3E}.Release|iPhoneSimulator.Build.0 = Release|Any CPU
		{B4B1E058-F2B8-4668-9C91-414EE4B2CC3E}.Release|x64.ActiveCfg = Release|Any CPU
		{B4B1E058-F2B8-4668-9C91-414EE4B2CC3E}.Release|x64.Build.0 = Release|Any CPU
		{B4B1E058-F2B8-4668-9C91-414EE4B2CC3E}.Release|x86.ActiveCfg = Release|Any CPU
		{B4B1E058-F2B8-4668-9C91-414EE4B2CC3E}.Release|x86.Build.0 = Release|Any CPU
		{A379D95A-6E16-4753-B3DC-BF05886EF914}.Ad-Hoc|Any CPU.ActiveCfg = Release|x86
		{A379D95A-6E16-4753-B3DC-BF05886EF914}.Ad-Hoc|Any CPU.Build.0 = Release|x86
		{A379D95A-6E16-4753-B3DC-BF05886EF914}.Ad-Hoc|Any CPU.Deploy.0 = Release|x86
		{A379D95A-6E16-4753-B3DC-BF05886EF914}.Ad-Hoc|ARM.ActiveCfg = Release|ARM
		{A379D95A-6E16-4753-B3DC-BF05886EF914}.Ad-Hoc|ARM.Build.0 = Release|ARM
		{A379D95A-6E16-4753-B3DC-BF05886EF914}.Ad-Hoc|ARM.Deploy.0 = Release|ARM
		{A379D95A-6E16-4753-B3DC-BF05886EF914}.Ad-Hoc|iPhone.ActiveCfg = Release|x86
		{A379D95A-6E16-4753-B3DC-BF05886EF914}.Ad-Hoc|iPhone.Build.0 = Release|x86
		{A379D95A-6E16-4753-B3DC-BF05886EF914}.Ad-Hoc|iPhone.Deploy.0 = Release|x86
		{A379D95A-6E16-4753-B3DC-BF05886EF914}.Ad-Hoc|iPhoneSimulator.ActiveCfg = Release|x86
		{A379D95A-6E16-4753-B3DC-BF05886EF914}.Ad-Hoc|iPhoneSimulator.Build.0 = Release|x86
		{A379D95A-6E16-4753-B3DC-BF05886EF914}.Ad-Hoc|iPhoneSimulator.Deploy.0 = Release|x86
		{A379D95A-6E16-4753-B3DC-BF05886EF914}.Ad-Hoc|x64.ActiveCfg = Release|x64
		{A379D95A-6E16-4753-B3DC-BF05886EF914}.Ad-Hoc|x64.Build.0 = Release|x64
		{A379D95A-6E16-4753-B3DC-BF05886EF914}.Ad-Hoc|x64.Deploy.0 = Release|x64
		{A379D95A-6E16-4753-B3DC-BF05886EF914}.Ad-Hoc|x86.ActiveCfg = Release|x86
		{A379D95A-6E16-4753-B3DC-BF05886EF914}.Ad-Hoc|x86.Build.0 = Release|x86
		{A379D95A-6E16-4753-B3DC-BF05886EF914}.Ad-Hoc|x86.Deploy.0 = Release|x86
		{A379D95A-6E16-4753-B3DC-BF05886EF914}.AppStore|Any CPU.ActiveCfg = Release|x86
		{A379D95A-6E16-4753-B3DC-BF05886EF914}.AppStore|Any CPU.Build.0 = Release|x86
		{A379D95A-6E16-4753-B3DC-BF05886EF914}.AppStore|Any CPU.Deploy.0 = Release|x86
		{A379D95A-6E16-4753-B3DC-BF05886EF914}.AppStore|ARM.ActiveCfg = Release|ARM
		{A379D95A-6E16-4753-B3DC-BF05886EF914}.AppStore|ARM.Build.0 = Release|ARM
		{A379D95A-6E16-4753-B3DC-BF05886EF914}.AppStore|ARM.Deploy.0 = Release|ARM
		{A379D95A-6E16-4753-B3DC-BF05886EF914}.AppStore|iPhone.ActiveCfg = Release|x86
		{A379D95A-6E16-4753-B3DC-BF05886EF914}.AppStore|iPhone.Build.0 = Release|x86
		{A379D95A-6E16-4753-B3DC-BF05886EF914}.AppStore|iPhone.Deploy.0 = Release|x86
		{A379D95A-6E16-4753-B3DC-BF05886EF914}.AppStore|iPhoneSimulator.ActiveCfg = Release|x86
		{A379D95A-6E16-4753-B3DC-BF05886EF914}.AppStore|iPhoneSimulator.Build.0 = Release|x86
		{A379D95A-6E16-4753-B3DC-BF05886EF914}.AppStore|iPhoneSimulator.Deploy.0 = Release|x86
		{A379D95A-6E16-4753-B3DC-BF05886EF914}.AppStore|x64.ActiveCfg = Release|x64
		{A379D95A-6E16-4753-B3DC-BF05886EF914}.AppStore|x64.Build.0 = Release|x64
		{A379D95A-6E16-4753-B3DC-BF05886EF914}.AppStore|x64.Deploy.0 = Release|x64
		{A379D95A-6E16-4753-B3DC-BF05886EF914}.AppStore|x86.ActiveCfg = Release|x86
		{A379D95A-6E16-4753-B3DC-BF05886EF914}.AppStore|x86.Build.0 = Release|x86
		{A379D95A-6E16-4753-B3DC-BF05886EF914}.AppStore|x86.Deploy.0 = Release|x86
		{A379D95A-6E16-4753-B3DC-BF05886EF914}.Debug|Any CPU.ActiveCfg = Debug|x86
		{A379D95A-6E16-4753-B3DC-BF05886EF914}.Debug|ARM.ActiveCfg = Debug|ARM
		{A379D95A-6E16-4753-B3DC-BF05886EF914}.Debug|ARM.Build.0 = Debug|ARM
		{A379D95A-6E16-4753-B3DC-BF05886EF914}.Debug|ARM.Deploy.0 = Debug|ARM
		{A379D95A-6E16-4753-B3DC-BF05886EF914}.Debug|iPhone.ActiveCfg = Debug|x86
		{A379D95A-6E16-4753-B3DC-BF05886EF914}.Debug|iPhoneSimulator.ActiveCfg = Debug|x86
		{A379D95A-6E16-4753-B3DC-BF05886EF914}.Debug|x64.ActiveCfg = Debug|x64
		{A379D95A-6E16-4753-B3DC-BF05886EF914}.Debug|x64.Build.0 = Debug|x64
		{A379D95A-6E16-4753-B3DC-BF05886EF914}.Debug|x64.Deploy.0 = Debug|x64
		{A379D95A-6E16-4753-B3DC-BF05886EF914}.Debug|x86.ActiveCfg = Debug|x86
		{A379D95A-6E16-4753-B3DC-BF05886EF914}.Debug|x86.Build.0 = Debug|x86
		{A379D95A-6E16-4753-B3DC-BF05886EF914}.Debug|x86.Deploy.0 = Debug|x86
		{A379D95A-6E16-4753-B3DC-BF05886EF914}.Release|Any CPU.ActiveCfg = Release|x86
		{A379D95A-6E16-4753-B3DC-BF05886EF914}.Release|ARM.ActiveCfg = Release|ARM
		{A379D95A-6E16-4753-B3DC-BF05886EF914}.Release|ARM.Build.0 = Release|ARM
		{A379D95A-6E16-4753-B3DC-BF05886EF914}.Release|ARM.Deploy.0 = Release|ARM
		{A379D95A-6E16-4753-B3DC-BF05886EF914}.Release|iPhone.ActiveCfg = Release|x86
		{A379D95A-6E16-4753-B3DC-BF05886EF914}.Release|iPhoneSimulator.ActiveCfg = Release|x86
		{A379D95A-6E16-4753-B3DC-BF05886EF914}.Release|x64.ActiveCfg = Release|x64
		{A379D95A-6E16-4753-B3DC-BF05886EF914}.Release|x64.Build.0 = Release|x64
		{A379D95A-6E16-4753-B3DC-BF05886EF914}.Release|x64.Deploy.0 = Release|x64
		{A379D95A-6E16-4753-B3DC-BF05886EF914}.Release|x86.ActiveCfg = Release|x86
		{A379D95A-6E16-4753-B3DC-BF05886EF914}.Release|x86.Build.0 = Release|x86
		{A379D95A-6E16-4753-B3DC-BF05886EF914}.Release|x86.Deploy.0 = Release|x86
		{6FC30DC6-1BCF-4506-A296-D862E0A1590E}.Ad-Hoc|Any CPU.ActiveCfg = Ad-Hoc|iPhone
		{6FC30DC6-1BCF-4506-A296-D862E0A1590E}.Ad-Hoc|ARM.ActiveCfg = Ad-Hoc|iPhone
		{6FC30DC6-1BCF-4506-A296-D862E0A1590E}.Ad-Hoc|iPhone.ActiveCfg = Ad-Hoc|iPhone
		{6FC30DC6-1BCF-4506-A296-D862E0A1590E}.Ad-Hoc|iPhone.Build.0 = Ad-Hoc|iPhone
		{6FC30DC6-1BCF-4506-A296-D862E0A1590E}.Ad-Hoc|iPhoneSimulator.ActiveCfg = Ad-Hoc|iPhoneSimulator
		{6FC30DC6-1BCF-4506-A296-D862E0A1590E}.Ad-Hoc|iPhoneSimulator.Build.0 = Ad-Hoc|iPhoneSimulator
		{6FC30DC6-1BCF-4506-A296-D862E0A1590E}.Ad-Hoc|x64.ActiveCfg = Ad-Hoc|iPhone
		{6FC30DC6-1BCF-4506-A296-D862E0A1590E}.Ad-Hoc|x86.ActiveCfg = Ad-Hoc|iPhone
		{6FC30DC6-1BCF-4506-A296-D862E0A1590E}.AppStore|Any CPU.ActiveCfg = AppStore|iPhone
		{6FC30DC6-1BCF-4506-A296-D862E0A1590E}.AppStore|ARM.ActiveCfg = AppStore|iPhone
		{6FC30DC6-1BCF-4506-A296-D862E0A1590E}.AppStore|iPhone.ActiveCfg = AppStore|iPhone
		{6FC30DC6-1BCF-4506-A296-D862E0A1590E}.AppStore|iPhone.Build.0 = AppStore|iPhone
		{6FC30DC6-1BCF-4506-A296-D862E0A1590E}.AppStore|iPhoneSimulator.ActiveCfg = AppStore|iPhoneSimulator
		{6FC30DC6-1BCF-4506-A296-D862E0A1590E}.AppStore|iPhoneSimulator.Build.0 = AppStore|iPhoneSimulator
		{6FC30DC6-1BCF-4506-A296-D862E0A1590E}.AppStore|x64.ActiveCfg = AppStore|iPhone
		{6FC30DC6-1BCF-4506-A296-D862E0A1590E}.AppStore|x86.ActiveCfg = AppStore|iPhone
		{6FC30DC6-1BCF-4506-A296-D862E0A1590E}.Debug|Any CPU.ActiveCfg = Debug|iPhone
		{6FC30DC6-1BCF-4506-A296-D862E0A1590E}.Debug|ARM.ActiveCfg = Debug|iPhone
		{6FC30DC6-1BCF-4506-A296-D862E0A1590E}.Debug|iPhone.ActiveCfg = Debug|iPhone
		{6FC30DC6-1BCF-4506-A296-D862E0A1590E}.Debug|iPhone.Build.0 = Debug|iPhone
		{6FC30DC6-1BCF-4506-A296-D862E0A1590E}.Debug|iPhoneSimulator.ActiveCfg = Debug|iPhoneSimulator
		{6FC30DC6-1BCF-4506-A296-D862E0A1590E}.Debug|iPhoneSimulator.Build.0 = Debug|iPhoneSimulator
		{6FC30DC6-1BCF-4506-A296-D862E0A1590E}.Debug|x64.ActiveCfg = Debug|iPhone
		{6FC30DC6-1BCF-4506-A296-D862E0A1590E}.Debug|x86.ActiveCfg = Debug|iPhone
		{6FC30DC6-1BCF-4506-A296-D862E0A1590E}.Release|Any CPU.ActiveCfg = Release|iPhone
		{6FC30DC6-1BCF-4506-A296-D862E0A1590E}.Release|ARM.ActiveCfg = Release|iPhone
		{6FC30DC6-1BCF-4506-A296-D862E0A1590E}.Release|iPhone.ActiveCfg = Release|iPhone
		{6FC30DC6-1BCF-4506-A296-D862E0A1590E}.Release|iPhone.Build.0 = Release|iPhone
		{6FC30DC6-1BCF-4506-A296-D862E0A1590E}.Release|iPhoneSimulator.ActiveCfg = Release|iPhoneSimulator
		{6FC30DC6-1BCF-4506-A296-D862E0A1590E}.Release|iPhoneSimulator.Build.0 = Release|iPhoneSimulator
		{6FC30DC6-1BCF-4506-A296-D862E0A1590E}.Release|x64.ActiveCfg = Release|iPhone
		{6FC30DC6-1BCF-4506-A296-D862E0A1590E}.Release|x86.ActiveCfg = Release|iPhone
	EndGlobalSection
	GlobalSection(SolutionProperties) = preSolution
		HideSolutionNode = FALSE
	EndGlobalSection
EndGlobal
