
Microsoft Visual Studio Solution File, Format Version 12.00
# Visual Studio 14
VisualStudioVersion = 14.0.25420.1
MinimumVisualStudioVersion = 10.0.40219.1
Project("{FAE04EC0-301F-11D3-BF4B-00C04F79EFBC}") = "Proyect08_NavegacionPaginas.Android", "Proyect08-NavegacionPaginas\Proyect08_NavegacionPaginas.Android\Proyect08_NavegacionPaginas.Android.csproj", "{C0054B69-A646-4FFC-ABF9-E92AB666D8DE}"
EndProject
Project("{FAE04EC0-301F-11D3-BF4B-00C04F79EFBC}") = "Proyect08_NavegacionPaginas", "Proyect08-NavegacionPaginas\Proyect08_NavegacionPaginas\Proyect08_NavegacionPaginas.csproj", "{26BF3205-5AFE-4950-A580-49BC167E08BD}"
EndProject
Project("{FAE04EC0-301F-11D3-BF4B-00C04F79EFBC}") = "Proyect08_NavegacionPaginas.UWP", "Proyect08-NavegacionPaginas\Proyect08_NavegacionPaginas.UWP\Proyect08_NavegacionPaginas.UWP.csproj", "{090DFC0E-4719-41D6-B5D0-95F16037C816}"
EndProject
Project("{FAE04EC0-301F-11D3-BF4B-00C04F79EFBC}") = "Proyect08_NavegacionPaginas.iOS", "Proyect08-NavegacionPaginas\Proyect08_NavegacionPaginas.iOS\Proyect08_NavegacionPaginas.iOS.csproj", "{5E3D0AF4-89F8-4FCB-9CD2-E7477CF7737E}"
EndProject
Global
	GlobalSection(SolutionConfigurationPlatforms) = preSolution
		Ad-Hoc|Any CPU = Ad-Hoc|Any CPU
		Ad-Hoc|ARM = Ad-Hoc|ARM
		Ad-Hoc|iPhone = Ad-Hoc|iPhone
		Ad-Hoc|iPhoneSimulator = Ad-Hoc|iPhoneSimulator
		Ad-Hoc|x64 = Ad-Hoc|x64
		Ad-Hoc|x86 = Ad-Hoc|x86
		AppStore|Any CPU = AppStore|Any CPU
		AppStore|ARM = AppStore|ARM
		AppStore|iPhone = AppStore|iPhone
		AppStore|iPhoneSimulator = AppStore|iPhoneSimulator
		AppStore|x64 = AppStore|x64
		AppStore|x86 = AppStore|x86
		Debug|Any CPU = Debug|Any CPU
		Debug|ARM = Debug|ARM
		Debug|iPhone = Debug|iPhone
		Debug|iPhoneSimulator = Debug|iPhoneSimulator
		Debug|x64 = Debug|x64
		Debug|x86 = Debug|x86
		Release|Any CPU = Release|Any CPU
		Release|ARM = Release|ARM
		Release|iPhone = Release|iPhone
		Release|iPhoneSimulator = Release|iPhoneSimulator
		Release|x64 = Release|x64
		Release|x86 = Release|x86
	EndGlobalSection
	GlobalSection(ProjectConfigurationPlatforms) = postSolution
		{C0054B69-A646-4FFC-ABF9-E92AB666D8DE}.Ad-Hoc|Any CPU.ActiveCfg = Release|Any CPU
		{C0054B69-A646-4FFC-ABF9-E92AB666D8DE}.Ad-Hoc|Any CPU.Build.0 = Release|Any CPU
		{C0054B69-A646-4FFC-ABF9-E92AB666D8DE}.Ad-Hoc|Any CPU.Deploy.0 = Release|Any CPU
		{C0054B69-A646-4FFC-ABF9-E92AB666D8DE}.Ad-Hoc|ARM.ActiveCfg = Release|Any CPU
		{C0054B69-A646-4FFC-ABF9-E92AB666D8DE}.Ad-Hoc|ARM.Build.0 = Release|Any CPU
		{C0054B69-A646-4FFC-ABF9-E92AB666D8DE}.Ad-Hoc|ARM.Deploy.0 = Release|Any CPU
		{C0054B69-A646-4FFC-ABF9-E92AB666D8DE}.Ad-Hoc|iPhone.ActiveCfg = Release|Any CPU
		{C0054B69-A646-4FFC-ABF9-E92AB666D8DE}.Ad-Hoc|iPhone.Build.0 = Release|Any CPU
		{C0054B69-A646-4FFC-ABF9-E92AB666D8DE}.Ad-Hoc|iPhone.Deploy.0 = Release|Any CPU
		{C0054B69-A646-4FFC-ABF9-E92AB666D8DE}.Ad-Hoc|iPhoneSimulator.ActiveCfg = Release|Any CPU
		{C0054B69-A646-4FFC-ABF9-E92AB666D8DE}.Ad-Hoc|iPhoneSimulator.Build.0 = Release|Any CPU
		{C0054B69-A646-4FFC-ABF9-E92AB666D8DE}.Ad-Hoc|iPhoneSimulator.Deploy.0 = Release|Any CPU
		{C0054B69-A646-4FFC-ABF9-E92AB666D8DE}.Ad-Hoc|x64.ActiveCfg = Release|Any CPU
		{C0054B69-A646-4FFC-ABF9-E92AB666D8DE}.Ad-Hoc|x64.Build.0 = Release|Any CPU
		{C0054B69-A646-4FFC-ABF9-E92AB666D8DE}.Ad-Hoc|x64.Deploy.0 = Release|Any CPU
		{C0054B69-A646-4FFC-ABF9-E92AB666D8DE}.Ad-Hoc|x86.ActiveCfg = Release|Any CPU
		{C0054B69-A646-4FFC-ABF9-E92AB666D8DE}.Ad-Hoc|x86.Build.0 = Release|Any CPU
		{C0054B69-A646-4FFC-ABF9-E92AB666D8DE}.Ad-Hoc|x86.Deploy.0 = Release|Any CPU
		{C0054B69-A646-4FFC-ABF9-E92AB666D8DE}.AppStore|Any CPU.ActiveCfg = Release|Any CPU
		{C0054B69-A646-4FFC-ABF9-E92AB666D8DE}.AppStore|Any CPU.Build.0 = Release|Any CPU
		{C0054B69-A646-4FFC-ABF9-E92AB666D8DE}.AppStore|Any CPU.Deploy.0 = Release|Any CPU
		{C0054B69-A646-4FFC-ABF9-E92AB666D8DE}.AppStore|ARM.ActiveCfg = Release|Any CPU
		{C0054B69-A646-4FFC-ABF9-E92AB666D8DE}.AppStore|ARM.Build.0 = Release|Any CPU
		{C0054B69-A646-4FFC-ABF9-E92AB666D8DE}.AppStore|ARM.Deploy.0 = Release|Any CPU
		{C0054B69-A646-4FFC-ABF9-E92AB666D8DE}.AppStore|iPhone.ActiveCfg = Release|Any CPU
		{C0054B69-A646-4FFC-ABF9-E92AB666D8DE}.AppStore|iPhone.Build.0 = Release|Any CPU
		{C0054B69-A646-4FFC-ABF9-E92AB666D8DE}.AppStore|iPhone.Deploy.0 = Release|Any CPU
		{C0054B69-A646-4FFC-ABF9-E92AB666D8DE}.AppStore|iPhoneSimulator.ActiveCfg = Release|Any CPU
		{C0054B69-A646-4FFC-ABF9-E92AB666D8DE}.AppStore|iPhoneSimulator.Build.0 = Release|Any CPU
		{C0054B69-A646-4FFC-ABF9-E92AB666D8DE}.AppStore|iPhoneSimulator.Deploy.0 = Release|Any CPU
		{C0054B69-A646-4FFC-ABF9-E92AB666D8DE}.AppStore|x64.ActiveCfg = Release|Any CPU
		{C0054B69-A646-4FFC-ABF9-E92AB666D8DE}.AppStore|x64.Build.0 = Release|Any CPU
		{C0054B69-A646-4FFC-ABF9-E92AB666D8DE}.AppStore|x64.Deploy.0 = Release|Any CPU
		{C0054B69-A646-4FFC-ABF9-E92AB666D8DE}.AppStore|x86.ActiveCfg = Release|Any CPU
		{C0054B69-A646-4FFC-ABF9-E92AB666D8DE}.AppStore|x86.Build.0 = Release|Any CPU
		{C0054B69-A646-4FFC-ABF9-E92AB666D8DE}.AppStore|x86.Deploy.0 = Release|Any CPU
		{C0054B69-A646-4FFC-ABF9-E92AB666D8DE}.Debug|Any CPU.ActiveCfg = Debug|Any CPU
		{C0054B69-A646-4FFC-ABF9-E92AB666D8DE}.Debug|Any CPU.Build.0 = Debug|Any CPU
		{C0054B69-A646-4FFC-ABF9-E92AB666D8DE}.Debug|Any CPU.Deploy.0 = Debug|Any CPU
		{C0054B69-A646-4FFC-ABF9-E92AB666D8DE}.Debug|ARM.ActiveCfg = Debug|Any CPU
		{C0054B69-A646-4FFC-ABF9-E92AB666D8DE}.Debug|ARM.Build.0 = Debug|Any CPU
		{C0054B69-A646-4FFC-ABF9-E92AB666D8DE}.Debug|ARM.Deploy.0 = Debug|Any CPU
		{C0054B69-A646-4FFC-ABF9-E92AB666D8DE}.Debug|iPhone.ActiveCfg = Debug|Any CPU
		{C0054B69-A646-4FFC-ABF9-E92AB666D8DE}.Debug|iPhone.Build.0 = Debug|Any CPU
		{C0054B69-A646-4FFC-ABF9-E92AB666D8DE}.Debug|iPhone.Deploy.0 = Debug|Any CPU
		{C0054B69-A646-4FFC-ABF9-E92AB666D8DE}.Debug|iPhoneSimulator.ActiveCfg = Debug|Any CPU
		{C0054B69-A646-4FFC-ABF9-E92AB666D8DE}.Debug|iPhoneSimulator.Build.0 = Debug|Any CPU
		{C0054B69-A646-4FFC-ABF9-E92AB666D8DE}.Debug|iPhoneSimulator.Deploy.0 = Debug|Any CPU
		{C0054B69-A646-4FFC-ABF9-E92AB666D8DE}.Debug|x64.ActiveCfg = Debug|Any CPU
		{C0054B69-A646-4FFC-ABF9-E92AB666D8DE}.Debug|x64.Build.0 = Debug|Any CPU
		{C0054B69-A646-4FFC-ABF9-E92AB666D8DE}.Debug|x64.Deploy.0 = Debug|Any CPU
		{C0054B69-A646-4FFC-ABF9-E92AB666D8DE}.Debug|x86.ActiveCfg = Debug|Any CPU
		{C0054B69-A646-4FFC-ABF9-E92AB666D8DE}.Debug|x86.Build.0 = Debug|Any CPU
		{C0054B69-A646-4FFC-ABF9-E92AB666D8DE}.Debug|x86.Deploy.0 = Debug|Any CPU
		{C0054B69-A646-4FFC-ABF9-E92AB666D8DE}.Release|Any CPU.ActiveCfg = Release|Any CPU
		{C0054B69-A646-4FFC-ABF9-E92AB666D8DE}.Release|Any CPU.Build.0 = Release|Any CPU
		{C0054B69-A646-4FFC-ABF9-E92AB666D8DE}.Release|Any CPU.Deploy.0 = Release|Any CPU
		{C0054B69-A646-4FFC-ABF9-E92AB666D8DE}.Release|ARM.ActiveCfg = Release|Any CPU
		{C0054B69-A646-4FFC-ABF9-E92AB666D8DE}.Release|ARM.Build.0 = Release|Any CPU
		{C0054B69-A646-4FFC-ABF9-E92AB666D8DE}.Release|ARM.Deploy.0 = Release|Any CPU
		{C0054B69-A646-4FFC-ABF9-E92AB666D8DE}.Release|iPhone.ActiveCfg = Release|Any CPU
		{C0054B69-A646-4FFC-ABF9-E92AB666D8DE}.Release|iPhone.Build.0 = Release|Any CPU
		{C0054B69-A646-4FFC-ABF9-E92AB666D8DE}.Release|iPhone.Deploy.0 = Release|Any CPU
		{C0054B69-A646-4FFC-ABF9-E92AB666D8DE}.Release|iPhoneSimulator.ActiveCfg = Release|Any CPU
		{C0054B69-A646-4FFC-ABF9-E92AB666D8DE}.Release|iPhoneSimulator.Build.0 = Release|Any CPU
		{C0054B69-A646-4FFC-ABF9-E92AB666D8DE}.Release|iPhoneSimulator.Deploy.0 = Release|Any CPU
		{C0054B69-A646-4FFC-ABF9-E92AB666D8DE}.Release|x64.ActiveCfg = Release|Any CPU
		{C0054B69-A646-4FFC-ABF9-E92AB666D8DE}.Release|x64.Build.0 = Release|Any CPU
		{C0054B69-A646-4FFC-ABF9-E92AB666D8DE}.Release|x64.Deploy.0 = Release|Any CPU
		{C0054B69-A646-4FFC-ABF9-E92AB666D8DE}.Release|x86.ActiveCfg = Release|Any CPU
		{C0054B69-A646-4FFC-ABF9-E92AB666D8DE}.Release|x86.Build.0 = Release|Any CPU
		{C0054B69-A646-4FFC-ABF9-E92AB666D8DE}.Release|x86.Deploy.0 = Release|Any CPU
		{26BF3205-5AFE-4950-A580-49BC167E08BD}.Ad-Hoc|Any CPU.ActiveCfg = Release|Any CPU
		{26BF3205-5AFE-4950-A580-49BC167E08BD}.Ad-Hoc|Any CPU.Build.0 = Release|Any CPU
		{26BF3205-5AFE-4950-A580-49BC167E08BD}.Ad-Hoc|ARM.ActiveCfg = Release|Any CPU
		{26BF3205-5AFE-4950-A580-49BC167E08BD}.Ad-Hoc|ARM.Build.0 = Release|Any CPU
		{26BF3205-5AFE-4950-A580-49BC167E08BD}.Ad-Hoc|iPhone.ActiveCfg = Release|Any CPU
		{26BF3205-5AFE-4950-A580-49BC167E08BD}.Ad-Hoc|iPhone.Build.0 = Release|Any CPU
		{26BF3205-5AFE-4950-A580-49BC167E08BD}.Ad-Hoc|iPhoneSimulator.ActiveCfg = Release|Any CPU
		{26BF3205-5AFE-4950-A580-49BC167E08BD}.Ad-Hoc|iPhoneSimulator.Build.0 = Release|Any CPU
		{26BF3205-5AFE-4950-A580-49BC167E08BD}.Ad-Hoc|x64.ActiveCfg = Release|Any CPU
		{26BF3205-5AFE-4950-A580-49BC167E08BD}.Ad-Hoc|x64.Build.0 = Release|Any CPU
		{26BF3205-5AFE-4950-A580-49BC167E08BD}.Ad-Hoc|x86.ActiveCfg = Release|Any CPU
		{26BF3205-5AFE-4950-A580-49BC167E08BD}.Ad-Hoc|x86.Build.0 = Release|Any CPU
		{26BF3205-5AFE-4950-A580-49BC167E08BD}.AppStore|Any CPU.ActiveCfg = Release|Any CPU
		{26BF3205-5AFE-4950-A580-49BC167E08BD}.AppStore|Any CPU.Build.0 = Release|Any CPU
		{26BF3205-5AFE-4950-A580-49BC167E08BD}.AppStore|ARM.ActiveCfg = Release|Any CPU
		{26BF3205-5AFE-4950-A580-49BC167E08BD}.AppStore|ARM.Build.0 = Release|Any CPU
		{26BF3205-5AFE-4950-A580-49BC167E08BD}.AppStore|iPhone.ActiveCfg = Release|Any CPU
		{26BF3205-5AFE-4950-A580-49BC167E08BD}.AppStore|iPhone.Build.0 = Release|Any CPU
		{26BF3205-5AFE-4950-A580-49BC167E08BD}.AppStore|iPhoneSimulator.ActiveCfg = Release|Any CPU
		{26BF3205-5AFE-4950-A580-49BC167E08BD}.AppStore|iPhoneSimulator.Build.0 = Release|Any CPU
		{26BF3205-5AFE-4950-A580-49BC167E08BD}.AppStore|x64.ActiveCfg = Release|Any CPU
		{26BF3205-5AFE-4950-A580-49BC167E08BD}.AppStore|x64.Build.0 = Release|Any CPU
		{26BF3205-5AFE-4950-A580-49BC167E08BD}.AppStore|x86.ActiveCfg = Release|Any CPU
		{26BF3205-5AFE-4950-A580-49BC167E08BD}.AppStore|x86.Build.0 = Release|Any CPU
		{26BF3205-5AFE-4950-A580-49BC167E08BD}.Debug|Any CPU.ActiveCfg = Debug|Any CPU
		{26BF3205-5AFE-4950-A580-49BC167E08BD}.Debug|Any CPU.Build.0 = Debug|Any CPU
		{26BF3205-5AFE-4950-A580-49BC167E08BD}.Debug|ARM.ActiveCfg = Debug|Any CPU
		{26BF3205-5AFE-4950-A580-49BC167E08BD}.Debug|ARM.Build.0 = Debug|Any CPU
		{26BF3205-5AFE-4950-A580-49BC167E08BD}.Debug|iPhone.ActiveCfg = Debug|Any CPU
		{26BF3205-5AFE-4950-A580-49BC167E08BD}.Debug|iPhone.Build.0 = Debug|Any CPU
		{26BF3205-5AFE-4950-A580-49BC167E08BD}.Debug|iPhoneSimulator.ActiveCfg = Debug|Any CPU
		{26BF3205-5AFE-4950-A580-49BC167E08BD}.Debug|iPhoneSimulator.Build.0 = Debug|Any CPU
		{26BF3205-5AFE-4950-A580-49BC167E08BD}.Debug|x64.ActiveCfg = Debug|Any CPU
		{26BF3205-5AFE-4950-A580-49BC167E08BD}.Debug|x64.Build.0 = Debug|Any CPU
		{26BF3205-5AFE-4950-A580-49BC167E08BD}.Debug|x86.ActiveCfg = Debug|Any CPU
		{26BF3205-5AFE-4950-A580-49BC167E08BD}.Debug|x86.Build.0 = Debug|Any CPU
		{26BF3205-5AFE-4950-A580-49BC167E08BD}.Release|Any CPU.ActiveCfg = Release|Any CPU
		{26BF3205-5AFE-4950-A580-49BC167E08BD}.Release|Any CPU.Build.0 = Release|Any CPU
		{26BF3205-5AFE-4950-A580-49BC167E08BD}.Release|ARM.ActiveCfg = Release|Any CPU
		{26BF3205-5AFE-4950-A580-49BC167E08BD}.Release|ARM.Build.0 = Release|Any CPU
		{26BF3205-5AFE-4950-A580-49BC167E08BD}.Release|iPhone.ActiveCfg = Release|Any CPU
		{26BF3205-5AFE-4950-A580-49BC167E08BD}.Release|iPhone.Build.0 = Release|Any CPU
		{26BF3205-5AFE-4950-A580-49BC167E08BD}.Release|iPhoneSimulator.ActiveCfg = Release|Any CPU
		{26BF3205-5AFE-4950-A580-49BC167E08BD}.Release|iPhoneSimulator.Build.0 = Release|Any CPU
		{26BF3205-5AFE-4950-A580-49BC167E08BD}.Release|x64.ActiveCfg = Release|Any CPU
		{26BF3205-5AFE-4950-A580-49BC167E08BD}.Release|x64.Build.0 = Release|Any CPU
		{26BF3205-5AFE-4950-A580-49BC167E08BD}.Release|x86.ActiveCfg = Release|Any CPU
		{26BF3205-5AFE-4950-A580-49BC167E08BD}.Release|x86.Build.0 = Release|Any CPU
		{090DFC0E-4719-41D6-B5D0-95F16037C816}.Ad-Hoc|Any CPU.ActiveCfg = Release|x86
		{090DFC0E-4719-41D6-B5D0-95F16037C816}.Ad-Hoc|Any CPU.Build.0 = Release|x86
		{090DFC0E-4719-41D6-B5D0-95F16037C816}.Ad-Hoc|Any CPU.Deploy.0 = Release|x86
		{090DFC0E-4719-41D6-B5D0-95F16037C816}.Ad-Hoc|ARM.ActiveCfg = Release|ARM
		{090DFC0E-4719-41D6-B5D0-95F16037C816}.Ad-Hoc|ARM.Build.0 = Release|ARM
		{090DFC0E-4719-41D6-B5D0-95F16037C816}.Ad-Hoc|ARM.Deploy.0 = Release|ARM
		{090DFC0E-4719-41D6-B5D0-95F16037C816}.Ad-Hoc|iPhone.ActiveCfg = Release|x86
		{090DFC0E-4719-41D6-B5D0-95F16037C816}.Ad-Hoc|iPhone.Build.0 = Release|x86
		{090DFC0E-4719-41D6-B5D0-95F16037C816}.Ad-Hoc|iPhone.Deploy.0 = Release|x86
		{090DFC0E-4719-41D6-B5D0-95F16037C816}.Ad-Hoc|iPhoneSimulator.ActiveCfg = Release|x86
		{090DFC0E-4719-41D6-B5D0-95F16037C816}.Ad-Hoc|iPhoneSimulator.Build.0 = Release|x86
		{090DFC0E-4719-41D6-B5D0-95F16037C816}.Ad-Hoc|iPhoneSimulator.Deploy.0 = Release|x86
		{090DFC0E-4719-41D6-B5D0-95F16037C816}.Ad-Hoc|x64.ActiveCfg = Release|x64
		{090DFC0E-4719-41D6-B5D0-95F16037C816}.Ad-Hoc|x64.Build.0 = Release|x64
		{090DFC0E-4719-41D6-B5D0-95F16037C816}.Ad-Hoc|x64.Deploy.0 = Release|x64
		{090DFC0E-4719-41D6-B5D0-95F16037C816}.Ad-Hoc|x86.ActiveCfg = Release|x86
		{090DFC0E-4719-41D6-B5D0-95F16037C816}.Ad-Hoc|x86.Build.0 = Release|x86
		{090DFC0E-4719-41D6-B5D0-95F16037C816}.Ad-Hoc|x86.Deploy.0 = Release|x86
		{090DFC0E-4719-41D6-B5D0-95F16037C816}.AppStore|Any CPU.ActiveCfg = Release|x86
		{090DFC0E-4719-41D6-B5D0-95F16037C816}.AppStore|Any CPU.Build.0 = Release|x86
		{090DFC0E-4719-41D6-B5D0-95F16037C816}.AppStore|Any CPU.Deploy.0 = Release|x86
		{090DFC0E-4719-41D6-B5D0-95F16037C816}.AppStore|ARM.ActiveCfg = Release|ARM
		{090DFC0E-4719-41D6-B5D0-95F16037C816}.AppStore|ARM.Build.0 = Release|ARM
		{090DFC0E-4719-41D6-B5D0-95F16037C816}.AppStore|ARM.Deploy.0 = Release|ARM
		{090DFC0E-4719-41D6-B5D0-95F16037C816}.AppStore|iPhone.ActiveCfg = Release|x86
		{090DFC0E-4719-41D6-B5D0-95F16037C816}.AppStore|iPhone.Build.0 = Release|x86
		{090DFC0E-4719-41D6-B5D0-95F16037C816}.AppStore|iPhone.Deploy.0 = Release|x86
		{090DFC0E-4719-41D6-B5D0-95F16037C816}.AppStore|iPhoneSimulator.ActiveCfg = Release|x86
		{090DFC0E-4719-41D6-B5D0-95F16037C816}.AppStore|iPhoneSimulator.Build.0 = Release|x86
		{090DFC0E-4719-41D6-B5D0-95F16037C816}.AppStore|iPhoneSimulator.Deploy.0 = Release|x86
		{090DFC0E-4719-41D6-B5D0-95F16037C816}.AppStore|x64.ActiveCfg = Release|x64
		{090DFC0E-4719-41D6-B5D0-95F16037C816}.AppStore|x64.Build.0 = Release|x64
		{090DFC0E-4719-41D6-B5D0-95F16037C816}.AppStore|x64.Deploy.0 = Release|x64
		{090DFC0E-4719-41D6-B5D0-95F16037C816}.AppStore|x86.ActiveCfg = Release|x86
		{090DFC0E-4719-41D6-B5D0-95F16037C816}.AppStore|x86.Build.0 = Release|x86
		{090DFC0E-4719-41D6-B5D0-95F16037C816}.AppStore|x86.Deploy.0 = Release|x86
		{090DFC0E-4719-41D6-B5D0-95F16037C816}.Debug|Any CPU.ActiveCfg = Debug|x86
		{090DFC0E-4719-41D6-B5D0-95F16037C816}.Debug|ARM.ActiveCfg = Debug|ARM
		{090DFC0E-4719-41D6-B5D0-95F16037C816}.Debug|ARM.Build.0 = Debug|ARM
		{090DFC0E-4719-41D6-B5D0-95F16037C816}.Debug|ARM.Deploy.0 = Debug|ARM
		{090DFC0E-4719-41D6-B5D0-95F16037C816}.Debug|iPhone.ActiveCfg = Debug|x86
		{090DFC0E-4719-41D6-B5D0-95F16037C816}.Debug|iPhoneSimulator.ActiveCfg = Debug|x86
		{090DFC0E-4719-41D6-B5D0-95F16037C816}.Debug|x64.ActiveCfg = Debug|x64
		{090DFC0E-4719-41D6-B5D0-95F16037C816}.Debug|x64.Build.0 = Debug|x64
		{090DFC0E-4719-41D6-B5D0-95F16037C816}.Debug|x64.Deploy.0 = Debug|x64
		{090DFC0E-4719-41D6-B5D0-95F16037C816}.Debug|x86.ActiveCfg = Debug|x86
		{090DFC0E-4719-41D6-B5D0-95F16037C816}.Debug|x86.Build.0 = Debug|x86
		{090DFC0E-4719-41D6-B5D0-95F16037C816}.Debug|x86.Deploy.0 = Debug|x86
		{090DFC0E-4719-41D6-B5D0-95F16037C816}.Release|Any CPU.ActiveCfg = Release|x86
		{090DFC0E-4719-41D6-B5D0-95F16037C816}.Release|ARM.ActiveCfg = Release|ARM
		{090DFC0E-4719-41D6-B5D0-95F16037C816}.Release|ARM.Build.0 = Release|ARM
		{090DFC0E-4719-41D6-B5D0-95F16037C816}.Release|ARM.Deploy.0 = Release|ARM
		{090DFC0E-4719-41D6-B5D0-95F16037C816}.Release|iPhone.ActiveCfg = Release|x86
		{090DFC0E-4719-41D6-B5D0-95F16037C816}.Release|iPhoneSimulator.ActiveCfg = Release|x86
		{090DFC0E-4719-41D6-B5D0-95F16037C816}.Release|x64.ActiveCfg = Release|x64
		{090DFC0E-4719-41D6-B5D0-95F16037C816}.Release|x64.Build.0 = Release|x64
		{090DFC0E-4719-41D6-B5D0-95F16037C816}.Release|x64.Deploy.0 = Release|x64
		{090DFC0E-4719-41D6-B5D0-95F16037C816}.Release|x86.ActiveCfg = Release|x86
		{090DFC0E-4719-41D6-B5D0-95F16037C816}.Release|x86.Build.0 = Release|x86
		{090DFC0E-4719-41D6-B5D0-95F16037C816}.Release|x86.Deploy.0 = Release|x86
		{5E3D0AF4-89F8-4FCB-9CD2-E7477CF7737E}.Ad-Hoc|Any CPU.ActiveCfg = Ad-Hoc|iPhone
		{5E3D0AF4-89F8-4FCB-9CD2-E7477CF7737E}.Ad-Hoc|ARM.ActiveCfg = Ad-Hoc|iPhone
		{5E3D0AF4-89F8-4FCB-9CD2-E7477CF7737E}.Ad-Hoc|iPhone.ActiveCfg = Ad-Hoc|iPhone
		{5E3D0AF4-89F8-4FCB-9CD2-E7477CF7737E}.Ad-Hoc|iPhone.Build.0 = Ad-Hoc|iPhone
		{5E3D0AF4-89F8-4FCB-9CD2-E7477CF7737E}.Ad-Hoc|iPhoneSimulator.ActiveCfg = Ad-Hoc|iPhoneSimulator
		{5E3D0AF4-89F8-4FCB-9CD2-E7477CF7737E}.Ad-Hoc|iPhoneSimulator.Build.0 = Ad-Hoc|iPhoneSimulator
		{5E3D0AF4-89F8-4FCB-9CD2-E7477CF7737E}.Ad-Hoc|x64.ActiveCfg = Ad-Hoc|iPhone
		{5E3D0AF4-89F8-4FCB-9CD2-E7477CF7737E}.Ad-Hoc|x86.ActiveCfg = Ad-Hoc|iPhone
		{5E3D0AF4-89F8-4FCB-9CD2-E7477CF7737E}.AppStore|Any CPU.ActiveCfg = AppStore|iPhone
		{5E3D0AF4-89F8-4FCB-9CD2-E7477CF7737E}.AppStore|ARM.ActiveCfg = AppStore|iPhone
		{5E3D0AF4-89F8-4FCB-9CD2-E7477CF7737E}.AppStore|iPhone.ActiveCfg = AppStore|iPhone
		{5E3D0AF4-89F8-4FCB-9CD2-E7477CF7737E}.AppStore|iPhone.Build.0 = AppStore|iPhone
		{5E3D0AF4-89F8-4FCB-9CD2-E7477CF7737E}.AppStore|iPhoneSimulator.ActiveCfg = AppStore|iPhoneSimulator
		{5E3D0AF4-89F8-4FCB-9CD2-E7477CF7737E}.AppStore|iPhoneSimulator.Build.0 = AppStore|iPhoneSimulator
		{5E3D0AF4-89F8-4FCB-9CD2-E7477CF7737E}.AppStore|x64.ActiveCfg = AppStore|iPhone
		{5E3D0AF4-89F8-4FCB-9CD2-E7477CF7737E}.AppStore|x86.ActiveCfg = AppStore|iPhone
		{5E3D0AF4-89F8-4FCB-9CD2-E7477CF7737E}.Debug|Any CPU.ActiveCfg = Debug|iPhone
		{5E3D0AF4-89F8-4FCB-9CD2-E7477CF7737E}.Debug|ARM.ActiveCfg = Debug|iPhone
		{5E3D0AF4-89F8-4FCB-9CD2-E7477CF7737E}.Debug|iPhone.ActiveCfg = Debug|iPhone
		{5E3D0AF4-89F8-4FCB-9CD2-E7477CF7737E}.Debug|iPhone.Build.0 = Debug|iPhone
		{5E3D0AF4-89F8-4FCB-9CD2-E7477CF7737E}.Debug|iPhoneSimulator.ActiveCfg = Debug|iPhoneSimulator
		{5E3D0AF4-89F8-4FCB-9CD2-E7477CF7737E}.Debug|iPhoneSimulator.Build.0 = Debug|iPhoneSimulator
		{5E3D0AF4-89F8-4FCB-9CD2-E7477CF7737E}.Debug|x64.ActiveCfg = Debug|iPhone
		{5E3D0AF4-89F8-4FCB-9CD2-E7477CF7737E}.Debug|x86.ActiveCfg = Debug|iPhone
		{5E3D0AF4-89F8-4FCB-9CD2-E7477CF7737E}.Release|Any CPU.ActiveCfg = Release|iPhone
		{5E3D0AF4-89F8-4FCB-9CD2-E7477CF7737E}.Release|ARM.ActiveCfg = Release|iPhone
		{5E3D0AF4-89F8-4FCB-9CD2-E7477CF7737E}.Release|iPhone.ActiveCfg = Release|iPhone
		{5E3D0AF4-89F8-4FCB-9CD2-E7477CF7737E}.Release|iPhone.Build.0 = Release|iPhone
		{5E3D0AF4-89F8-4FCB-9CD2-E7477CF7737E}.Release|iPhoneSimulator.ActiveCfg = Release|iPhoneSimulator
		{5E3D0AF4-89F8-4FCB-9CD2-E7477CF7737E}.Release|iPhoneSimulator.Build.0 = Release|iPhoneSimulator
		{5E3D0AF4-89F8-4FCB-9CD2-E7477CF7737E}.Release|x64.ActiveCfg = Release|iPhone
		{5E3D0AF4-89F8-4FCB-9CD2-E7477CF7737E}.Release|x86.ActiveCfg = Release|iPhone
	EndGlobalSection
	GlobalSection(SolutionProperties) = preSolution
		HideSolutionNode = FALSE
	EndGlobalSection
EndGlobal
